// !$*UTF8*$!
{
	archiveVersion = 1;
	classes = {
	};
	objectVersion = 56;
	objects = {

/* Begin PBXBuildFile section */
		05288DFB2ACFBEF1002328AB /* image_matchingApp.swift in Sources */ = {isa = PBXBuildFile; fileRef = 05288DFA2ACFBEF1002328AB /* image_matchingApp.swift */; };
		05288DFD2ACFBEF1002328AB /* ContentView.swift in Sources */ = {isa = PBXBuildFile; fileRef = 05288DFC2ACFBEF1002328AB /* ContentView.swift */; };
		05288DFF2ACFBEF3002328AB /* Assets.xcassets in Resources */ = {isa = PBXBuildFile; fileRef = 05288DFE2ACFBEF3002328AB /* Assets.xcassets */; };
		05288E022ACFBEF3002328AB /* Preview Assets.xcassets in Resources */ = {isa = PBXBuildFile; fileRef = 05288E012ACFBEF3002328AB /* Preview Assets.xcassets */; };
		05BF20702AD67ED700BA9EA5 /* cat-hat-brown.json in Resources */ = {isa = PBXBuildFile; fileRef = 05BF206A2AD67ED700BA9EA5 /* cat-hat-brown.json */; };
		05BF20712AD67ED700BA9EA5 /* cat-hat-navy.json in Resources */ = {isa = PBXBuildFile; fileRef = 05BF206B2AD67ED700BA9EA5 /* cat-hat-navy.json */; };
		05BF20722AD67ED700BA9EA5 /* cat-hat-blue.json in Resources */ = {isa = PBXBuildFile; fileRef = 05BF206C2AD67ED700BA9EA5 /* cat-hat-blue.json */; };
		05BF20732AD67ED700BA9EA5 /* cat-hat-sage.json in Resources */ = {isa = PBXBuildFile; fileRef = 05BF206D2AD67ED700BA9EA5 /* cat-hat-sage.json */; };
		05BF20742AD67ED700BA9EA5 /* cat-hat-lilac.json in Resources */ = {isa = PBXBuildFile; fileRef = 05BF206E2AD67ED700BA9EA5 /* cat-hat-lilac.json */; };
		05BF20752AD67ED700BA9EA5 /* cat-hat-red.json in Resources */ = {isa = PBXBuildFile; fileRef = 05BF206F2AD67ED700BA9EA5 /* cat-hat-red.json */; };
		05BF20772AD6812A00BA9EA5 /* bg-rain.json in Resources */ = {isa = PBXBuildFile; fileRef = 05BF20762AD6812A00BA9EA5 /* bg-rain.json */; };
		05BF20792AD681F600BA9EA5 /* bg-forest.json in Resources */ = {isa = PBXBuildFile; fileRef = 05BF20782AD681F600BA9EA5 /* bg-forest.json */; };
		05EF4FF42AD2E20400C91823 /* Lottie.swift in Sources */ = {isa = PBXBuildFile; fileRef = 05EF4FF32AD2E20400C91823 /* Lottie.swift */; };
		05EF4FF92AD2E45400C91823 /* animation-test.json in Resources */ = {isa = PBXBuildFile; fileRef = 05EF4FF82AD2E45400C91823 /* animation-test.json */; };
		05EF4FFB2AD2E6BC00C91823 /* animation-test2.json in Resources */ = {isa = PBXBuildFile; fileRef = 05EF4FFA2AD2E6BC00C91823 /* animation-test2.json */; };
		05EF50012AD2F0D400C91823 /* Lottie in Frameworks */ = {isa = PBXBuildFile; productRef = 05EF50002AD2F0D400C91823 /* Lottie */; };
/* End PBXBuildFile section */

/* Begin PBXFileReference section */
		05288DF72ACFBEF1002328AB /* lottie-test.app */ = {isa = PBXFileReference; explicitFileType = wrapper.application; includeInIndex = 0; path = "lottie-test.app"; sourceTree = BUILT_PRODUCTS_DIR; };
		05288DFA2ACFBEF1002328AB /* image_matchingApp.swift */ = {isa = PBXFileReference; lastKnownFileType = sourcecode.swift; path = image_matchingApp.swift; sourceTree = "<group>"; };
		05288DFC2ACFBEF1002328AB /* ContentView.swift */ = {isa = PBXFileReference; lastKnownFileType = sourcecode.swift; path = ContentView.swift; sourceTree = "<group>"; };
		05288DFE2ACFBEF3002328AB /* Assets.xcassets */ = {isa = PBXFileReference; lastKnownFileType = folder.assetcatalog; path = Assets.xcassets; sourceTree = "<group>"; };
		05288E012ACFBEF3002328AB /* Preview Assets.xcassets */ = {isa = PBXFileReference; lastKnownFileType = folder.assetcatalog; path = "Preview Assets.xcassets"; sourceTree = "<group>"; };
		05BF206A2AD67ED700BA9EA5 /* cat-hat-brown.json */ = {isa = PBXFileReference; fileEncoding = 4; lastKnownFileType = text.json; path = "cat-hat-brown.json"; sourceTree = "<group>"; };
		05BF206B2AD67ED700BA9EA5 /* cat-hat-navy.json */ = {isa = PBXFileReference; fileEncoding = 4; lastKnownFileType = text.json; path = "cat-hat-navy.json"; sourceTree = "<group>"; };
		05BF206C2AD67ED700BA9EA5 /* cat-hat-blue.json */ = {isa = PBXFileReference; fileEncoding = 4; lastKnownFileType = text.json; path = "cat-hat-blue.json"; sourceTree = "<group>"; };
		05BF206D2AD67ED700BA9EA5 /* cat-hat-sage.json */ = {isa = PBXFileReference; fileEncoding = 4; lastKnownFileType = text.json; path = "cat-hat-sage.json"; sourceTree = "<group>"; };
		05BF206E2AD67ED700BA9EA5 /* cat-hat-lilac.json */ = {isa = PBXFileReference; fileEncoding = 4; lastKnownFileType = text.json; path = "cat-hat-lilac.json"; sourceTree = "<group>"; };
		05BF206F2AD67ED700BA9EA5 /* cat-hat-red.json */ = {isa = PBXFileReference; fileEncoding = 4; lastKnownFileType = text.json; path = "cat-hat-red.json"; sourceTree = "<group>"; };
		05BF20762AD6812A00BA9EA5 /* bg-rain.json */ = {isa = PBXFileReference; fileEncoding = 4; lastKnownFileType = text.json; path = "bg-rain.json"; sourceTree = "<group>"; };
		05BF20782AD681F600BA9EA5 /* bg-forest.json */ = {isa = PBXFileReference; fileEncoding = 4; lastKnownFileType = text.json; path = "bg-forest.json"; sourceTree = "<group>"; };
		05EF4FF32AD2E20400C91823 /* Lottie.swift */ = {isa = PBXFileReference; lastKnownFileType = sourcecode.swift; path = Lottie.swift; sourceTree = "<group>"; };
		05EF4FF82AD2E45400C91823 /* animation-test.json */ = {isa = PBXFileReference; fileEncoding = 4; lastKnownFileType = text.json; path = "animation-test.json"; sourceTree = "<group>"; };
		05EF4FFA2AD2E6BC00C91823 /* animation-test2.json */ = {isa = PBXFileReference; fileEncoding = 4; lastKnownFileType = text.json; path = "animation-test2.json"; sourceTree = "<group>"; };
/* End PBXFileReference section */

/* Begin PBXFrameworksBuildPhase section */
		05288DF42ACFBEF1002328AB /* Frameworks */ = {
			isa = PBXFrameworksBuildPhase;
			buildActionMask = 2147483647;
			files = (
				05EF50012AD2F0D400C91823 /* Lottie in Frameworks */,
			);
			runOnlyForDeploymentPostprocessing = 0;
		};
/* End PBXFrameworksBuildPhase section */

/* Begin PBXGroup section */
		05288DEE2ACFBEF1002328AB = {
			isa = PBXGroup;
			children = (
				05288DF92ACFBEF1002328AB /* image-matching */,
				05288DF82ACFBEF1002328AB /* Products */,
				05EF4FFC2AD2F07D00C91823 /* Frameworks */,
			);
			sourceTree = "<group>";
		};
		05288DF82ACFBEF1002328AB /* Products */ = {
			isa = PBXGroup;
			children = (
				05288DF72ACFBEF1002328AB /* lottie-test.app */,
			);
			name = Products;
			sourceTree = "<group>";
		};
		05288DF92ACFBEF1002328AB /* image-matching */ = {
			isa = PBXGroup;
			children = (
				05BF206C2AD67ED700BA9EA5 /* cat-hat-blue.json */,
				05BF206A2AD67ED700BA9EA5 /* cat-hat-brown.json */,
				05BF206E2AD67ED700BA9EA5 /* cat-hat-lilac.json */,
				05BF206B2AD67ED700BA9EA5 /* cat-hat-navy.json */,
				05BF206F2AD67ED700BA9EA5 /* cat-hat-red.json */,
				05BF206D2AD67ED700BA9EA5 /* cat-hat-sage.json */,
				05BF20762AD6812A00BA9EA5 /* bg-rain.json */,
				05288DFA2ACFBEF1002328AB /* image_matchingApp.swift */,
				05288DFC2ACFBEF1002328AB /* ContentView.swift */,
				05BF20782AD681F600BA9EA5 /* bg-forest.json */,
				05EF4FF32AD2E20400C91823 /* Lottie.swift */,
				05288DFE2ACFBEF3002328AB /* Assets.xcassets */,
				05EF4FF82AD2E45400C91823 /* animation-test.json */,
				05EF4FFA2AD2E6BC00C91823 /* animation-test2.json */,
				05288E002ACFBEF3002328AB /* Preview Content */,
			);
			path = "image-matching";
			sourceTree = "<group>";
		};
		05288E002ACFBEF3002328AB /* Preview Content */ = {
			isa = PBXGroup;
			children = (
				05288E012ACFBEF3002328AB /* Preview Assets.xcassets */,
			);
			path = "Preview Content";
			sourceTree = "<group>";
		};
		05EF4FFC2AD2F07D00C91823 /* Frameworks */ = {
			isa = PBXGroup;
			children = (
			);
			name = Frameworks;
			sourceTree = "<group>";
		};
/* End PBXGroup section */

/* Begin PBXNativeTarget section */
		05288DF62ACFBEF1002328AB /* lottie-test */ = {
			isa = PBXNativeTarget;
			buildConfigurationList = 05288E052ACFBEF3002328AB /* Build configuration list for PBXNativeTarget "lottie-test" */;
			buildPhases = (
				05288DF32ACFBEF1002328AB /* Sources */,
				05288DF42ACFBEF1002328AB /* Frameworks */,
				05288DF52ACFBEF1002328AB /* Resources */,
			);
			buildRules = (
			);
			dependencies = (
			);
			name = "lottie-test";
			packageProductDependencies = (
				05EF50002AD2F0D400C91823 /* Lottie */,
			);
			productName = "image-matching";
			productReference = 05288DF72ACFBEF1002328AB /* lottie-test.app */;
			productType = "com.apple.product-type.application";
		};
/* End PBXNativeTarget section */

/* Begin PBXProject section */
		05288DEF2ACFBEF1002328AB /* Project object */ = {
			isa = PBXProject;
			attributes = {
				BuildIndependentTargetsInParallel = 1;
				LastSwiftUpdateCheck = 1500;
				LastUpgradeCheck = 1500;
				TargetAttributes = {
					05288DF62ACFBEF1002328AB = {
						CreatedOnToolsVersion = 15.0;
					};
				};
			};
			buildConfigurationList = 05288DF22ACFBEF1002328AB /* Build configuration list for PBXProject "lottie-test" */;
			compatibilityVersion = "Xcode 14.0";
			developmentRegion = en;
			hasScannedForEncodings = 0;
			knownRegions = (
				en,
				Base,
			);
			mainGroup = 05288DEE2ACFBEF1002328AB;
			packageReferences = (
				05EF4FFF2AD2F0D400C91823 /* XCRemoteSwiftPackageReference "lottie-ios" */,
			);
			productRefGroup = 05288DF82ACFBEF1002328AB /* Products */;
			projectDirPath = "";
			projectRoot = "";
			targets = (
				05288DF62ACFBEF1002328AB /* lottie-test */,
			);
		};
/* End PBXProject section */

/* Begin PBXResourcesBuildPhase section */
		05288DF52ACFBEF1002328AB /* Resources */ = {
			isa = PBXResourcesBuildPhase;
			buildActionMask = 2147483647;
			files = (
				05BF20732AD67ED700BA9EA5 /* cat-hat-sage.json in Resources */,
				05EF4FF92AD2E45400C91823 /* animation-test.json in Resources */,
				05288E022ACFBEF3002328AB /* Preview Assets.xcassets in Resources */,
				05BF20702AD67ED700BA9EA5 /* cat-hat-brown.json in Resources */,
				05BF20722AD67ED700BA9EA5 /* cat-hat-blue.json in Resources */,
				05288DFF2ACFBEF3002328AB /* Assets.xcassets in Resources */,
				05BF20712AD67ED700BA9EA5 /* cat-hat-navy.json in Resources */,
				05BF20792AD681F600BA9EA5 /* bg-forest.json in Resources */,
				05EF4FFB2AD2E6BC00C91823 /* animation-test2.json in Resources */,
				05BF20752AD67ED700BA9EA5 /* cat-hat-red.json in Resources */,
				05BF20772AD6812A00BA9EA5 /* bg-rain.json in Resources */,
				05BF20742AD67ED700BA9EA5 /* cat-hat-lilac.json in Resources */,
			);
			runOnlyForDeploymentPostprocessing = 0;
		};
/* End PBXResourcesBuildPhase section */

/* Begin PBXSourcesBuildPhase section */
		05288DF32ACFBEF1002328AB /* Sources */ = {
			isa = PBXSourcesBuildPhase;
			buildActionMask = 2147483647;
			files = (
				05288DFD2ACFBEF1002328AB /* ContentView.swift in Sources */,
				05288DFB2ACFBEF1002328AB /* image_matchingApp.swift in Sources */,
				05EF4FF42AD2E20400C91823 /* Lottie.swift in Sources */,
			);
			runOnlyForDeploymentPostprocessing = 0;
		};
/* End PBXSourcesBuildPhase section */

/* Begin XCBuildConfiguration section */
		05288E032ACFBEF3002328AB /* Debug */ = {
			isa = XCBuildConfiguration;
			buildSettings = {
				ALWAYS_SEARCH_USER_PATHS = NO;
				ASSETCATALOG_COMPILER_GENERATE_SWIFT_ASSET_SYMBOL_EXTENSIONS = YES;
				CLANG_ANALYZER_NONNULL = YES;
				CLANG_ANALYZER_NUMBER_OBJECT_CONVERSION = YES_AGGRESSIVE;
				CLANG_CXX_LANGUAGE_STANDARD = "gnu++20";
				CLANG_ENABLE_MODULES = YES;
				CLANG_ENABLE_OBJC_ARC = YES;
				CLANG_ENABLE_OBJC_WEAK = YES;
				CLANG_WARN_BLOCK_CAPTURE_AUTORELEASING = YES;
				CLANG_WARN_BOOL_CONVERSION = YES;
				CLANG_WARN_COMMA = YES;
				CLANG_WARN_CONSTANT_CONVERSION = YES;
				CLANG_WARN_DEPRECATED_OBJC_IMPLEMENTATIONS = YES;
				CLANG_WARN_DIRECT_OBJC_ISA_USAGE = YES_ERROR;
				CLANG_WARN_DOCUMENTATION_COMMENTS = YES;
				CLANG_WARN_EMPTY_BODY = YES;
				CLANG_WARN_ENUM_CONVERSION = YES;
				CLANG_WARN_INFINITE_RECURSION = YES;
				CLANG_WARN_INT_CONVERSION = YES;
				CLANG_WARN_NON_LITERAL_NULL_CONVERSION = YES;
				CLANG_WARN_OBJC_IMPLICIT_RETAIN_SELF = YES;
				CLANG_WARN_OBJC_LITERAL_CONVERSION = YES;
				CLANG_WARN_OBJC_ROOT_CLASS = YES_ERROR;
				CLANG_WARN_QUOTED_INCLUDE_IN_FRAMEWORK_HEADER = YES;
				CLANG_WARN_RANGE_LOOP_ANALYSIS = YES;
				CLANG_WARN_STRICT_PROTOTYPES = YES;
				CLANG_WARN_SUSPICIOUS_MOVE = YES;
				CLANG_WARN_UNGUARDED_AVAILABILITY = YES_AGGRESSIVE;
				CLANG_WARN_UNREACHABLE_CODE = YES;
				CLANG_WARN__DUPLICATE_METHOD_MATCH = YES;
				COPY_PHASE_STRIP = NO;
				DEBUG_INFORMATION_FORMAT = dwarf;
				ENABLE_STRICT_OBJC_MSGSEND = YES;
				ENABLE_TESTABILITY = YES;
				ENABLE_USER_SCRIPT_SANDBOXING = YES;
				GCC_C_LANGUAGE_STANDARD = gnu17;
				GCC_DYNAMIC_NO_PIC = NO;
				GCC_NO_COMMON_BLOCKS = YES;
				GCC_OPTIMIZATION_LEVEL = 0;
				GCC_PREPROCESSOR_DEFINITIONS = (
					"DEBUG=1",
					"$(inherited)",
				);
				GCC_WARN_64_TO_32_BIT_CONVERSION = YES;
				GCC_WARN_ABOUT_RETURN_TYPE = YES_ERROR;
				GCC_WARN_UNDECLARED_SELECTOR = YES;
				GCC_WARN_UNINITIALIZED_AUTOS = YES_AGGRESSIVE;
				GCC_WARN_UNUSED_FUNCTION = YES;
				GCC_WARN_UNUSED_VARIABLE = YES;
				IPHONEOS_DEPLOYMENT_TARGET = 17.0;
				LOCALIZATION_PREFERS_STRING_CATALOGS = YES;
				MTL_ENABLE_DEBUG_INFO = INCLUDE_SOURCE;
				MTL_FAST_MATH = YES;
				ONLY_ACTIVE_ARCH = YES;
				SDKROOT = iphoneos;
				SWIFT_ACTIVE_COMPILATION_CONDITIONS = "DEBUG $(inherited)";
				SWIFT_OPTIMIZATION_LEVEL = "-Onone";
			};
			name = Debug;
		};
		05288E042ACFBEF3002328AB /* Release */ = {
			isa = XCBuildConfiguration;
			buildSettings = {
				ALWAYS_SEARCH_USER_PATHS = NO;
				ASSETCATALOG_COMPILER_GENERATE_SWIFT_ASSET_SYMBOL_EXTENSIONS = YES;
				CLANG_ANALYZER_NONNULL = YES;
				CLANG_ANALYZER_NUMBER_OBJECT_CONVERSION = YES_AGGRESSIVE;
				CLANG_CXX_LANGUAGE_STANDARD = "gnu++20";
				CLANG_ENABLE_MODULES = YES;
				CLANG_ENABLE_OBJC_ARC = YES;
				CLANG_ENABLE_OBJC_WEAK = YES;
				CLANG_WARN_BLOCK_CAPTURE_AUTORELEASING = YES;
				CLANG_WARN_BOOL_CONVERSION = YES;
				CLANG_WARN_COMMA = YES;
				CLANG_WARN_CONSTANT_CONVERSION = YES;
				CLANG_WARN_DEPRECATED_OBJC_IMPLEMENTATIONS = YES;
				CLANG_WARN_DIRECT_OBJC_ISA_USAGE = YES_ERROR;
				CLANG_WARN_DOCUMENTATION_COMMENTS = YES;
				CLANG_WARN_EMPTY_BODY = YES;
				CLANG_WARN_ENUM_CONVERSION = YES;
				CLANG_WARN_INFINITE_RECURSION = YES;
				CLANG_WARN_INT_CONVERSION = YES;
				CLANG_WARN_NON_LITERAL_NULL_CONVERSION = YES;
				CLANG_WARN_OBJC_IMPLICIT_RETAIN_SELF = YES;
				CLANG_WARN_OBJC_LITERAL_CONVERSION = YES;
				CLANG_WARN_OBJC_ROOT_CLASS = YES_ERROR;
				CLANG_WARN_QUOTED_INCLUDE_IN_FRAMEWORK_HEADER = YES;
				CLANG_WARN_RANGE_LOOP_ANALYSIS = YES;
				CLANG_WARN_STRICT_PROTOTYPES = YES;
				CLANG_WARN_SUSPICIOUS_MOVE = YES;
				CLANG_WARN_UNGUARDED_AVAILABILITY = YES_AGGRESSIVE;
				CLANG_WARN_UNREACHABLE_CODE = YES;
				CLANG_WARN__DUPLICATE_METHOD_MATCH = YES;
				COPY_PHASE_STRIP = NO;
				DEBUG_INFORMATION_FORMAT = "dwarf-with-dsym";
				ENABLE_NS_ASSERTIONS = NO;
				ENABLE_STRICT_OBJC_MSGSEND = YES;
				ENABLE_USER_SCRIPT_SANDBOXING = YES;
				GCC_C_LANGUAGE_STANDARD = gnu17;
				GCC_NO_COMMON_BLOCKS = YES;
				GCC_WARN_64_TO_32_BIT_CONVERSION = YES;
				GCC_WARN_ABOUT_RETURN_TYPE = YES_ERROR;
				GCC_WARN_UNDECLARED_SELECTOR = YES;
				GCC_WARN_UNINITIALIZED_AUTOS = YES_AGGRESSIVE;
				GCC_WARN_UNUSED_FUNCTION = YES;
				GCC_WARN_UNUSED_VARIABLE = YES;
				IPHONEOS_DEPLOYMENT_TARGET = 17.0;
				LOCALIZATION_PREFERS_STRING_CATALOGS = YES;
				MTL_ENABLE_DEBUG_INFO = NO;
				MTL_FAST_MATH = YES;
				SDKROOT = iphoneos;
				SWIFT_COMPILATION_MODE = wholemodule;
				VALIDATE_PRODUCT = YES;
			};
			name = Release;
		};
		05288E062ACFBEF3002328AB /* Debug */ = {
			isa = XCBuildConfiguration;
			buildSettings = {
				ASSETCATALOG_COMPILER_APPICON_NAME = AppIcon;
				ASSETCATALOG_COMPILER_GLOBAL_ACCENT_COLOR_NAME = AccentColor;
				CODE_SIGN_STYLE = Automatic;
				CURRENT_PROJECT_VERSION = 1;
				DEVELOPMENT_ASSET_PATHS = "\"image-matching/Preview Content\"";
				DEVELOPMENT_TEAM = 45ZWLX2CYQ;
				ENABLE_PREVIEWS = YES;
				GENERATE_INFOPLIST_FILE = YES;
				INFOPLIST_KEY_UIApplicationSceneManifest_Generation = YES;
				INFOPLIST_KEY_UIApplicationSupportsIndirectInputEvents = YES;
				INFOPLIST_KEY_UILaunchScreen_Generation = YES;
				INFOPLIST_KEY_UISupportedInterfaceOrientations_iPad = "UIInterfaceOrientationPortrait UIInterfaceOrientationPortraitUpsideDown UIInterfaceOrientationLandscapeLeft UIInterfaceOrientationLandscapeRight";
				INFOPLIST_KEY_UISupportedInterfaceOrientations_iPhone = "UIInterfaceOrientationPortrait UIInterfaceOrientationLandscapeLeft UIInterfaceOrientationLandscapeRight";
				LD_RUNPATH_SEARCH_PATHS = (
					"$(inherited)",
					"@executable_path/Frameworks",
				);
				MARKETING_VERSION = 1.0;
				PRODUCT_BUNDLE_IDENTIFIER = "com.bt6.image-matching";
				PRODUCT_NAME = "$(TARGET_NAME)";
				SWIFT_EMIT_LOC_STRINGS = YES;
				SWIFT_VERSION = 5.0;
				TARGETED_DEVICE_FAMILY = "1,2";
			};
			name = Debug;
		};
		05288E072ACFBEF3002328AB /* Release */ = {
			isa = XCBuildConfiguration;
			buildSettings = {
				ASSETCATALOG_COMPILER_APPICON_NAME = AppIcon;
				ASSETCATALOG_COMPILER_GLOBAL_ACCENT_COLOR_NAME = AccentColor;
				CODE_SIGN_STYLE = Automatic;
				CURRENT_PROJECT_VERSION = 1;
				DEVELOPMENT_ASSET_PATHS = "\"image-matching/Preview Content\"";
				DEVELOPMENT_TEAM = 45ZWLX2CYQ;
				ENABLE_PREVIEWS = YES;
				GENERATE_INFOPLIST_FILE = YES;
				INFOPLIST_KEY_UIApplicationSceneManifest_Generation = YES;
				INFOPLIST_KEY_UIApplicationSupportsIndirectInputEvents = YES;
				INFOPLIST_KEY_UILaunchScreen_Generation = YES;
				INFOPLIST_KEY_UISupportedInterfaceOrientations_iPad = "UIInterfaceOrientationPortrait UIInterfaceOrientationPortraitUpsideDown UIInterfaceOrientationLandscapeLeft UIInterfaceOrientationLandscapeRight";
				INFOPLIST_KEY_UISupportedInterfaceOrientations_iPhone = "UIInterfaceOrientationPortrait UIInterfaceOrientationLandscapeLeft UIInterfaceOrientationLandscapeRight";
				LD_RUNPATH_SEARCH_PATHS = (
					"$(inherited)",
					"@executable_path/Frameworks",
				);
				MARKETING_VERSION = 1.0;
				PRODUCT_BUNDLE_IDENTIFIER = "com.bt6.image-matching";
				PRODUCT_NAME = "$(TARGET_NAME)";
				SWIFT_EMIT_LOC_STRINGS = YES;
				SWIFT_VERSION = 5.0;
				TARGETED_DEVICE_FAMILY = "1,2";
			};
			name = Release;
		};
/* End XCBuildConfiguration section */

/* Begin XCConfigurationList section */
		05288DF22ACFBEF1002328AB /* Build configuration list for PBXProject "lottie-test" */ = {
			isa = XCConfigurationList;
			buildConfigurations = (
				05288E032ACFBEF3002328AB /* Debug */,
				05288E042ACFBEF3002328AB /* Release */,
			);
			defaultConfigurationIsVisible = 0;
			defaultConfigurationName = Release;
		};
		05288E052ACFBEF3002328AB /* Build configuration list for PBXNativeTarget "lottie-test" */ = {
			isa = XCConfigurationList;
			buildConfigurations = (
				05288E062ACFBEF3002328AB /* Debug */,
				05288E072ACFBEF3002328AB /* Release */,
			);
			defaultConfigurationIsVisible = 0;
			defaultConfigurationName = Release;
		};
/* End XCConfigurationList section */

/* Begin XCRemoteSwiftPackageReference section */
		05EF4FFF2AD2F0D400C91823 /* XCRemoteSwiftPackageReference "lottie-ios" */ = {
			isa = XCRemoteSwiftPackageReference;
			repositoryURL = "https://github.com/airbnb/lottie-ios.git";
			requirement = {
				kind = upToNextMajorVersion;
				minimumVersion = 4.3.3;
			};
		};
/* End XCRemoteSwiftPackageReference section */

/* Begin XCSwiftPackageProductDependency section */
		05EF50002AD2F0D400C91823 /* Lottie */ = {
			isa = XCSwiftPackageProductDependency;
			package = 05EF4FFF2AD2F0D400C91823 /* XCRemoteSwiftPackageReference "lottie-ios" */;
			productName = Lottie;
		};
/* End XCSwiftPackageProductDependency section */
	};
	rootObject = 05288DEF2ACFBEF1002328AB /* Project object */;
}
