// !$*UTF8*$!
{
	archiveVersion = 1;
	classes = {
	};
	objectVersion = 56;
	objects = {

/* Begin PBXBuildFile section */
		052691002AD7D50600AAD53E /* Mp4Controller.swift in Sources */ = {isa = PBXBuildFile; fileRef = 052690FF2AD7D50600AAD53E /* Mp4Controller.swift */; };
		052691022AD7D53800AAD53E /* E_Bisindo.mp4 in Resources */ = {isa = PBXBuildFile; fileRef = 052691012AD7D53800AAD53E /* E_Bisindo.mp4 */; };
		052691052AD7D54A00AAD53E /* AVKit.framework in Frameworks */ = {isa = PBXBuildFile; fileRef = 052691042AD7D54A00AAD53E /* AVKit.framework */; };
		052691072AD7D69A00AAD53E /* F_Bisindo.mp4 in Resources */ = {isa = PBXBuildFile; fileRef = 052691062AD7D69A00AAD53E /* F_Bisindo.mp4 */; };
		05CCCE482AD69451004F454B /* cat-hat-blue.json in Resources */ = {isa = PBXBuildFile; fileRef = 05CCCE412AD69450004F454B /* cat-hat-blue.json */; };
		05CCCE492AD69451004F454B /* cat-hat-sage.json in Resources */ = {isa = PBXBuildFile; fileRef = 05CCCE422AD69451004F454B /* cat-hat-sage.json */; };
		05CCCE4A2AD69451004F454B /* cat-hat-red.json in Resources */ = {isa = PBXBuildFile; fileRef = 05CCCE432AD69451004F454B /* cat-hat-red.json */; };
		05CCCE4B2AD69451004F454B /* cat-hat-lilac.json in Resources */ = {isa = PBXBuildFile; fileRef = 05CCCE442AD69451004F454B /* cat-hat-lilac.json */; };
		05CCCE4D2AD69451004F454B /* cat-hat-navy.json in Resources */ = {isa = PBXBuildFile; fileRef = 05CCCE462AD69451004F454B /* cat-hat-navy.json */; };
		05CCCE4E2AD69451004F454B /* cat-hat-brown.json in Resources */ = {isa = PBXBuildFile; fileRef = 05CCCE472AD69451004F454B /* cat-hat-brown.json */; };
		05CCCE502AD69458004F454B /* Lottie.swift in Sources */ = {isa = PBXBuildFile; fileRef = 05CCCE4F2AD69458004F454B /* Lottie.swift */; };
		05CCCE532AD6945E004F454B /* animation-test.json in Resources */ = {isa = PBXBuildFile; fileRef = 05CCCE512AD6945E004F454B /* animation-test.json */; };
		05CCCE542AD6945E004F454B /* animation-test2.json in Resources */ = {isa = PBXBuildFile; fileRef = 05CCCE522AD6945E004F454B /* animation-test2.json */; };
		05CCCE572AD69482004F454B /* Lottie in Frameworks */ = {isa = PBXBuildFile; productRef = 05CCCE562AD69482004F454B /* Lottie */; };
		D42BA3F82AD476BD004666E0 /* WordDragDropApp.swift in Sources */ = {isa = PBXBuildFile; fileRef = D42BA3F72AD476BD004666E0 /* WordDragDropApp.swift */; };
		D42BA3FA2AD476BD004666E0 /* ContentView.swift in Sources */ = {isa = PBXBuildFile; fileRef = D42BA3F92AD476BD004666E0 /* ContentView.swift */; };
		D42BA3FC2AD476BF004666E0 /* Assets.xcassets in Resources */ = {isa = PBXBuildFile; fileRef = D42BA3FB2AD476BF004666E0 /* Assets.xcassets */; };
		D42BA3FF2AD476BF004666E0 /* Preview Assets.xcassets in Resources */ = {isa = PBXBuildFile; fileRef = D42BA3FE2AD476BF004666E0 /* Preview Assets.xcassets */; };
		D42BA4012AD476BF004666E0 /* Persistence.swift in Sources */ = {isa = PBXBuildFile; fileRef = D42BA4002AD476BF004666E0 /* Persistence.swift */; };
		D42BA4042AD476BF004666E0 /* WordDragDrop.xcdatamodeld in Sources */ = {isa = PBXBuildFile; fileRef = D42BA4022AD476BF004666E0 /* WordDragDrop.xcdatamodeld */; };
		D42BA40B2AD4771A004666E0 /* LearningModule.swift in Sources */ = {isa = PBXBuildFile; fileRef = D42BA40A2AD4771A004666E0 /* LearningModule.swift */; };
		D42BA40D2AD4772D004666E0 /* Word.swift in Sources */ = {isa = PBXBuildFile; fileRef = D42BA40C2AD4772D004666E0 /* Word.swift */; };
/* End PBXBuildFile section */

/* Begin PBXFileReference section */
		052690FF2AD7D50600AAD53E /* Mp4Controller.swift */ = {isa = PBXFileReference; lastKnownFileType = sourcecode.swift; path = Mp4Controller.swift; sourceTree = "<group>"; };
		052691012AD7D53800AAD53E /* E_Bisindo.mp4 */ = {isa = PBXFileReference; lastKnownFileType = file; path = E_Bisindo.mp4; sourceTree = "<group>"; };
		052691042AD7D54A00AAD53E /* AVKit.framework */ = {isa = PBXFileReference; lastKnownFileType = wrapper.framework; name = AVKit.framework; path = System/Library/Frameworks/AVKit.framework; sourceTree = SDKROOT; };
		052691062AD7D69A00AAD53E /* F_Bisindo.mp4 */ = {isa = PBXFileReference; lastKnownFileType = file; path = F_Bisindo.mp4; sourceTree = "<group>"; };
		05CCCE412AD69450004F454B /* cat-hat-blue.json */ = {isa = PBXFileReference; fileEncoding = 4; lastKnownFileType = text.json; name = "cat-hat-blue.json"; path = "WordDragDrop/Animation/cat-hat-blue.json"; sourceTree = SOURCE_ROOT; };
		05CCCE422AD69451004F454B /* cat-hat-sage.json */ = {isa = PBXFileReference; fileEncoding = 4; lastKnownFileType = text.json; name = "cat-hat-sage.json"; path = "WordDragDrop/Animation/cat-hat-sage.json"; sourceTree = SOURCE_ROOT; };
		05CCCE432AD69451004F454B /* cat-hat-red.json */ = {isa = PBXFileReference; fileEncoding = 4; lastKnownFileType = text.json; name = "cat-hat-red.json"; path = "WordDragDrop/Animation/cat-hat-red.json"; sourceTree = SOURCE_ROOT; };
		05CCCE442AD69451004F454B /* cat-hat-lilac.json */ = {isa = PBXFileReference; fileEncoding = 4; lastKnownFileType = text.json; name = "cat-hat-lilac.json"; path = "WordDragDrop/Animation/cat-hat-lilac.json"; sourceTree = SOURCE_ROOT; };
		05CCCE462AD69451004F454B /* cat-hat-navy.json */ = {isa = PBXFileReference; fileEncoding = 4; lastKnownFileType = text.json; name = "cat-hat-navy.json"; path = "WordDragDrop/Animation/cat-hat-navy.json"; sourceTree = SOURCE_ROOT; };
		05CCCE472AD69451004F454B /* cat-hat-brown.json */ = {isa = PBXFileReference; fileEncoding = 4; lastKnownFileType = text.json; name = "cat-hat-brown.json"; path = "WordDragDrop/Animation/cat-hat-brown.json"; sourceTree = SOURCE_ROOT; };
		05CCCE4F2AD69458004F454B /* Lottie.swift */ = {isa = PBXFileReference; fileEncoding = 4; lastKnownFileType = sourcecode.swift; name = Lottie.swift; path = "image-matching/image-matching/Lottie.swift"; sourceTree = SOURCE_ROOT; };
		05CCCE512AD6945E004F454B /* animation-test.json */ = {isa = PBXFileReference; fileEncoding = 4; lastKnownFileType = text.json; name = "animation-test.json"; path = "WordDragDrop/Animation/animation-test.json"; sourceTree = SOURCE_ROOT; };
		05CCCE522AD6945E004F454B /* animation-test2.json */ = {isa = PBXFileReference; fileEncoding = 4; lastKnownFileType = text.json; name = "animation-test2.json"; path = "WordDragDrop/Animation/animation-test2.json"; sourceTree = SOURCE_ROOT; };
		D42BA3F42AD476BD004666E0 /* WordDragDrop.app */ = {isa = PBXFileReference; explicitFileType = wrapper.application; includeInIndex = 0; path = WordDragDrop.app; sourceTree = BUILT_PRODUCTS_DIR; };
		D42BA3F72AD476BD004666E0 /* WordDragDropApp.swift */ = {isa = PBXFileReference; lastKnownFileType = sourcecode.swift; path = WordDragDropApp.swift; sourceTree = "<group>"; };
		D42BA3F92AD476BD004666E0 /* ContentView.swift */ = {isa = PBXFileReference; lastKnownFileType = sourcecode.swift; path = ContentView.swift; sourceTree = "<group>"; };
		D42BA3FB2AD476BF004666E0 /* Assets.xcassets */ = {isa = PBXFileReference; lastKnownFileType = folder.assetcatalog; path = Assets.xcassets; sourceTree = "<group>"; };
		D42BA3FE2AD476BF004666E0 /* Preview Assets.xcassets */ = {isa = PBXFileReference; lastKnownFileType = folder.assetcatalog; path = "Preview Assets.xcassets"; sourceTree = "<group>"; };
		D42BA4002AD476BF004666E0 /* Persistence.swift */ = {isa = PBXFileReference; lastKnownFileType = sourcecode.swift; path = Persistence.swift; sourceTree = "<group>"; };
		D42BA4032AD476BF004666E0 /* WordDragDrop.xcdatamodel */ = {isa = PBXFileReference; lastKnownFileType = wrapper.xcdatamodel; path = WordDragDrop.xcdatamodel; sourceTree = "<group>"; };
		D42BA40A2AD4771A004666E0 /* LearningModule.swift */ = {isa = PBXFileReference; lastKnownFileType = sourcecode.swift; path = LearningModule.swift; sourceTree = "<group>"; };
		D42BA40C2AD4772D004666E0 /* Word.swift */ = {isa = PBXFileReference; lastKnownFileType = sourcecode.swift; path = Word.swift; sourceTree = "<group>"; };
/* End PBXFileReference section */

/* Begin PBXFrameworksBuildPhase section */
		D42BA3F12AD476BD004666E0 /* Frameworks */ = {
			isa = PBXFrameworksBuildPhase;
			buildActionMask = 2147483647;
			files = (
				052691052AD7D54A00AAD53E /* AVKit.framework in Frameworks */,
				05CCCE572AD69482004F454B /* Lottie in Frameworks */,
			);
			runOnlyForDeploymentPostprocessing = 0;
		};
/* End PBXFrameworksBuildPhase section */

/* Begin PBXGroup section */
		052691032AD7D54A00AAD53E /* Frameworks */ = {
			isa = PBXGroup;
			children = (
				052691042AD7D54A00AAD53E /* AVKit.framework */,
			);
			name = Frameworks;
			sourceTree = "<group>";
		};
		05CCCE582AD6A25F004F454B /* Animation */ = {
			isa = PBXGroup;
			children = (
				052691012AD7D53800AAD53E /* E_Bisindo.mp4 */,
				052691062AD7D69A00AAD53E /* F_Bisindo.mp4 */,
				05CCCE472AD69451004F454B /* cat-hat-brown.json */,
				05CCCE442AD69451004F454B /* cat-hat-lilac.json */,
				05CCCE462AD69451004F454B /* cat-hat-navy.json */,
				05CCCE432AD69451004F454B /* cat-hat-red.json */,
				05CCCE422AD69451004F454B /* cat-hat-sage.json */,
				05CCCE412AD69450004F454B /* cat-hat-blue.json */,
				05CCCE512AD6945E004F454B /* animation-test.json */,
				05CCCE522AD6945E004F454B /* animation-test2.json */,
			);
			path = Animation;
			sourceTree = "<group>";
		};
		D42BA3EB2AD476BD004666E0 = {
			isa = PBXGroup;
			children = (
				D42BA3F62AD476BD004666E0 /* WordDragDrop */,
				D42BA3F52AD476BD004666E0 /* Products */,
				052691032AD7D54A00AAD53E /* Frameworks */,
			);
			sourceTree = "<group>";
		};
		D42BA3F52AD476BD004666E0 /* Products */ = {
			isa = PBXGroup;
			children = (
				D42BA3F42AD476BD004666E0 /* WordDragDrop.app */,
			);
			name = Products;
			sourceTree = "<group>";
		};
		D42BA3F62AD476BD004666E0 /* WordDragDrop */ = {
			isa = PBXGroup;
			children = (
				D42BA3F72AD476BD004666E0 /* WordDragDropApp.swift */,
				D42BA3F92AD476BD004666E0 /* ContentView.swift */,
				D42BA40A2AD4771A004666E0 /* LearningModule.swift */,
				052690FF2AD7D50600AAD53E /* Mp4Controller.swift */,
				05CCCE582AD6A25F004F454B /* Animation */,
				05CCCE4F2AD69458004F454B /* Lottie.swift */,
				D42BA40E2AD4773F004666E0 /* Model */,
				D42BA3FB2AD476BF004666E0 /* Assets.xcassets */,
				D42BA4002AD476BF004666E0 /* Persistence.swift */,
				D42BA4022AD476BF004666E0 /* WordDragDrop.xcdatamodeld */,
				D42BA3FD2AD476BF004666E0 /* Preview Content */,
			);
			path = WordDragDrop;
			sourceTree = "<group>";
		};
		D42BA3FD2AD476BF004666E0 /* Preview Content */ = {
			isa = PBXGroup;
			children = (
				D42BA3FE2AD476BF004666E0 /* Preview Assets.xcassets */,
			);
			path = "Preview Content";
			sourceTree = "<group>";
		};
		D42BA40E2AD4773F004666E0 /* Model */ = {
			isa = PBXGroup;
			children = (
				D42BA40C2AD4772D004666E0 /* Word.swift */,
			);
			path = Model;
			sourceTree = "<group>";
		};
/* End PBXGroup section */

/* Begin PBXNativeTarget section */
		D42BA3F32AD476BD004666E0 /* WordDragDrop */ = {
			isa = PBXNativeTarget;
			buildConfigurationList = D42BA4072AD476BF004666E0 /* Build configuration list for PBXNativeTarget "WordDragDrop" */;
			buildPhases = (
				D42BA3F02AD476BD004666E0 /* Sources */,
				D42BA3F12AD476BD004666E0 /* Frameworks */,
				D42BA3F22AD476BD004666E0 /* Resources */,
			);
			buildRules = (
			);
			dependencies = (
			);
			name = WordDragDrop;
			packageProductDependencies = (
				05CCCE562AD69482004F454B /* Lottie */,
			);
			productName = WordDragDrop;
			productReference = D42BA3F42AD476BD004666E0 /* WordDragDrop.app */;
			productType = "com.apple.product-type.application";
		};
/* End PBXNativeTarget section */

/* Begin PBXProject section */
		D42BA3EC2AD476BD004666E0 /* Project object */ = {
			isa = PBXProject;
			attributes = {
				BuildIndependentTargetsInParallel = 1;
				LastSwiftUpdateCheck = 1500;
				LastUpgradeCheck = 1500;
				TargetAttributes = {
					D42BA3F32AD476BD004666E0 = {
						CreatedOnToolsVersion = 15.0;
					};
				};
			};
			buildConfigurationList = D42BA3EF2AD476BD004666E0 /* Build configuration list for PBXProject "WordDragDrop" */;
			compatibilityVersion = "Xcode 14.0";
			developmentRegion = en;
			hasScannedForEncodings = 0;
			knownRegions = (
				en,
				Base,
			);
			mainGroup = D42BA3EB2AD476BD004666E0;
			packageReferences = (
				05CCCE552AD69482004F454B /* XCRemoteSwiftPackageReference "lottie-spm" */,
			);
			productRefGroup = D42BA3F52AD476BD004666E0 /* Products */;
			projectDirPath = "";
			projectRoot = "";
			targets = (
				D42BA3F32AD476BD004666E0 /* WordDragDrop */,
			);
		};
/* End PBXProject section */

/* Begin PBXResourcesBuildPhase section */
		D42BA3F22AD476BD004666E0 /* Resources */ = {
			isa = PBXResourcesBuildPhase;
			buildActionMask = 2147483647;
			files = (
				05CCCE492AD69451004F454B /* cat-hat-sage.json in Resources */,
				D42BA3FF2AD476BF004666E0 /* Preview Assets.xcassets in Resources */,
				05CCCE4E2AD69451004F454B /* cat-hat-brown.json in Resources */,
				05CCCE542AD6945E004F454B /* animation-test2.json in Resources */,
				05CCCE4B2AD69451004F454B /* cat-hat-lilac.json in Resources */,
				052691072AD7D69A00AAD53E /* F_Bisindo.mp4 in Resources */,
				052691022AD7D53800AAD53E /* E_Bisindo.mp4 in Resources */,
				05CCCE532AD6945E004F454B /* animation-test.json in Resources */,
				05CCCE482AD69451004F454B /* cat-hat-blue.json in Resources */,
				05CCCE4A2AD69451004F454B /* cat-hat-red.json in Resources */,
				05CCCE4D2AD69451004F454B /* cat-hat-navy.json in Resources */,
				D42BA3FC2AD476BF004666E0 /* Assets.xcassets in Resources */,
			);
			runOnlyForDeploymentPostprocessing = 0;
		};
/* End PBXResourcesBuildPhase section */

/* Begin PBXSourcesBuildPhase section */
		D42BA3F02AD476BD004666E0 /* Sources */ = {
			isa = PBXSourcesBuildPhase;
			buildActionMask = 2147483647;
			files = (
				D42BA40B2AD4771A004666E0 /* LearningModule.swift in Sources */,
				D42BA4042AD476BF004666E0 /* WordDragDrop.xcdatamodeld in Sources */,
				D42BA4012AD476BF004666E0 /* Persistence.swift in Sources */,
				052691002AD7D50600AAD53E /* Mp4Controller.swift in Sources */,
				D42BA3FA2AD476BD004666E0 /* ContentView.swift in Sources */,
				D42BA3F82AD476BD004666E0 /* WordDragDropApp.swift in Sources */,
				05CCCE502AD69458004F454B /* Lottie.swift in Sources */,
				D42BA40D2AD4772D004666E0 /* Word.swift in Sources */,
			);
			runOnlyForDeploymentPostprocessing = 0;
		};
/* End PBXSourcesBuildPhase section */

/* Begin XCBuildConfiguration section */
		D42BA4052AD476BF004666E0 /* Debug */ = {
			isa = XCBuildConfiguration;
			buildSettings = {
				ALWAYS_SEARCH_USER_PATHS = NO;
				ASSETCATALOG_COMPILER_GENERATE_SWIFT_ASSET_SYMBOL_EXTENSIONS = YES;
				CLANG_ANALYZER_NONNULL = YES;
				CLANG_ANALYZER_NUMBER_OBJECT_CONVERSION = YES_AGGRESSIVE;
				CLANG_CXX_LANGUAGE_STANDARD = "gnu++20";
				CLANG_ENABLE_MODULES = YES;
				CLANG_ENABLE_OBJC_ARC = YES;
				CLANG_ENABLE_OBJC_WEAK = YES;
				CLANG_WARN_BLOCK_CAPTURE_AUTORELEASING = YES;
				CLANG_WARN_BOOL_CONVERSION = YES;
				CLANG_WARN_COMMA = YES;
				CLANG_WARN_CONSTANT_CONVERSION = YES;
				CLANG_WARN_DEPRECATED_OBJC_IMPLEMENTATIONS = YES;
				CLANG_WARN_DIRECT_OBJC_ISA_USAGE = YES_ERROR;
				CLANG_WARN_DOCUMENTATION_COMMENTS = YES;
				CLANG_WARN_EMPTY_BODY = YES;
				CLANG_WARN_ENUM_CONVERSION = YES;
				CLANG_WARN_INFINITE_RECURSION = YES;
				CLANG_WARN_INT_CONVERSION = YES;
				CLANG_WARN_NON_LITERAL_NULL_CONVERSION = YES;
				CLANG_WARN_OBJC_IMPLICIT_RETAIN_SELF = YES;
				CLANG_WARN_OBJC_LITERAL_CONVERSION = YES;
				CLANG_WARN_OBJC_ROOT_CLASS = YES_ERROR;
				CLANG_WARN_QUOTED_INCLUDE_IN_FRAMEWORK_HEADER = YES;
				CLANG_WARN_RANGE_LOOP_ANALYSIS = YES;
				CLANG_WARN_STRICT_PROTOTYPES = YES;
				CLANG_WARN_SUSPICIOUS_MOVE = YES;
				CLANG_WARN_UNGUARDED_AVAILABILITY = YES_AGGRESSIVE;
				CLANG_WARN_UNREACHABLE_CODE = YES;
				CLANG_WARN__DUPLICATE_METHOD_MATCH = YES;
				COPY_PHASE_STRIP = NO;
				DEBUG_INFORMATION_FORMAT = dwarf;
				ENABLE_STRICT_OBJC_MSGSEND = YES;
				ENABLE_TESTABILITY = YES;
				ENABLE_USER_SCRIPT_SANDBOXING = YES;
				GCC_C_LANGUAGE_STANDARD = gnu17;
				GCC_DYNAMIC_NO_PIC = NO;
				GCC_NO_COMMON_BLOCKS = YES;
				GCC_OPTIMIZATION_LEVEL = 0;
				GCC_PREPROCESSOR_DEFINITIONS = (
					"DEBUG=1",
					"$(inherited)",
				);
				GCC_WARN_64_TO_32_BIT_CONVERSION = YES;
				GCC_WARN_ABOUT_RETURN_TYPE = YES_ERROR;
				GCC_WARN_UNDECLARED_SELECTOR = YES;
				GCC_WARN_UNINITIALIZED_AUTOS = YES_AGGRESSIVE;
				GCC_WARN_UNUSED_FUNCTION = YES;
				GCC_WARN_UNUSED_VARIABLE = YES;
				IPHONEOS_DEPLOYMENT_TARGET = 17.0;
				LOCALIZATION_PREFERS_STRING_CATALOGS = YES;
				MTL_ENABLE_DEBUG_INFO = INCLUDE_SOURCE;
				MTL_FAST_MATH = YES;
				ONLY_ACTIVE_ARCH = YES;
				SDKROOT = iphoneos;
				SWIFT_ACTIVE_COMPILATION_CONDITIONS = "DEBUG $(inherited)";
				SWIFT_OPTIMIZATION_LEVEL = "-Onone";
			};
			name = Debug;
		};
		D42BA4062AD476BF004666E0 /* Release */ = {
			isa = XCBuildConfiguration;
			buildSettings = {
				ALWAYS_SEARCH_USER_PATHS = NO;
				ASSETCATALOG_COMPILER_GENERATE_SWIFT_ASSET_SYMBOL_EXTENSIONS = YES;
				CLANG_ANALYZER_NONNULL = YES;
				CLANG_ANALYZER_NUMBER_OBJECT_CONVERSION = YES_AGGRESSIVE;
				CLANG_CXX_LANGUAGE_STANDARD = "gnu++20";
				CLANG_ENABLE_MODULES = YES;
				CLANG_ENABLE_OBJC_ARC = YES;
				CLANG_ENABLE_OBJC_WEAK = YES;
				CLANG_WARN_BLOCK_CAPTURE_AUTORELEASING = YES;
				CLANG_WARN_BOOL_CONVERSION = YES;
				CLANG_WARN_COMMA = YES;
				CLANG_WARN_CONSTANT_CONVERSION = YES;
				CLANG_WARN_DEPRECATED_OBJC_IMPLEMENTATIONS = YES;
				CLANG_WARN_DIRECT_OBJC_ISA_USAGE = YES_ERROR;
				CLANG_WARN_DOCUMENTATION_COMMENTS = YES;
				CLANG_WARN_EMPTY_BODY = YES;
				CLANG_WARN_ENUM_CONVERSION = YES;
				CLANG_WARN_INFINITE_RECURSION = YES;
				CLANG_WARN_INT_CONVERSION = YES;
				CLANG_WARN_NON_LITERAL_NULL_CONVERSION = YES;
				CLANG_WARN_OBJC_IMPLICIT_RETAIN_SELF = YES;
				CLANG_WARN_OBJC_LITERAL_CONVERSION = YES;
				CLANG_WARN_OBJC_ROOT_CLASS = YES_ERROR;
				CLANG_WARN_QUOTED_INCLUDE_IN_FRAMEWORK_HEADER = YES;
				CLANG_WARN_RANGE_LOOP_ANALYSIS = YES;
				CLANG_WARN_STRICT_PROTOTYPES = YES;
				CLANG_WARN_SUSPICIOUS_MOVE = YES;
				CLANG_WARN_UNGUARDED_AVAILABILITY = YES_AGGRESSIVE;
				CLANG_WARN_UNREACHABLE_CODE = YES;
				CLANG_WARN__DUPLICATE_METHOD_MATCH = YES;
				COPY_PHASE_STRIP = NO;
				DEBUG_INFORMATION_FORMAT = "dwarf-with-dsym";
				ENABLE_NS_ASSERTIONS = NO;
				ENABLE_STRICT_OBJC_MSGSEND = YES;
				ENABLE_USER_SCRIPT_SANDBOXING = YES;
				GCC_C_LANGUAGE_STANDARD = gnu17;
				GCC_NO_COMMON_BLOCKS = YES;
				GCC_WARN_64_TO_32_BIT_CONVERSION = YES;
				GCC_WARN_ABOUT_RETURN_TYPE = YES_ERROR;
				GCC_WARN_UNDECLARED_SELECTOR = YES;
				GCC_WARN_UNINITIALIZED_AUTOS = YES_AGGRESSIVE;
				GCC_WARN_UNUSED_FUNCTION = YES;
				GCC_WARN_UNUSED_VARIABLE = YES;
				IPHONEOS_DEPLOYMENT_TARGET = 17.0;
				LOCALIZATION_PREFERS_STRING_CATALOGS = YES;
				MTL_ENABLE_DEBUG_INFO = NO;
				MTL_FAST_MATH = YES;
				SDKROOT = iphoneos;
				SWIFT_COMPILATION_MODE = wholemodule;
				VALIDATE_PRODUCT = YES;
			};
			name = Release;
		};
		D42BA4082AD476BF004666E0 /* Debug */ = {
			isa = XCBuildConfiguration;
			buildSettings = {
				ASSETCATALOG_COMPILER_APPICON_NAME = AppIcon;
				ASSETCATALOG_COMPILER_GLOBAL_ACCENT_COLOR_NAME = AccentColor;
				CODE_SIGN_STYLE = Automatic;
				CURRENT_PROJECT_VERSION = 1;
				DEVELOPMENT_ASSET_PATHS = "\"WordDragDrop/Preview Content\"";
				DEVELOPMENT_TEAM = 45ZWLX2CYQ;
				ENABLE_PREVIEWS = YES;
				GENERATE_INFOPLIST_FILE = YES;
				INFOPLIST_KEY_UIApplicationSceneManifest_Generation = YES;
				INFOPLIST_KEY_UIApplicationSupportsIndirectInputEvents = YES;
				INFOPLIST_KEY_UILaunchScreen_Generation = YES;
				INFOPLIST_KEY_UISupportedInterfaceOrientations_iPad = "UIInterfaceOrientationPortrait UIInterfaceOrientationPortraitUpsideDown UIInterfaceOrientationLandscapeLeft UIInterfaceOrientationLandscapeRight";
				INFOPLIST_KEY_UISupportedInterfaceOrientations_iPhone = "UIInterfaceOrientationPortrait UIInterfaceOrientationLandscapeLeft UIInterfaceOrientationLandscapeRight";
				LD_RUNPATH_SEARCH_PATHS = (
					"$(inherited)",
					"@executable_path/Frameworks",
				);
				MARKETING_VERSION = 1.0;
				PRODUCT_BUNDLE_IDENTIFIER = octavia.WordDragDrop;
				PRODUCT_NAME = "$(TARGET_NAME)";
				SWIFT_EMIT_LOC_STRINGS = YES;
				SWIFT_VERSION = 5.0;
				TARGETED_DEVICE_FAMILY = "1,2";
			};
			name = Debug;
		};
		D42BA4092AD476BF004666E0 /* Release */ = {
			isa = XCBuildConfiguration;
			buildSettings = {
				ASSETCATALOG_COMPILER_APPICON_NAME = AppIcon;
				ASSETCATALOG_COMPILER_GLOBAL_ACCENT_COLOR_NAME = AccentColor;
				CODE_SIGN_STYLE = Automatic;
				CURRENT_PROJECT_VERSION = 1;
				DEVELOPMENT_ASSET_PATHS = "\"WordDragDrop/Preview Content\"";
				DEVELOPMENT_TEAM = 45ZWLX2CYQ;
				ENABLE_PREVIEWS = YES;
				GENERATE_INFOPLIST_FILE = YES;
				INFOPLIST_KEY_UIApplicationSceneManifest_Generation = YES;
				INFOPLIST_KEY_UIApplicationSupportsIndirectInputEvents = YES;
				INFOPLIST_KEY_UILaunchScreen_Generation = YES;
				INFOPLIST_KEY_UISupportedInterfaceOrientations_iPad = "UIInterfaceOrientationPortrait UIInterfaceOrientationPortraitUpsideDown UIInterfaceOrientationLandscapeLeft UIInterfaceOrientationLandscapeRight";
				INFOPLIST_KEY_UISupportedInterfaceOrientations_iPhone = "UIInterfaceOrientationPortrait UIInterfaceOrientationLandscapeLeft UIInterfaceOrientationLandscapeRight";
				LD_RUNPATH_SEARCH_PATHS = (
					"$(inherited)",
					"@executable_path/Frameworks",
				);
				MARKETING_VERSION = 1.0;
				PRODUCT_BUNDLE_IDENTIFIER = octavia.WordDragDrop;
				PRODUCT_NAME = "$(TARGET_NAME)";
				SWIFT_EMIT_LOC_STRINGS = YES;
				SWIFT_VERSION = 5.0;
				TARGETED_DEVICE_FAMILY = "1,2";
			};
			name = Release;
		};
/* End XCBuildConfiguration section */

/* Begin XCConfigurationList section */
		D42BA3EF2AD476BD004666E0 /* Build configuration list for PBXProject "WordDragDrop" */ = {
			isa = XCConfigurationList;
			buildConfigurations = (
				D42BA4052AD476BF004666E0 /* Debug */,
				D42BA4062AD476BF004666E0 /* Release */,
			);
			defaultConfigurationIsVisible = 0;
			defaultConfigurationName = Release;
		};
		D42BA4072AD476BF004666E0 /* Build configuration list for PBXNativeTarget "WordDragDrop" */ = {
			isa = XCConfigurationList;
			buildConfigurations = (
				D42BA4082AD476BF004666E0 /* Debug */,
				D42BA4092AD476BF004666E0 /* Release */,
			);
			defaultConfigurationIsVisible = 0;
			defaultConfigurationName = Release;
		};
/* End XCConfigurationList section */

/* Begin XCRemoteSwiftPackageReference section */
		05CCCE552AD69482004F454B /* XCRemoteSwiftPackageReference "lottie-spm" */ = {
			isa = XCRemoteSwiftPackageReference;
			repositoryURL = "https://github.com/airbnb/lottie-spm.git";
			requirement = {
				kind = upToNextMajorVersion;
				minimumVersion = 4.3.3;
			};
		};
/* End XCRemoteSwiftPackageReference section */

/* Begin XCSwiftPackageProductDependency section */
		05CCCE562AD69482004F454B /* Lottie */ = {
			isa = XCSwiftPackageProductDependency;
			package = 05CCCE552AD69482004F454B /* XCRemoteSwiftPackageReference "lottie-spm" */;
			productName = Lottie;
		};
/* End XCSwiftPackageProductDependency section */

/* Begin XCVersionGroup section */
		D42BA4022AD476BF004666E0 /* WordDragDrop.xcdatamodeld */ = {
			isa = XCVersionGroup;
			children = (
				D42BA4032AD476BF004666E0 /* WordDragDrop.xcdatamodel */,
			);
			currentVersion = D42BA4032AD476BF004666E0 /* WordDragDrop.xcdatamodel */;
			path = WordDragDrop.xcdatamodeld;
			sourceTree = "<group>";
			versionGroupType = wrapper.xcdatamodel;
		};
/* End XCVersionGroup section */
	};
	rootObject = D42BA3EC2AD476BD004666E0 /* Project object */;
}
