// !$*UTF8*$!
{
	archiveVersion = 1;
	classes = {
	};
	objectVersion = 56;
	objects = {

/* Begin PBXBuildFile section */
		05025D4D2AE77FD100178653 /* Fredoka-Light.ttf in Resources */ = {isa = PBXBuildFile; fileRef = 05025D482AE77FD100178653 /* Fredoka-Light.ttf */; };
		05025D4E2AE77FD100178653 /* Fredoka-Regular.ttf in Resources */ = {isa = PBXBuildFile; fileRef = 05025D492AE77FD100178653 /* Fredoka-Regular.ttf */; };
		05025D4F2AE77FD100178653 /* Fredoka-SemiBold.ttf in Resources */ = {isa = PBXBuildFile; fileRef = 05025D4A2AE77FD100178653 /* Fredoka-SemiBold.ttf */; };
		05025D502AE77FD100178653 /* Fredoka-Medium.ttf in Resources */ = {isa = PBXBuildFile; fileRef = 05025D4B2AE77FD100178653 /* Fredoka-Medium.ttf */; };
		05025D512AE77FD100178653 /* Fredoka-Bold.ttf in Resources */ = {isa = PBXBuildFile; fileRef = 05025D4C2AE77FD100178653 /* Fredoka-Bold.ttf */; };
		05025D542AE7817E00178653 /* ExtensionColors.swift in Sources */ = {isa = PBXBuildFile; fileRef = 05025D532AE7817E00178653 /* ExtensionColors.swift */; };
		05025D562AE78AE200178653 /* ExtensionFonts.swift in Sources */ = {isa = PBXBuildFile; fileRef = 05025D552AE78AE200178653 /* ExtensionFonts.swift */; };
		ADBE94192AEB5383008A1390 /* BTModel.xcdatamodeld in Sources */ = {isa = PBXBuildFile; fileRef = ADBE94172AEB5383008A1390 /* BTModel.xcdatamodeld */; };
		ADBE941B2AF3744F008A1390 /* Constant.swift in Sources */ = {isa = PBXBuildFile; fileRef = ADBE941A2AF3744F008A1390 /* Constant.swift */; };
		ADBE941D2AFB42DF008A1390 /* DataFeedManager.swift in Sources */ = {isa = PBXBuildFile; fileRef = ADBE941C2AFB42DF008A1390 /* DataFeedManager.swift */; };
		ADBE941F2AFB47C7008A1390 /* BookData.json in Resources */ = {isa = PBXBuildFile; fileRef = ADBE941E2AFB47C7008A1390 /* BookData.json */; };
		ADBE94252AFB51DE008A1390 /* CategoryData.json in Resources */ = {isa = PBXBuildFile; fileRef = ADBE94242AFB51DE008A1390 /* CategoryData.json */; };
		ADBE94272AFB62F2008A1390 /* CodingUserInfoKeyExtention.swift in Sources */ = {isa = PBXBuildFile; fileRef = ADBE94262AFB62F2008A1390 /* CodingUserInfoKeyExtention.swift */; };
		ADBE94292AFB6360008A1390 /* Category.swift in Sources */ = {isa = PBXBuildFile; fileRef = ADBE94282AFB6360008A1390 /* Category.swift */; };
		ADBE942B2AFB64DC008A1390 /* coreDataTestView.swift in Sources */ = {isa = PBXBuildFile; fileRef = ADBE942A2AFB64DC008A1390 /* coreDataTestView.swift */; };
		ADBE942F2AFB8BB0008A1390 /* AppState.swift in Sources */ = {isa = PBXBuildFile; fileRef = ADBE942E2AFB8BB0008A1390 /* AppState.swift */; };
		ADBE94502AFB8E35008A1390 /* ContentView.swift in Sources */ = {isa = PBXBuildFile; fileRef = ADBE944F2AFB8E35008A1390 /* ContentView.swift */; };
		ADBE94562AFC88A7008A1390 /* Book.swift in Sources */ = {isa = PBXBuildFile; fileRef = ADBE94552AFC88A7008A1390 /* Book.swift */; };
		ADBE94582AFCB6F7008A1390 /* StoryPage.swift in Sources */ = {isa = PBXBuildFile; fileRef = ADBE94572AFCB6F7008A1390 /* StoryPage.swift */; };
		ADBE945A2AFCB732008A1390 /* Question.swift in Sources */ = {isa = PBXBuildFile; fileRef = ADBE94592AFCB732008A1390 /* Question.swift */; };
		ADBE945C2AFCB752008A1390 /* Answer.swift in Sources */ = {isa = PBXBuildFile; fileRef = ADBE945B2AFCB752008A1390 /* Answer.swift */; };
		ADBE945E2AFCB781008A1390 /* Word.swift in Sources */ = {isa = PBXBuildFile; fileRef = ADBE945D2AFCB781008A1390 /* Word.swift */; };
		ADE3CFA52AE3ADA000CED0DD /* BTProjectsApp.swift in Sources */ = {isa = PBXBuildFile; fileRef = ADE3CFA42AE3ADA000CED0DD /* BTProjectsApp.swift */; };
		ADE3CFA72AE3ADA000CED0DD /* LearningModuleView.swift in Sources */ = {isa = PBXBuildFile; fileRef = ADE3CFA62AE3ADA000CED0DD /* LearningModuleView.swift */; };
		ADE3CFA92AE3ADA200CED0DD /* Assets.xcassets in Resources */ = {isa = PBXBuildFile; fileRef = ADE3CFA82AE3ADA200CED0DD /* Assets.xcassets */; };
		ADE3CFAC2AE3ADA200CED0DD /* Preview Assets.xcassets in Resources */ = {isa = PBXBuildFile; fileRef = ADE3CFAB2AE3ADA200CED0DD /* Preview Assets.xcassets */; };
		ADE3CFBA2AE3AE9D00CED0DD /* Prompt.swift in Sources */ = {isa = PBXBuildFile; fileRef = ADE3CFB92AE3AE9D00CED0DD /* Prompt.swift */; };
		ADE3CFBC2AE3AEBE00CED0DD /* Error.swift in Sources */ = {isa = PBXBuildFile; fileRef = ADE3CFBB2AE3AEBE00CED0DD /* Error.swift */; };
		ADE3CFBF2AE3AF4400CED0DD /* RealmManager.swift in Sources */ = {isa = PBXBuildFile; fileRef = ADE3CFBE2AE3AF4400CED0DD /* RealmManager.swift */; };
		ADE3CFC22AE3AF5B00CED0DD /* PersistenceController.swift in Sources */ = {isa = PBXBuildFile; fileRef = ADE3CFC12AE3AF5B00CED0DD /* PersistenceController.swift */; };
		ADE3CFC62AE3AF9600CED0DD /* AppColor.swift in Sources */ = {isa = PBXBuildFile; fileRef = ADE3CFC52AE3AF9600CED0DD /* AppColor.swift */; };
		D41801D42AFC898E0009AFE0 /* QuizHeader.swift in Sources */ = {isa = PBXBuildFile; fileRef = D41801D32AFC898E0009AFE0 /* QuizHeader.swift */; };
		D42466042AFB7B7B0029D229 /* ConnectImages.swift in Sources */ = {isa = PBXBuildFile; fileRef = D42466032AFB7B7B0029D229 /* ConnectImages.swift */; };
		D42466062AFB7C530029D229 /* ImageContainer.swift in Sources */ = {isa = PBXBuildFile; fileRef = D42466052AFB7C530029D229 /* ImageContainer.swift */; };
		D444C2D02B00A2A50001E36A /* Ribbon.swift in Sources */ = {isa = PBXBuildFile; fileRef = D444C2CF2B00A2A50001E36A /* Ribbon.swift */; };
		D46180C42AFB60DD00370DD3 /* VideoPlayerController.swift in Sources */ = {isa = PBXBuildFile; fileRef = D46180C32AFB60DD00370DD3 /* VideoPlayerController.swift */; };
		D46180C92AFB629F00370DD3 /* dummy.mp4 in Resources */ = {isa = PBXBuildFile; fileRef = D46180C82AFB629F00370DD3 /* dummy.mp4 */; };
		D46180CB2AFB64F300370DD3 /* E_Bisindo.mp4 in Resources */ = {isa = PBXBuildFile; fileRef = D46180CA2AFB64F300370DD3 /* E_Bisindo.mp4 */; };
		D46180CE2AFB695700370DD3 /* SummaryVideo.swift in Sources */ = {isa = PBXBuildFile; fileRef = D46180CD2AFB695700370DD3 /* SummaryVideo.swift */; };
		D46180D02AFB6D6400370DD3 /* CustomButtonStyle.swift in Sources */ = {isa = PBXBuildFile; fileRef = D46180CF2AFB6D6400370DD3 /* CustomButtonStyle.swift */; };
		D4B3F37A2B00A1CD008F105F /* MenuView.swift in Sources */ = {isa = PBXBuildFile; fileRef = D4B3F3792B00A1CD008F105F /* MenuView.swift */; };
		D4B3F37C2B00A264008F105F /* ThumbnailPage.swift in Sources */ = {isa = PBXBuildFile; fileRef = D4B3F37B2B00A264008F105F /* ThumbnailPage.swift */; };
		D4BED4C82AF890940049DB30 /* CategoryButton.swift in Sources */ = {isa = PBXBuildFile; fileRef = D4BED4C72AF890940049DB30 /* CategoryButton.swift */; };
		D4C515FC2AFA17F5001A97E5 /* WordSummary.swift in Sources */ = {isa = PBXBuildFile; fileRef = D4C515FB2AFA17F5001A97E5 /* WordSummary.swift */; };
		D4C515FE2AFA182B001A97E5 /* ProgressBar.swift in Sources */ = {isa = PBXBuildFile; fileRef = D4C515FD2AFA182B001A97E5 /* ProgressBar.swift */; };
		D4C516032AFA7D80001A97E5 /* SummaryHeader.swift in Sources */ = {isa = PBXBuildFile; fileRef = D4C516022AFA7D80001A97E5 /* SummaryHeader.swift */; };
		D4D67FB62AFCBAB400659E03 /* Image3DContainer.swift in Sources */ = {isa = PBXBuildFile; fileRef = D4D67FB52AFCBAB400659E03 /* Image3DContainer.swift */; };
		D4FE434C2AF89EED00952948 /* CategoryMenu.swift in Sources */ = {isa = PBXBuildFile; fileRef = D4FE434B2AF89EED00952948 /* CategoryMenu.swift */; };
		D4FE434E2AF8D31800952948 /* StoryBookPerCategory.swift in Sources */ = {isa = PBXBuildFile; fileRef = D4FE434D2AF8D31800952948 /* StoryBookPerCategory.swift */; };
		D4FE9D872AF358CE000DAFEB /* HomeView.swift in Sources */ = {isa = PBXBuildFile; fileRef = D4FE9D862AF358CE000DAFEB /* HomeView.swift */; };
		D4FE9D8B2AF36B19000DAFEB /* HomeHeader.swift in Sources */ = {isa = PBXBuildFile; fileRef = D4FE9D8A2AF36B19000DAFEB /* HomeHeader.swift */; };
		D4FE9D8F2AF36C10000DAFEB /* StoryBook.swift in Sources */ = {isa = PBXBuildFile; fileRef = D4FE9D8E2AF36C10000DAFEB /* StoryBook.swift */; };
		D4FE9D912AF36EC0000DAFEB /* RoundedCorner.swift in Sources */ = {isa = PBXBuildFile; fileRef = D4FE9D902AF36EC0000DAFEB /* RoundedCorner.swift */; };
/* End PBXBuildFile section */

/* Begin PBXFileReference section */
		05025D482AE77FD100178653 /* Fredoka-Light.ttf */ = {isa = PBXFileReference; lastKnownFileType = file; path = "Fredoka-Light.ttf"; sourceTree = "<group>"; };
		05025D492AE77FD100178653 /* Fredoka-Regular.ttf */ = {isa = PBXFileReference; lastKnownFileType = file; path = "Fredoka-Regular.ttf"; sourceTree = "<group>"; };
		05025D4A2AE77FD100178653 /* Fredoka-SemiBold.ttf */ = {isa = PBXFileReference; lastKnownFileType = file; path = "Fredoka-SemiBold.ttf"; sourceTree = "<group>"; };
		05025D4B2AE77FD100178653 /* Fredoka-Medium.ttf */ = {isa = PBXFileReference; lastKnownFileType = file; path = "Fredoka-Medium.ttf"; sourceTree = "<group>"; };
		05025D4C2AE77FD100178653 /* Fredoka-Bold.ttf */ = {isa = PBXFileReference; lastKnownFileType = file; path = "Fredoka-Bold.ttf"; sourceTree = "<group>"; };
		05025D522AE77FDE00178653 /* Info.plist */ = {isa = PBXFileReference; lastKnownFileType = text.plist; path = Info.plist; sourceTree = "<group>"; };
		05025D532AE7817E00178653 /* ExtensionColors.swift */ = {isa = PBXFileReference; lastKnownFileType = sourcecode.swift; path = ExtensionColors.swift; sourceTree = "<group>"; };
		05025D552AE78AE200178653 /* ExtensionFonts.swift */ = {isa = PBXFileReference; lastKnownFileType = sourcecode.swift; path = ExtensionFonts.swift; sourceTree = "<group>"; };
		ADBE94182AEB5383008A1390 /* BTModel.xcdatamodel */ = {isa = PBXFileReference; lastKnownFileType = wrapper.xcdatamodel; path = BTModel.xcdatamodel; sourceTree = "<group>"; };
		ADBE941A2AF3744F008A1390 /* Constant.swift */ = {isa = PBXFileReference; lastKnownFileType = sourcecode.swift; path = Constant.swift; sourceTree = "<group>"; };
		ADBE941C2AFB42DF008A1390 /* DataFeedManager.swift */ = {isa = PBXFileReference; lastKnownFileType = sourcecode.swift; path = DataFeedManager.swift; sourceTree = "<group>"; };
		ADBE941E2AFB47C7008A1390 /* BookData.json */ = {isa = PBXFileReference; fileEncoding = 4; lastKnownFileType = text.json; path = BookData.json; sourceTree = "<group>"; };
		ADBE94242AFB51DE008A1390 /* CategoryData.json */ = {isa = PBXFileReference; fileEncoding = 4; lastKnownFileType = text.json; path = CategoryData.json; sourceTree = "<group>"; };
		ADBE94262AFB62F2008A1390 /* CodingUserInfoKeyExtention.swift */ = {isa = PBXFileReference; lastKnownFileType = sourcecode.swift; path = CodingUserInfoKeyExtention.swift; sourceTree = "<group>"; };
		ADBE94282AFB6360008A1390 /* Category.swift */ = {isa = PBXFileReference; lastKnownFileType = sourcecode.swift; path = Category.swift; sourceTree = "<group>"; };
		ADBE942A2AFB64DC008A1390 /* coreDataTestView.swift */ = {isa = PBXFileReference; lastKnownFileType = sourcecode.swift; path = coreDataTestView.swift; sourceTree = "<group>"; };
		ADBE942E2AFB8BB0008A1390 /* AppState.swift */ = {isa = PBXFileReference; lastKnownFileType = sourcecode.swift; path = AppState.swift; sourceTree = "<group>"; };
		ADBE944F2AFB8E35008A1390 /* ContentView.swift */ = {isa = PBXFileReference; lastKnownFileType = sourcecode.swift; path = ContentView.swift; sourceTree = "<group>"; };
		ADBE94552AFC88A7008A1390 /* Book.swift */ = {isa = PBXFileReference; lastKnownFileType = sourcecode.swift; path = Book.swift; sourceTree = "<group>"; };
		ADBE94572AFCB6F7008A1390 /* StoryPage.swift */ = {isa = PBXFileReference; lastKnownFileType = sourcecode.swift; path = StoryPage.swift; sourceTree = "<group>"; };
		ADBE94592AFCB732008A1390 /* Question.swift */ = {isa = PBXFileReference; lastKnownFileType = sourcecode.swift; path = Question.swift; sourceTree = "<group>"; };
		ADBE945B2AFCB752008A1390 /* Answer.swift */ = {isa = PBXFileReference; lastKnownFileType = sourcecode.swift; path = Answer.swift; sourceTree = "<group>"; };
		ADBE945D2AFCB781008A1390 /* Word.swift */ = {isa = PBXFileReference; lastKnownFileType = sourcecode.swift; path = Word.swift; sourceTree = "<group>"; };
		ADE3CFA12AE3ADA000CED0DD /* BTProjects.app */ = {isa = PBXFileReference; explicitFileType = wrapper.application; includeInIndex = 0; path = BTProjects.app; sourceTree = BUILT_PRODUCTS_DIR; };
		ADE3CFA42AE3ADA000CED0DD /* BTProjectsApp.swift */ = {isa = PBXFileReference; lastKnownFileType = sourcecode.swift; path = BTProjectsApp.swift; sourceTree = "<group>"; };
		ADE3CFA62AE3ADA000CED0DD /* LearningModuleView.swift */ = {isa = PBXFileReference; lastKnownFileType = sourcecode.swift; path = LearningModuleView.swift; sourceTree = "<group>"; };
		ADE3CFA82AE3ADA200CED0DD /* Assets.xcassets */ = {isa = PBXFileReference; lastKnownFileType = folder.assetcatalog; path = Assets.xcassets; sourceTree = "<group>"; };
		ADE3CFAB2AE3ADA200CED0DD /* Preview Assets.xcassets */ = {isa = PBXFileReference; lastKnownFileType = folder.assetcatalog; path = "Preview Assets.xcassets"; sourceTree = "<group>"; };
		ADE3CFB92AE3AE9D00CED0DD /* Prompt.swift */ = {isa = PBXFileReference; lastKnownFileType = sourcecode.swift; path = Prompt.swift; sourceTree = "<group>"; };
		ADE3CFBB2AE3AEBE00CED0DD /* Error.swift */ = {isa = PBXFileReference; lastKnownFileType = sourcecode.swift; path = Error.swift; sourceTree = "<group>"; };
		ADE3CFBE2AE3AF4400CED0DD /* RealmManager.swift */ = {isa = PBXFileReference; lastKnownFileType = sourcecode.swift; path = RealmManager.swift; sourceTree = "<group>"; };
		ADE3CFC12AE3AF5B00CED0DD /* PersistenceController.swift */ = {isa = PBXFileReference; lastKnownFileType = sourcecode.swift; path = PersistenceController.swift; sourceTree = "<group>"; };
		ADE3CFC52AE3AF9600CED0DD /* AppColor.swift */ = {isa = PBXFileReference; lastKnownFileType = sourcecode.swift; path = AppColor.swift; sourceTree = "<group>"; };
		D41801D32AFC898E0009AFE0 /* QuizHeader.swift */ = {isa = PBXFileReference; lastKnownFileType = sourcecode.swift; path = QuizHeader.swift; sourceTree = "<group>"; };
		D42466032AFB7B7B0029D229 /* ConnectImages.swift */ = {isa = PBXFileReference; lastKnownFileType = sourcecode.swift; path = ConnectImages.swift; sourceTree = "<group>"; };
		D42466052AFB7C530029D229 /* ImageContainer.swift */ = {isa = PBXFileReference; lastKnownFileType = sourcecode.swift; path = ImageContainer.swift; sourceTree = "<group>"; };
		D444C2CF2B00A2A50001E36A /* Ribbon.swift */ = {isa = PBXFileReference; lastKnownFileType = sourcecode.swift; path = Ribbon.swift; sourceTree = "<group>"; };
		D46180C32AFB60DD00370DD3 /* VideoPlayerController.swift */ = {isa = PBXFileReference; lastKnownFileType = sourcecode.swift; path = VideoPlayerController.swift; sourceTree = "<group>"; };
		D46180C82AFB629F00370DD3 /* dummy.mp4 */ = {isa = PBXFileReference; lastKnownFileType = file; path = dummy.mp4; sourceTree = "<group>"; };
		D46180CA2AFB64F300370DD3 /* E_Bisindo.mp4 */ = {isa = PBXFileReference; lastKnownFileType = file; path = E_Bisindo.mp4; sourceTree = "<group>"; };
		D46180CD2AFB695700370DD3 /* SummaryVideo.swift */ = {isa = PBXFileReference; lastKnownFileType = sourcecode.swift; path = SummaryVideo.swift; sourceTree = "<group>"; };
		D46180CF2AFB6D6400370DD3 /* CustomButtonStyle.swift */ = {isa = PBXFileReference; lastKnownFileType = sourcecode.swift; path = CustomButtonStyle.swift; sourceTree = "<group>"; };
		D4B3F3792B00A1CD008F105F /* MenuView.swift */ = {isa = PBXFileReference; lastKnownFileType = sourcecode.swift; path = MenuView.swift; sourceTree = "<group>"; };
		D4B3F37B2B00A264008F105F /* ThumbnailPage.swift */ = {isa = PBXFileReference; lastKnownFileType = sourcecode.swift; path = ThumbnailPage.swift; sourceTree = "<group>"; };
		D4BED4C72AF890940049DB30 /* CategoryButton.swift */ = {isa = PBXFileReference; lastKnownFileType = sourcecode.swift; path = CategoryButton.swift; sourceTree = "<group>"; };
		D4C515FB2AFA17F5001A97E5 /* WordSummary.swift */ = {isa = PBXFileReference; lastKnownFileType = sourcecode.swift; path = WordSummary.swift; sourceTree = "<group>"; };
		D4C515FD2AFA182B001A97E5 /* ProgressBar.swift */ = {isa = PBXFileReference; lastKnownFileType = sourcecode.swift; path = ProgressBar.swift; sourceTree = "<group>"; };
		D4C516022AFA7D80001A97E5 /* SummaryHeader.swift */ = {isa = PBXFileReference; lastKnownFileType = sourcecode.swift; path = SummaryHeader.swift; sourceTree = "<group>"; };
		D4D67FB52AFCBAB400659E03 /* Image3DContainer.swift */ = {isa = PBXFileReference; lastKnownFileType = sourcecode.swift; path = Image3DContainer.swift; sourceTree = "<group>"; };
		D4FE434B2AF89EED00952948 /* CategoryMenu.swift */ = {isa = PBXFileReference; lastKnownFileType = sourcecode.swift; path = CategoryMenu.swift; sourceTree = "<group>"; };
		D4FE434D2AF8D31800952948 /* StoryBookPerCategory.swift */ = {isa = PBXFileReference; lastKnownFileType = sourcecode.swift; path = StoryBookPerCategory.swift; sourceTree = "<group>"; };
		D4FE9D862AF358CE000DAFEB /* HomeView.swift */ = {isa = PBXFileReference; lastKnownFileType = sourcecode.swift; path = HomeView.swift; sourceTree = "<group>"; };
		D4FE9D8A2AF36B19000DAFEB /* HomeHeader.swift */ = {isa = PBXFileReference; lastKnownFileType = sourcecode.swift; path = HomeHeader.swift; sourceTree = "<group>"; };
		D4FE9D8E2AF36C10000DAFEB /* StoryBook.swift */ = {isa = PBXFileReference; lastKnownFileType = sourcecode.swift; path = StoryBook.swift; sourceTree = "<group>"; };
		D4FE9D902AF36EC0000DAFEB /* RoundedCorner.swift */ = {isa = PBXFileReference; lastKnownFileType = sourcecode.swift; path = RoundedCorner.swift; sourceTree = "<group>"; };
/* End PBXFileReference section */

/* Begin PBXFrameworksBuildPhase section */
		ADE3CF9E2AE3ADA000CED0DD /* Frameworks */ = {
			isa = PBXFrameworksBuildPhase;
			buildActionMask = 2147483647;
			files = (
			);
			runOnlyForDeploymentPostprocessing = 0;
		};
/* End PBXFrameworksBuildPhase section */

/* Begin PBXGroup section */
		05025D472AE77FB200178653 /* Fonts */ = {
			isa = PBXGroup;
			children = (
				05025D4C2AE77FD100178653 /* Fredoka-Bold.ttf */,
				05025D482AE77FD100178653 /* Fredoka-Light.ttf */,
				05025D4B2AE77FD100178653 /* Fredoka-Medium.ttf */,
				05025D492AE77FD100178653 /* Fredoka-Regular.ttf */,
				05025D4A2AE77FD100178653 /* Fredoka-SemiBold.ttf */,
			);
			path = Fonts;
			sourceTree = "<group>";
		};
		05025D572AE791EA00178653 /* Extensions */ = {
			isa = PBXGroup;
			children = (
			);
			name = Extensions;
			path = Components/Extensions;
			sourceTree = "<group>";
		};
		ADBE94202AFB47CB008A1390 /* Json */ = {
			isa = PBXGroup;
			children = (
				ADBE94242AFB51DE008A1390 /* CategoryData.json */,
				ADBE941E2AFB47C7008A1390 /* BookData.json */,
			);
			path = Json;
			sourceTree = "<group>";
		};
		ADBE94212AFB4E1E008A1390 /* Models */ = {
			isa = PBXGroup;
			children = (
				ADBE94282AFB6360008A1390 /* Category.swift */,
				ADBE94552AFC88A7008A1390 /* Book.swift */,
				ADBE94572AFCB6F7008A1390 /* StoryPage.swift */,
				ADBE94592AFCB732008A1390 /* Question.swift */,
				ADBE945B2AFCB752008A1390 /* Answer.swift */,
				ADBE945D2AFCB781008A1390 /* Word.swift */,
			);
			path = Models;
			sourceTree = "<group>";
		};
		ADE3CF982AE3ADA000CED0DD = {
			isa = PBXGroup;
			children = (
				ADE3CFA32AE3ADA000CED0DD /* BTProjects */,
				ADE3CFA22AE3ADA000CED0DD /* Products */,
			);
			sourceTree = "<group>";
		};
		ADE3CFA22AE3ADA000CED0DD /* Products */ = {
			isa = PBXGroup;
			children = (
				ADE3CFA12AE3ADA000CED0DD /* BTProjects.app */,
			);
			name = Products;
			sourceTree = "<group>";
		};
		ADE3CFA32AE3ADA000CED0DD /* BTProjects */ = {
			isa = PBXGroup;
			children = (
				05025D522AE77FDE00178653 /* Info.plist */,
				ADE3CFB22AE3ADEF00CED0DD /* Application */,
				ADE3CFB32AE3AE1F00CED0DD /* Core */,
				ADE3CFC92AE3B02F00CED0DD /* Features */,
				ADE3CFAA2AE3ADA200CED0DD /* Preview Content */,
			);
			path = BTProjects;
			sourceTree = "<group>";
		};
		ADE3CFAA2AE3ADA200CED0DD /* Preview Content */ = {
			isa = PBXGroup;
			children = (
				ADE3CFAB2AE3ADA200CED0DD /* Preview Assets.xcassets */,
			);
			path = "Preview Content";
			sourceTree = "<group>";
		};
		ADE3CFB22AE3ADEF00CED0DD /* Application */ = {
			isa = PBXGroup;
			children = (
				ADE3CFA42AE3ADA000CED0DD /* BTProjectsApp.swift */,
				ADBE944F2AFB8E35008A1390 /* ContentView.swift */,
				ADBE942E2AFB8BB0008A1390 /* AppState.swift */,
			);
			path = Application;
			sourceTree = "<group>";
		};
		ADE3CFB32AE3AE1F00CED0DD /* Core */ = {
			isa = PBXGroup;
			children = (
				ADE3CFB42AE3AE2F00CED0DD /* Constants */,
				ADE3CFB52AE3AE3800CED0DD /* Resources */,
				ADE3CFB62AE3AE4000CED0DD /* Utilities */,
				ADE3CFB72AE3AE4F00CED0DD /* Themes */,
				ADE3CFB82AE3AE5700CED0DD /* Extension */,
			);
			path = Core;
			sourceTree = "<group>";
		};
		ADE3CFB42AE3AE2F00CED0DD /* Constants */ = {
			isa = PBXGroup;
			children = (
				ADE3CFB92AE3AE9D00CED0DD /* Prompt.swift */,
				ADE3CFBB2AE3AEBE00CED0DD /* Error.swift */,
				ADBE941A2AF3744F008A1390 /* Constant.swift */,
			);
			path = Constants;
			sourceTree = "<group>";
		};
		ADE3CFB52AE3AE3800CED0DD /* Resources */ = {
			isa = PBXGroup;
			children = (
				D46180CC2AFB64FB00370DD3 /* Video */,
				ADBE94202AFB47CB008A1390 /* Json */,
				05025D472AE77FB200178653 /* Fonts */,
				ADE3CFA82AE3ADA200CED0DD /* Assets.xcassets */,
			);
			path = Resources;
			sourceTree = "<group>";
		};
		ADE3CFB62AE3AE4000CED0DD /* Utilities */ = {
			isa = PBXGroup;
			children = (
				D4CF4AF82AFAA2BF0046A5D7 /* VideoPlayer */,
				ADE3CFC02AE3AF4C00CED0DD /* CoreData */,
				ADE3CFBD2AE3AEFC00CED0DD /* Realm */,
			);
			path = Utilities;
			sourceTree = "<group>";
		};
		ADE3CFB72AE3AE4F00CED0DD /* Themes */ = {
			isa = PBXGroup;
			children = (
				ADE3CFC32AE3AF6E00CED0DD /* Presenters */,
				ADE3CFC42AE3AF8000CED0DD /* Colors */,
			);
			path = Themes;
			sourceTree = "<group>";
		};
		ADE3CFB82AE3AE5700CED0DD /* Extension */ = {
			isa = PBXGroup;
			children = (
				05025D532AE7817E00178653 /* ExtensionColors.swift */,
				D4FE9D902AF36EC0000DAFEB /* RoundedCorner.swift */,
				05025D552AE78AE200178653 /* ExtensionFonts.swift */,
				D46180CF2AFB6D6400370DD3 /* CustomButtonStyle.swift */,
				ADBE94262AFB62F2008A1390 /* CodingUserInfoKeyExtention.swift */,
			);
			path = Extension;
			sourceTree = "<group>";
		};
		ADE3CFBD2AE3AEFC00CED0DD /* Realm */ = {
			isa = PBXGroup;
			children = (
				ADE3CFBE2AE3AF4400CED0DD /* RealmManager.swift */,
			);
			path = Realm;
			sourceTree = "<group>";
		};
		ADE3CFC02AE3AF4C00CED0DD /* CoreData */ = {
			isa = PBXGroup;
			children = (
				ADBE94172AEB5383008A1390 /* BTModel.xcdatamodeld */,
				ADE3CFC12AE3AF5B00CED0DD /* PersistenceController.swift */,
				ADBE941C2AFB42DF008A1390 /* DataFeedManager.swift */,
				ADBE94212AFB4E1E008A1390 /* Models */,
			);
			path = CoreData;
			sourceTree = "<group>";
		};
		ADE3CFC32AE3AF6E00CED0DD /* Presenters */ = {
			isa = PBXGroup;
			children = (
				ADE3CFC82AE3AFD100CED0DD /* Components */,
				ADE3CFC72AE3AFC800CED0DD /* Views */,
			);
			path = Presenters;
			sourceTree = "<group>";
		};
		ADE3CFC42AE3AF8000CED0DD /* Colors */ = {
			isa = PBXGroup;
			children = (
				ADE3CFC52AE3AF9600CED0DD /* AppColor.swift */,
			);
			path = Colors;
			sourceTree = "<group>";
		};
		ADE3CFC72AE3AFC800CED0DD /* Views */ = {
			isa = PBXGroup;
			children = (
				ADBE942A2AFB64DC008A1390 /* coreDataTestView.swift */,
			);
			path = Views;
			sourceTree = "<group>";
		};
		ADE3CFC82AE3AFD100CED0DD /* Components */ = {
			isa = PBXGroup;
			children = (
			);
			path = Components;
			sourceTree = "<group>";
		};
		ADE3CFC92AE3B02F00CED0DD /* Features */ = {
			isa = PBXGroup;
			children = (
				D444C2D12B00A4B00001E36A /* StoryMenu */,
				D41801D62AFC89D60009AFE0 /* Quiz */,
				ADE3CFCA2AE3B05B00CED0DD /* LearningModule */,
				D4FE9D882AF36ACA000DAFEB /* Home */,
				D4C515FA2AFA17D5001A97E5 /* WordSummary */,
			);
			path = Features;
			sourceTree = "<group>";
		};
		ADE3CFCA2AE3B05B00CED0DD /* LearningModule */ = {
			isa = PBXGroup;
			children = (
				ADE3CFCD2AE3B08D00CED0DD /* Models */,
				ADE3CFCC2AE3B08200CED0DD /* ViewModels */,
				ADE3CFCB2AE3B07400CED0DD /* Presenters */,
			);
			path = LearningModule;
			sourceTree = "<group>";
		};
		ADE3CFCB2AE3B07400CED0DD /* Presenters */ = {
			isa = PBXGroup;
			children = (
				ADE3CFCE2AE3B0A500CED0DD /* Views */,
				05025D572AE791EA00178653 /* Extensions */,
				ADE3CFCF2AE3B0AD00CED0DD /* Components */,
			);
			path = Presenters;
			sourceTree = "<group>";
		};
		ADE3CFCC2AE3B08200CED0DD /* ViewModels */ = {
			isa = PBXGroup;
			children = (
			);
			path = ViewModels;
			sourceTree = "<group>";
		};
		ADE3CFCD2AE3B08D00CED0DD /* Models */ = {
			isa = PBXGroup;
			children = (
			);
			path = Models;
			sourceTree = "<group>";
		};
		ADE3CFCE2AE3B0A500CED0DD /* Views */ = {
			isa = PBXGroup;
			children = (
				ADE3CFA62AE3ADA000CED0DD /* LearningModuleView.swift */,
			);
			path = Views;
			sourceTree = "<group>";
		};
		ADE3CFCF2AE3B0AD00CED0DD /* Components */ = {
			isa = PBXGroup;
			children = (
			);
			path = Components;
			sourceTree = "<group>";
		};
		D41801D52AFC89A90009AFE0 /* View */ = {
			isa = PBXGroup;
			children = (
				D42466032AFB7B7B0029D229 /* ConnectImages.swift */,
			);
			path = View;
			sourceTree = "<group>";
		};
		D41801D62AFC89D60009AFE0 /* Quiz */ = {
			isa = PBXGroup;
			children = (
				D42466022AFB7B5E0029D229 /* ConnectImages */,
				D41801D32AFC898E0009AFE0 /* QuizHeader.swift */,
				D4C515FD2AFA182B001A97E5 /* ProgressBar.swift */,
			);
			path = Quiz;
			sourceTree = "<group>";
		};
		D42466022AFB7B5E0029D229 /* ConnectImages */ = {
			isa = PBXGroup;
			children = (
				D41801D52AFC89A90009AFE0 /* View */,
				D42466092AFB7C850029D229 /* Components */,
			);
			path = ConnectImages;
			sourceTree = "<group>";
		};
		D42466092AFB7C850029D229 /* Components */ = {
			isa = PBXGroup;
			children = (
				D42466052AFB7C530029D229 /* ImageContainer.swift */,
				D4D67FB52AFCBAB400659E03 /* Image3DContainer.swift */,
			);
			path = Components;
			sourceTree = "<group>";
		};
		D444C2D12B00A4B00001E36A /* StoryMenu */ = {
			isa = PBXGroup;
			children = (
				D444C2D22B00A4F40001E36A /* Components */,
				D444C2D32B00A5010001E36A /* Views */,
			);
			path = StoryMenu;
			sourceTree = "<group>";
		};
		D444C2D22B00A4F40001E36A /* Components */ = {
			isa = PBXGroup;
			children = (
				D4B3F37B2B00A264008F105F /* ThumbnailPage.swift */,
				D444C2CF2B00A2A50001E36A /* Ribbon.swift */,
			);
			path = Components;
			sourceTree = "<group>";
		};
		D444C2D32B00A5010001E36A /* Views */ = {
			isa = PBXGroup;
			children = (
				D4B3F3792B00A1CD008F105F /* MenuView.swift */,
			);
			path = Views;
			sourceTree = "<group>";
		};
		D46180CC2AFB64FB00370DD3 /* Video */ = {
			isa = PBXGroup;
			children = (
				D46180CA2AFB64F300370DD3 /* E_Bisindo.mp4 */,
				D46180C82AFB629F00370DD3 /* dummy.mp4 */,
			);
			path = Video;
			sourceTree = "<group>";
		};
		D4C515FA2AFA17D5001A97E5 /* WordSummary */ = {
			isa = PBXGroup;
			children = (
				D4C515FB2AFA17F5001A97E5 /* WordSummary.swift */,
				D4C516012AFA751B001A97E5 /* Components */,
			);
			path = WordSummary;
			sourceTree = "<group>";
		};
		D4C516012AFA751B001A97E5 /* Components */ = {
			isa = PBXGroup;
			children = (
				D4C516022AFA7D80001A97E5 /* SummaryHeader.swift */,
				D46180CD2AFB695700370DD3 /* SummaryVideo.swift */,
			);
			path = Components;
			sourceTree = "<group>";
		};
		D4CF4AF82AFAA2BF0046A5D7 /* VideoPlayer */ = {
			isa = PBXGroup;
			children = (
				D46180C32AFB60DD00370DD3 /* VideoPlayerController.swift */,
			);
			path = VideoPlayer;
			sourceTree = "<group>";
		};
		D4FE9D882AF36ACA000DAFEB /* Home */ = {
			isa = PBXGroup;
			children = (
				D4FE9D892AF36AEE000DAFEB /* Views */,
				D4FE9D8D2AF36B98000DAFEB /* Components */,
			);
			path = Home;
			sourceTree = "<group>";
		};
		D4FE9D892AF36AEE000DAFEB /* Views */ = {
			isa = PBXGroup;
			children = (
				D4FE9D862AF358CE000DAFEB /* HomeView.swift */,
			);
			path = Views;
			sourceTree = "<group>";
		};
		D4FE9D8D2AF36B98000DAFEB /* Components */ = {
			isa = PBXGroup;
			children = (
				D4FE9D8A2AF36B19000DAFEB /* HomeHeader.swift */,
				D4FE9D8E2AF36C10000DAFEB /* StoryBook.swift */,
				D4FE434D2AF8D31800952948 /* StoryBookPerCategory.swift */,
				D4BED4C72AF890940049DB30 /* CategoryButton.swift */,
				D4FE434B2AF89EED00952948 /* CategoryMenu.swift */,
			);
			path = Components;
			sourceTree = "<group>";
		};
/* End PBXGroup section */

/* Begin PBXNativeTarget section */
		ADE3CFA02AE3ADA000CED0DD /* BTProjects */ = {
			isa = PBXNativeTarget;
			buildConfigurationList = ADE3CFAF2AE3ADA200CED0DD /* Build configuration list for PBXNativeTarget "BTProjects" */;
			buildPhases = (
				ADE3CF9D2AE3ADA000CED0DD /* Sources */,
				ADE3CF9E2AE3ADA000CED0DD /* Frameworks */,
				ADE3CF9F2AE3ADA000CED0DD /* Resources */,
			);
			buildRules = (
			);
			dependencies = (
			);
			name = BTProjects;
			productName = BTProjects;
			productReference = ADE3CFA12AE3ADA000CED0DD /* BTProjects.app */;
			productType = "com.apple.product-type.application";
		};
/* End PBXNativeTarget section */

/* Begin PBXProject section */
		ADE3CF992AE3ADA000CED0DD /* Project object */ = {
			isa = PBXProject;
			attributes = {
				BuildIndependentTargetsInParallel = 1;
				LastSwiftUpdateCheck = 1500;
				LastUpgradeCheck = 1500;
				TargetAttributes = {
					ADE3CFA02AE3ADA000CED0DD = {
						CreatedOnToolsVersion = 15.0;
					};
				};
			};
			buildConfigurationList = ADE3CF9C2AE3ADA000CED0DD /* Build configuration list for PBXProject "BTProjects" */;
			compatibilityVersion = "Xcode 14.0";
			developmentRegion = en;
			hasScannedForEncodings = 0;
			knownRegions = (
				en,
				Base,
			);
			mainGroup = ADE3CF982AE3ADA000CED0DD;
			productRefGroup = ADE3CFA22AE3ADA000CED0DD /* Products */;
			projectDirPath = "";
			projectRoot = "";
			targets = (
				ADE3CFA02AE3ADA000CED0DD /* BTProjects */,
			);
		};
/* End PBXProject section */

/* Begin PBXResourcesBuildPhase section */
		ADE3CF9F2AE3ADA000CED0DD /* Resources */ = {
			isa = PBXResourcesBuildPhase;
			buildActionMask = 2147483647;
			files = (
				ADE3CFAC2AE3ADA200CED0DD /* Preview Assets.xcassets in Resources */,
				ADBE94252AFB51DE008A1390 /* CategoryData.json in Resources */,
				ADBE941F2AFB47C7008A1390 /* BookData.json in Resources */,
				05025D4F2AE77FD100178653 /* Fredoka-SemiBold.ttf in Resources */,
				05025D4D2AE77FD100178653 /* Fredoka-Light.ttf in Resources */,
				05025D4E2AE77FD100178653 /* Fredoka-Regular.ttf in Resources */,
				D46180CB2AFB64F300370DD3 /* E_Bisindo.mp4 in Resources */,
				D46180C92AFB629F00370DD3 /* dummy.mp4 in Resources */,
				05025D512AE77FD100178653 /* Fredoka-Bold.ttf in Resources */,
				05025D502AE77FD100178653 /* Fredoka-Medium.ttf in Resources */,
				ADE3CFA92AE3ADA200CED0DD /* Assets.xcassets in Resources */,
			);
			runOnlyForDeploymentPostprocessing = 0;
		};
/* End PBXResourcesBuildPhase section */

/* Begin PBXSourcesBuildPhase section */
		ADE3CF9D2AE3ADA000CED0DD /* Sources */ = {
			isa = PBXSourcesBuildPhase;
			buildActionMask = 2147483647;
			files = (
				ADBE942B2AFB64DC008A1390 /* coreDataTestView.swift in Sources */,
				ADE3CFC22AE3AF5B00CED0DD /* PersistenceController.swift in Sources */,
				ADBE941D2AFB42DF008A1390 /* DataFeedManager.swift in Sources */,
				ADBE945C2AFCB752008A1390 /* Answer.swift in Sources */,
				ADE3CFBC2AE3AEBE00CED0DD /* Error.swift in Sources */,
				D41801D42AFC898E0009AFE0 /* QuizHeader.swift in Sources */,
				D42466042AFB7B7B0029D229 /* ConnectImages.swift in Sources */,
				D4FE9D8F2AF36C10000DAFEB /* StoryBook.swift in Sources */,
				D46180CE2AFB695700370DD3 /* SummaryVideo.swift in Sources */,
				D42466062AFB7C530029D229 /* ImageContainer.swift in Sources */,
				ADE3CFA72AE3ADA000CED0DD /* LearningModuleView.swift in Sources */,
				D4C515FE2AFA182B001A97E5 /* ProgressBar.swift in Sources */,
				D4FE9D912AF36EC0000DAFEB /* RoundedCorner.swift in Sources */,
				D4B3F37A2B00A1CD008F105F /* MenuView.swift in Sources */,
				D4FE434C2AF89EED00952948 /* CategoryMenu.swift in Sources */,
				D4FE434E2AF8D31800952948 /* StoryBookPerCategory.swift in Sources */,
				D4FE9D872AF358CE000DAFEB /* HomeView.swift in Sources */,
				D46180D02AFB6D6400370DD3 /* CustomButtonStyle.swift in Sources */,
				ADE3CFC62AE3AF9600CED0DD /* AppColor.swift in Sources */,
				D4BED4C82AF890940049DB30 /* CategoryButton.swift in Sources */,
				ADBE945A2AFCB732008A1390 /* Question.swift in Sources */,
				ADE3CFC62AE3AF9600CED0DD /* AppColor.swift in Sources */,
				ADBE942F2AFB8BB0008A1390 /* AppState.swift in Sources */,
				ADE3CFBF2AE3AF4400CED0DD /* RealmManager.swift in Sources */,
				ADE3CFBA2AE3AE9D00CED0DD /* Prompt.swift in Sources */,
				D4C516032AFA7D80001A97E5 /* SummaryHeader.swift in Sources */,
				05025D562AE78AE200178653 /* ExtensionFonts.swift in Sources */,
				ADBE94272AFB62F2008A1390 /* CodingUserInfoKeyExtention.swift in Sources */,
				ADBE94582AFCB6F7008A1390 /* StoryPage.swift in Sources */,
				ADE3CFA52AE3ADA000CED0DD /* BTProjectsApp.swift in Sources */,
				D46180C42AFB60DD00370DD3 /* VideoPlayerController.swift in Sources */,
				D4B3F37C2B00A264008F105F /* ThumbnailPage.swift in Sources */,
				D444C2D02B00A2A50001E36A /* Ribbon.swift in Sources */,
				D4D67FB62AFCBAB400659E03 /* Image3DContainer.swift in Sources */,
				D4FE9D8B2AF36B19000DAFEB /* HomeHeader.swift in Sources */,
				D4C515FC2AFA17F5001A97E5 /* WordSummary.swift in Sources */,
				ADBE941B2AF3744F008A1390 /* Constant.swift in Sources */,
				ADBE94502AFB8E35008A1390 /* ContentView.swift in Sources */,
				ADBE945E2AFCB781008A1390 /* Word.swift in Sources */,
				ADBE94562AFC88A7008A1390 /* Book.swift in Sources */,
				05025D542AE7817E00178653 /* ExtensionColors.swift in Sources */,
				ADBE94192AEB5383008A1390 /* BTModel.xcdatamodeld in Sources */,
				ADBE94292AFB6360008A1390 /* Category.swift in Sources */,
			);
			runOnlyForDeploymentPostprocessing = 0;
		};
/* End PBXSourcesBuildPhase section */

/* Begin XCBuildConfiguration section */
		ADE3CFAD2AE3ADA200CED0DD /* Debug */ = {
			isa = XCBuildConfiguration;
			buildSettings = {
				ALWAYS_SEARCH_USER_PATHS = NO;
				ASSETCATALOG_COMPILER_GENERATE_SWIFT_ASSET_SYMBOL_EXTENSIONS = YES;
				CLANG_ANALYZER_NONNULL = YES;
				CLANG_ANALYZER_NUMBER_OBJECT_CONVERSION = YES_AGGRESSIVE;
				CLANG_CXX_LANGUAGE_STANDARD = "gnu++20";
				CLANG_ENABLE_MODULES = YES;
				CLANG_ENABLE_OBJC_ARC = YES;
				CLANG_ENABLE_OBJC_WEAK = YES;
				CLANG_WARN_BLOCK_CAPTURE_AUTORELEASING = YES;
				CLANG_WARN_BOOL_CONVERSION = YES;
				CLANG_WARN_COMMA = YES;
				CLANG_WARN_CONSTANT_CONVERSION = YES;
				CLANG_WARN_DEPRECATED_OBJC_IMPLEMENTATIONS = YES;
				CLANG_WARN_DIRECT_OBJC_ISA_USAGE = YES_ERROR;
				CLANG_WARN_DOCUMENTATION_COMMENTS = YES;
				CLANG_WARN_EMPTY_BODY = YES;
				CLANG_WARN_ENUM_CONVERSION = YES;
				CLANG_WARN_INFINITE_RECURSION = YES;
				CLANG_WARN_INT_CONVERSION = YES;
				CLANG_WARN_NON_LITERAL_NULL_CONVERSION = YES;
				CLANG_WARN_OBJC_IMPLICIT_RETAIN_SELF = YES;
				CLANG_WARN_OBJC_LITERAL_CONVERSION = YES;
				CLANG_WARN_OBJC_ROOT_CLASS = YES_ERROR;
				CLANG_WARN_QUOTED_INCLUDE_IN_FRAMEWORK_HEADER = YES;
				CLANG_WARN_RANGE_LOOP_ANALYSIS = YES;
				CLANG_WARN_STRICT_PROTOTYPES = YES;
				CLANG_WARN_SUSPICIOUS_MOVE = YES;
				CLANG_WARN_UNGUARDED_AVAILABILITY = YES_AGGRESSIVE;
				CLANG_WARN_UNREACHABLE_CODE = YES;
				CLANG_WARN__DUPLICATE_METHOD_MATCH = YES;
				COPY_PHASE_STRIP = NO;
				DEBUG_INFORMATION_FORMAT = dwarf;
				ENABLE_STRICT_OBJC_MSGSEND = YES;
				ENABLE_TESTABILITY = YES;
				ENABLE_USER_SCRIPT_SANDBOXING = YES;
				GCC_C_LANGUAGE_STANDARD = gnu17;
				GCC_DYNAMIC_NO_PIC = NO;
				GCC_NO_COMMON_BLOCKS = YES;
				GCC_OPTIMIZATION_LEVEL = 0;
				GCC_PREPROCESSOR_DEFINITIONS = (
					"DEBUG=1",
					"$(inherited)",
				);
				GCC_WARN_64_TO_32_BIT_CONVERSION = YES;
				GCC_WARN_ABOUT_RETURN_TYPE = YES_ERROR;
				GCC_WARN_UNDECLARED_SELECTOR = YES;
				GCC_WARN_UNINITIALIZED_AUTOS = YES_AGGRESSIVE;
				GCC_WARN_UNUSED_FUNCTION = YES;
				GCC_WARN_UNUSED_VARIABLE = YES;
				IPHONEOS_DEPLOYMENT_TARGET = 17.0;
				LOCALIZATION_PREFERS_STRING_CATALOGS = YES;
				MTL_ENABLE_DEBUG_INFO = INCLUDE_SOURCE;
				MTL_FAST_MATH = YES;
				ONLY_ACTIVE_ARCH = YES;
				SDKROOT = iphoneos;
				SWIFT_ACTIVE_COMPILATION_CONDITIONS = "DEBUG $(inherited)";
				SWIFT_OPTIMIZATION_LEVEL = "-Onone";
			};
			name = Debug;
		};
		ADE3CFAE2AE3ADA200CED0DD /* Release */ = {
			isa = XCBuildConfiguration;
			buildSettings = {
				ALWAYS_SEARCH_USER_PATHS = NO;
				ASSETCATALOG_COMPILER_GENERATE_SWIFT_ASSET_SYMBOL_EXTENSIONS = YES;
				CLANG_ANALYZER_NONNULL = YES;
				CLANG_ANALYZER_NUMBER_OBJECT_CONVERSION = YES_AGGRESSIVE;
				CLANG_CXX_LANGUAGE_STANDARD = "gnu++20";
				CLANG_ENABLE_MODULES = YES;
				CLANG_ENABLE_OBJC_ARC = YES;
				CLANG_ENABLE_OBJC_WEAK = YES;
				CLANG_WARN_BLOCK_CAPTURE_AUTORELEASING = YES;
				CLANG_WARN_BOOL_CONVERSION = YES;
				CLANG_WARN_COMMA = YES;
				CLANG_WARN_CONSTANT_CONVERSION = YES;
				CLANG_WARN_DEPRECATED_OBJC_IMPLEMENTATIONS = YES;
				CLANG_WARN_DIRECT_OBJC_ISA_USAGE = YES_ERROR;
				CLANG_WARN_DOCUMENTATION_COMMENTS = YES;
				CLANG_WARN_EMPTY_BODY = YES;
				CLANG_WARN_ENUM_CONVERSION = YES;
				CLANG_WARN_INFINITE_RECURSION = YES;
				CLANG_WARN_INT_CONVERSION = YES;
				CLANG_WARN_NON_LITERAL_NULL_CONVERSION = YES;
				CLANG_WARN_OBJC_IMPLICIT_RETAIN_SELF = YES;
				CLANG_WARN_OBJC_LITERAL_CONVERSION = YES;
				CLANG_WARN_OBJC_ROOT_CLASS = YES_ERROR;
				CLANG_WARN_QUOTED_INCLUDE_IN_FRAMEWORK_HEADER = YES;
				CLANG_WARN_RANGE_LOOP_ANALYSIS = YES;
				CLANG_WARN_STRICT_PROTOTYPES = YES;
				CLANG_WARN_SUSPICIOUS_MOVE = YES;
				CLANG_WARN_UNGUARDED_AVAILABILITY = YES_AGGRESSIVE;
				CLANG_WARN_UNREACHABLE_CODE = YES;
				CLANG_WARN__DUPLICATE_METHOD_MATCH = YES;
				COPY_PHASE_STRIP = NO;
				DEBUG_INFORMATION_FORMAT = "dwarf-with-dsym";
				ENABLE_NS_ASSERTIONS = NO;
				ENABLE_STRICT_OBJC_MSGSEND = YES;
				ENABLE_USER_SCRIPT_SANDBOXING = YES;
				GCC_C_LANGUAGE_STANDARD = gnu17;
				GCC_NO_COMMON_BLOCKS = YES;
				GCC_WARN_64_TO_32_BIT_CONVERSION = YES;
				GCC_WARN_ABOUT_RETURN_TYPE = YES_ERROR;
				GCC_WARN_UNDECLARED_SELECTOR = YES;
				GCC_WARN_UNINITIALIZED_AUTOS = YES_AGGRESSIVE;
				GCC_WARN_UNUSED_FUNCTION = YES;
				GCC_WARN_UNUSED_VARIABLE = YES;
				IPHONEOS_DEPLOYMENT_TARGET = 17.0;
				LOCALIZATION_PREFERS_STRING_CATALOGS = YES;
				MTL_ENABLE_DEBUG_INFO = NO;
				MTL_FAST_MATH = YES;
				SDKROOT = iphoneos;
				SWIFT_COMPILATION_MODE = wholemodule;
				VALIDATE_PRODUCT = YES;
			};
			name = Release;
		};
		ADE3CFB02AE3ADA200CED0DD /* Debug */ = {
			isa = XCBuildConfiguration;
			buildSettings = {
				ASSETCATALOG_COMPILER_APPICON_NAME = AppIcon;
				ASSETCATALOG_COMPILER_GLOBAL_ACCENT_COLOR_NAME = AccentColor;
				CODE_SIGN_STYLE = Automatic;
				CURRENT_PROJECT_VERSION = 1;
				DEVELOPMENT_ASSET_PATHS = "\"BTProjects/Preview Content\"";
				DEVELOPMENT_TEAM = AVMBLQT368;
				ENABLE_PREVIEWS = YES;
				GENERATE_INFOPLIST_FILE = YES;
				INFOPLIST_FILE = BTProjects/Info.plist;
				INFOPLIST_KEY_UIApplicationSceneManifest_Generation = YES;
				INFOPLIST_KEY_UIApplicationSupportsIndirectInputEvents = YES;
				INFOPLIST_KEY_UILaunchScreen_Generation = YES;
				INFOPLIST_KEY_UISupportedInterfaceOrientations_iPad = "UIInterfaceOrientationPortrait UIInterfaceOrientationPortraitUpsideDown UIInterfaceOrientationLandscapeLeft UIInterfaceOrientationLandscapeRight";
				INFOPLIST_KEY_UISupportedInterfaceOrientations_iPhone = "UIInterfaceOrientationPortrait UIInterfaceOrientationLandscapeLeft UIInterfaceOrientationLandscapeRight";
				LD_RUNPATH_SEARCH_PATHS = (
					"$(inherited)",
					"@executable_path/Frameworks",
				);
				MARKETING_VERSION = 1.0;
				PRODUCT_BUNDLE_IDENTIFIER = com.bt6.BTProjects;
				PRODUCT_NAME = "$(TARGET_NAME)";
				SWIFT_EMIT_LOC_STRINGS = YES;
				SWIFT_VERSION = 5.0;
				TARGETED_DEVICE_FAMILY = "1,2";
			};
			name = Debug;
		};
		ADE3CFB12AE3ADA200CED0DD /* Release */ = {
			isa = XCBuildConfiguration;
			buildSettings = {
				ASSETCATALOG_COMPILER_APPICON_NAME = AppIcon;
				ASSETCATALOG_COMPILER_GLOBAL_ACCENT_COLOR_NAME = AccentColor;
				CODE_SIGN_STYLE = Automatic;
				CURRENT_PROJECT_VERSION = 1;
				DEVELOPMENT_ASSET_PATHS = "\"BTProjects/Preview Content\"";
				DEVELOPMENT_TEAM = AVMBLQT368;
				ENABLE_PREVIEWS = YES;
				GENERATE_INFOPLIST_FILE = YES;
				INFOPLIST_FILE = BTProjects/Info.plist;
				INFOPLIST_KEY_UIApplicationSceneManifest_Generation = YES;
				INFOPLIST_KEY_UIApplicationSupportsIndirectInputEvents = YES;
				INFOPLIST_KEY_UILaunchScreen_Generation = YES;
				INFOPLIST_KEY_UISupportedInterfaceOrientations_iPad = "UIInterfaceOrientationPortrait UIInterfaceOrientationPortraitUpsideDown UIInterfaceOrientationLandscapeLeft UIInterfaceOrientationLandscapeRight";
				INFOPLIST_KEY_UISupportedInterfaceOrientations_iPhone = "UIInterfaceOrientationPortrait UIInterfaceOrientationLandscapeLeft UIInterfaceOrientationLandscapeRight";
				LD_RUNPATH_SEARCH_PATHS = (
					"$(inherited)",
					"@executable_path/Frameworks",
				);
				MARKETING_VERSION = 1.0;
				PRODUCT_BUNDLE_IDENTIFIER = com.bt6.BTProjects;
				PRODUCT_NAME = "$(TARGET_NAME)";
				SWIFT_EMIT_LOC_STRINGS = YES;
				SWIFT_VERSION = 5.0;
				TARGETED_DEVICE_FAMILY = "1,2";
			};
			name = Release;
		};
/* End XCBuildConfiguration section */

/* Begin XCConfigurationList section */
		ADE3CF9C2AE3ADA000CED0DD /* Build configuration list for PBXProject "BTProjects" */ = {
			isa = XCConfigurationList;
			buildConfigurations = (
				ADE3CFAD2AE3ADA200CED0DD /* Debug */,
				ADE3CFAE2AE3ADA200CED0DD /* Release */,
			);
			defaultConfigurationIsVisible = 0;
			defaultConfigurationName = Release;
		};
		ADE3CFAF2AE3ADA200CED0DD /* Build configuration list for PBXNativeTarget "BTProjects" */ = {
			isa = XCConfigurationList;
			buildConfigurations = (
				ADE3CFB02AE3ADA200CED0DD /* Debug */,
				ADE3CFB12AE3ADA200CED0DD /* Release */,
			);
			defaultConfigurationIsVisible = 0;
			defaultConfigurationName = Release;
		};
/* End XCConfigurationList section */

/* Begin XCVersionGroup section */
		ADBE94172AEB5383008A1390 /* BTModel.xcdatamodeld */ = {
			isa = XCVersionGroup;
			children = (
				ADBE94182AEB5383008A1390 /* BTModel.xcdatamodel */,
			);
			currentVersion = ADBE94182AEB5383008A1390 /* BTModel.xcdatamodel */;
			path = BTModel.xcdatamodeld;
			sourceTree = "<group>";
			versionGroupType = wrapper.xcdatamodel;
		};
/* End XCVersionGroup section */
	};
	rootObject = ADE3CF992AE3ADA000CED0DD /* Project object */;
}
