// !$*UTF8*$!
{
	archiveVersion = 1;
	classes = {
	};
	objectVersion = 56;
	objects = {

/* Begin PBXBuildFile section */
		05025D4D2AE77FD100178653 /* Fredoka-Light.ttf in Resources */ = {isa = PBXBuildFile; fileRef = 05025D482AE77FD100178653 /* Fredoka-Light.ttf */; };
		05025D4E2AE77FD100178653 /* Fredoka-Regular.ttf in Resources */ = {isa = PBXBuildFile; fileRef = 05025D492AE77FD100178653 /* Fredoka-Regular.ttf */; };
		05025D4F2AE77FD100178653 /* Fredoka-SemiBold.ttf in Resources */ = {isa = PBXBuildFile; fileRef = 05025D4A2AE77FD100178653 /* Fredoka-SemiBold.ttf */; };
		05025D502AE77FD100178653 /* Fredoka-Medium.ttf in Resources */ = {isa = PBXBuildFile; fileRef = 05025D4B2AE77FD100178653 /* Fredoka-Medium.ttf */; };
		05025D512AE77FD100178653 /* Fredoka-Bold.ttf in Resources */ = {isa = PBXBuildFile; fileRef = 05025D4C2AE77FD100178653 /* Fredoka-Bold.ttf */; };
		05025D542AE7817E00178653 /* ExtensionColors.swift in Sources */ = {isa = PBXBuildFile; fileRef = 05025D532AE7817E00178653 /* ExtensionColors.swift */; };
		05025D562AE78AE200178653 /* ExtensionFonts.swift in Sources */ = {isa = PBXBuildFile; fileRef = 05025D552AE78AE200178653 /* ExtensionFonts.swift */; };
		055ED2432B00711C000896E7 /* BookCoverView.swift in Sources */ = {isa = PBXBuildFile; fileRef = 055ED2422B00711C000896E7 /* BookCoverView.swift */; };
		055ED2472B007241000896E7 /* StoryCoverBackground.swift in Sources */ = {isa = PBXBuildFile; fileRef = 055ED2462B007241000896E7 /* StoryCoverBackground.swift */; };
		055ED2492B0072AB000896E7 /* StoryCoverBook.swift in Sources */ = {isa = PBXBuildFile; fileRef = 055ED2482B0072AB000896E7 /* StoryCoverBook.swift */; };
		057EDDDC2AFB939000A85B51 /* TirukanCorrect.swift in Sources */ = {isa = PBXBuildFile; fileRef = 057EDDDB2AFB939000A85B51 /* TirukanCorrect.swift */; };
		057EDDE22AFB9D2500A85B51 /* LottieView.swift in Sources */ = {isa = PBXBuildFile; fileRef = 057EDDE12AFB9D2500A85B51 /* LottieView.swift */; };
		057EDDE72AFB9E2A00A85B51 /* correct.json in Resources */ = {isa = PBXBuildFile; fileRef = 057EDDE62AFB9E2A00A85B51 /* correct.json */; };
		057EDDEA2AFC7B7400A85B51 /* ExitState.swift in Sources */ = {isa = PBXBuildFile; fileRef = 057EDDE92AFC7B7400A85B51 /* ExitState.swift */; };
		057EDDEC2AFC831200A85B51 /* CorrectState.swift in Sources */ = {isa = PBXBuildFile; fileRef = 057EDDEB2AFC831200A85B51 /* CorrectState.swift */; };
		057EDDEF2AFC8A5000A85B51 /* MultipleChoiceVideo.swift in Sources */ = {isa = PBXBuildFile; fileRef = 057EDDEE2AFC8A5000A85B51 /* MultipleChoiceVideo.swift */; };
		057EDDF12AFC8B7500A85B51 /* MultipleChoiceBackground.swift in Sources */ = {isa = PBXBuildFile; fileRef = 057EDDF02AFC8B7500A85B51 /* MultipleChoiceBackground.swift */; };
		057EDDF32AFC8BB900A85B51 /* MultipleChoiceImage.swift in Sources */ = {isa = PBXBuildFile; fileRef = 057EDDF22AFC8BB900A85B51 /* MultipleChoiceImage.swift */; };
		057EDDF52AFC8C4600A85B51 /* MultipleChoiceView.swift in Sources */ = {isa = PBXBuildFile; fileRef = 057EDDF42AFC8C4600A85B51 /* MultipleChoiceView.swift */; };
		057EDDF72AFC8C8F00A85B51 /* MultipleChoiceTopBar.swift in Sources */ = {isa = PBXBuildFile; fileRef = 057EDDF62AFC8C8F00A85B51 /* MultipleChoiceTopBar.swift */; };
		057EDDF92AFC8CA300A85B51 /* MultipleChoiceProgressBar.swift in Sources */ = {isa = PBXBuildFile; fileRef = 057EDDF82AFC8CA300A85B51 /* MultipleChoiceProgressBar.swift */; };
		057EDDFB2AFC8D6300A85B51 /* MultipleChoiceQuestion.swift in Sources */ = {isa = PBXBuildFile; fileRef = 057EDDFA2AFC8D6300A85B51 /* MultipleChoiceQuestion.swift */; };
		057EDDFD2AFC8DCF00A85B51 /* MultipleChoiceAnswers.swift in Sources */ = {isa = PBXBuildFile; fileRef = 057EDDFC2AFC8DCF00A85B51 /* MultipleChoiceAnswers.swift */; };
		057EDDFF2AFC8DFA00A85B51 /* MultipleChoiceBottomBar.swift in Sources */ = {isa = PBXBuildFile; fileRef = 057EDDFE2AFC8DFA00A85B51 /* MultipleChoiceBottomBar.swift */; };
		057EDE032AFE30A600A85B51 /* MultipleCardChoice.swift in Sources */ = {isa = PBXBuildFile; fileRef = 057EDE022AFE30A600A85B51 /* MultipleCardChoice.swift */; };
		057EDE082AFE323E00A85B51 /* TripleChoiceBackground.swift in Sources */ = {isa = PBXBuildFile; fileRef = 057EDE072AFE323E00A85B51 /* TripleChoiceBackground.swift */; };
		057EDE0A2AFE325E00A85B51 /* TripleChoiceProgressBar.swift in Sources */ = {isa = PBXBuildFile; fileRef = 057EDE092AFE325E00A85B51 /* TripleChoiceProgressBar.swift */; };
		057EDE0C2AFE327E00A85B51 /* TripleChoiceVideo.swift in Sources */ = {isa = PBXBuildFile; fileRef = 057EDE0B2AFE327E00A85B51 /* TripleChoiceVideo.swift */; };
		057EDE0E2AFE32FE00A85B51 /* TripleChoiceQuestion.swift in Sources */ = {isa = PBXBuildFile; fileRef = 057EDE0D2AFE32FE00A85B51 /* TripleChoiceQuestion.swift */; };
		057EDE102AFE332900A85B51 /* TripleChoiceView.swift in Sources */ = {isa = PBXBuildFile; fileRef = 057EDE0F2AFE332900A85B51 /* TripleChoiceView.swift */; };
		057EDE122AFE336200A85B51 /* TripleChoiceTopBar.swift in Sources */ = {isa = PBXBuildFile; fileRef = 057EDE112AFE336200A85B51 /* TripleChoiceTopBar.swift */; };
		057EDE142AFE33FC00A85B51 /* TripleChoiceAnswers.swift in Sources */ = {isa = PBXBuildFile; fileRef = 057EDE132AFE33FC00A85B51 /* TripleChoiceAnswers.swift */; };
		057EDE162AFE346F00A85B51 /* TripleChoiceBottomBar.swift in Sources */ = {isa = PBXBuildFile; fileRef = 057EDE152AFE346F00A85B51 /* TripleChoiceBottomBar.swift */; };
		057EDE182AFE37A200A85B51 /* TripleCardChoice.swift in Sources */ = {isa = PBXBuildFile; fileRef = 057EDE172AFE37A200A85B51 /* TripleCardChoice.swift */; };
		05803EB72B007F4200F7555A /* StoryCoverContent.swift in Sources */ = {isa = PBXBuildFile; fileRef = 05803EB62B007F4200F7555A /* StoryCoverContent.swift */; };
		0596F83C2AFB728500328297 /* ARSCNCameraView.swift in Sources */ = {isa = PBXBuildFile; fileRef = 0596F83B2AFB728500328297 /* ARSCNCameraView.swift */; };
		0596F83E2AFB72C900328297 /* ARSCNCameraContainer.swift in Sources */ = {isa = PBXBuildFile; fileRef = 0596F83D2AFB72C900328297 /* ARSCNCameraContainer.swift */; };
		0596F8402AFB74EC00328297 /* TirukanProgress.swift in Sources */ = {isa = PBXBuildFile; fileRef = 0596F83F2AFB74EC00328297 /* TirukanProgress.swift */; };
		059ED8342AFA126B00AB7630 /* TirukanView.swift in Sources */ = {isa = PBXBuildFile; fileRef = 059ED8332AFA126B00AB7630 /* TirukanView.swift */; };
		059ED83F2AFA129C00AB7630 /* StoryVideo.swift in Sources */ = {isa = PBXBuildFile; fileRef = 059ED8392AFA129C00AB7630 /* StoryVideo.swift */; };
		059ED8402AFA129C00AB7630 /* StoryText.swift in Sources */ = {isa = PBXBuildFile; fileRef = 059ED83A2AFA129C00AB7630 /* StoryText.swift */; };
		059ED8422AFA129C00AB7630 /* StoryBackground.swift in Sources */ = {isa = PBXBuildFile; fileRef = 059ED83C2AFA129C00AB7630 /* StoryBackground.swift */; };
		059ED8462AFA133B00AB7630 /* E_Bisindo.mp4 in Resources */ = {isa = PBXBuildFile; fileRef = 059ED8442AFA133B00AB7630 /* E_Bisindo.mp4 */; };
		059ED8472AFA133B00AB7630 /* dummy.mp4 in Resources */ = {isa = PBXBuildFile; fileRef = 059ED8452AFA133B00AB7630 /* dummy.mp4 */; };
		059ED84A2AFA15FE00AB7630 /* TirukanTopBar.swift in Sources */ = {isa = PBXBuildFile; fileRef = 059ED8492AFA15FE00AB7630 /* TirukanTopBar.swift */; };
		059ED84C2AFA168300AB7630 /* TirukanBackground.swift in Sources */ = {isa = PBXBuildFile; fileRef = 059ED84B2AFA168300AB7630 /* TirukanBackground.swift */; };
		059ED84E2AFA173400AB7630 /* TirukanText.swift in Sources */ = {isa = PBXBuildFile; fileRef = 059ED84D2AFA173400AB7630 /* TirukanText.swift */; };
		059ED8502AFA180500AB7630 /* TirukanVideo.swift in Sources */ = {isa = PBXBuildFile; fileRef = 059ED84F2AFA180500AB7630 /* TirukanVideo.swift */; };
		059ED8522AFA186200AB7630 /* TirukanBottomBar.swift in Sources */ = {isa = PBXBuildFile; fileRef = 059ED8512AFA186200AB7630 /* TirukanBottomBar.swift */; };
		059ED8542AFA1A4B00AB7630 /* TirukanCamera.swift in Sources */ = {isa = PBXBuildFile; fileRef = 059ED8532AFA1A4B00AB7630 /* TirukanCamera.swift */; };
		05D046112AF8F26B0029D747 /* StoryView.swift in Sources */ = {isa = PBXBuildFile; fileRef = 05D046102AF8F26B0029D747 /* StoryView.swift */; };
		AD4D95672AFE45420035E006 /* HomeHeader.swift in Sources */ = {isa = PBXBuildFile; fileRef = AD4D95612AFE45420035E006 /* HomeHeader.swift */; };
		AD4D95682AFE45420035E006 /* StoryBookPerCategory.swift in Sources */ = {isa = PBXBuildFile; fileRef = AD4D95622AFE45420035E006 /* StoryBookPerCategory.swift */; };
		AD4D95692AFE45420035E006 /* StoryBook.swift in Sources */ = {isa = PBXBuildFile; fileRef = AD4D95632AFE45420035E006 /* StoryBook.swift */; };
		AD4D956A2AFE45420035E006 /* CategoryButton.swift in Sources */ = {isa = PBXBuildFile; fileRef = AD4D95642AFE45420035E006 /* CategoryButton.swift */; };
		AD4D956B2AFE45420035E006 /* CategoryMenu.swift in Sources */ = {isa = PBXBuildFile; fileRef = AD4D95652AFE45420035E006 /* CategoryMenu.swift */; };
		AD4D956C2AFE45420035E006 /* CategorySelection.swift in Sources */ = {isa = PBXBuildFile; fileRef = AD4D95662AFE45420035E006 /* CategorySelection.swift */; };
		AD4D956F2AFE456B0035E006 /* HomeView.swift in Sources */ = {isa = PBXBuildFile; fileRef = AD4D956D2AFE456B0035E006 /* HomeView.swift */; };
		AD4D95742AFE45AA0035E006 /* HomeViewModel.swift in Sources */ = {isa = PBXBuildFile; fileRef = AD4D95732AFE45AA0035E006 /* HomeViewModel.swift */; };
		AD4D95762AFE45B40035E006 /* WordSummary.swift in Sources */ = {isa = PBXBuildFile; fileRef = AD4D95752AFE45B40035E006 /* WordSummary.swift */; };
		AD4D95792AFE45C10035E006 /* SummaryHeader.swift in Sources */ = {isa = PBXBuildFile; fileRef = AD4D95772AFE45C10035E006 /* SummaryHeader.swift */; };
		AD4D957A2AFE45C10035E006 /* SummaryVideo.swift in Sources */ = {isa = PBXBuildFile; fileRef = AD4D95782AFE45C10035E006 /* SummaryVideo.swift */; };
		AD4D958C2AFE46D10035E006 /* Image3DContainer.swift in Sources */ = {isa = PBXBuildFile; fileRef = AD4D958A2AFE46D10035E006 /* Image3DContainer.swift */; };
		AD4D958D2AFE46D10035E006 /* ImageContainer.swift in Sources */ = {isa = PBXBuildFile; fileRef = AD4D958B2AFE46D10035E006 /* ImageContainer.swift */; };
		AD6470922B02247E00B275D4 /* ProgressBar.swift in Sources */ = {isa = PBXBuildFile; fileRef = AD6470912B02247E00B275D4 /* ProgressBar.swift */; };
		AD751D292B01E852002B3033 /* BookView.swift in Sources */ = {isa = PBXBuildFile; fileRef = AD751D282B01E852002B3033 /* BookView.swift */; };
		AD7551312AFE50F0006842B5 /* VideoPlayerController.swift in Sources */ = {isa = PBXBuildFile; fileRef = AD7551302AFE50F0006842B5 /* VideoPlayerController.swift */; };
		AD75513C2AFFFA16006842B5 /* Lottie in Frameworks */ = {isa = PBXBuildFile; productRef = AD75513B2AFFFA16006842B5 /* Lottie */; };
		AD75513E2AFFFBDF006842B5 /* PersistenceController.swift in Sources */ = {isa = PBXBuildFile; fileRef = AD75513D2AFFFBDF006842B5 /* PersistenceController.swift */; };
		AD7551402AFFFC48006842B5 /* BTProjectsApp.swift in Sources */ = {isa = PBXBuildFile; fileRef = AD75513F2AFFFC48006842B5 /* BTProjectsApp.swift */; };
		ADBE94192AEB5383008A1390 /* BTModel.xcdatamodeld in Sources */ = {isa = PBXBuildFile; fileRef = ADBE94172AEB5383008A1390 /* BTModel.xcdatamodeld */; };
		ADBE941B2AF3744F008A1390 /* Constant.swift in Sources */ = {isa = PBXBuildFile; fileRef = ADBE941A2AF3744F008A1390 /* Constant.swift */; };
		ADBE941D2AFB42DF008A1390 /* DataFeedManager.swift in Sources */ = {isa = PBXBuildFile; fileRef = ADBE941C2AFB42DF008A1390 /* DataFeedManager.swift */; };
		ADBE941F2AFB47C7008A1390 /* BookData.json in Resources */ = {isa = PBXBuildFile; fileRef = ADBE941E2AFB47C7008A1390 /* BookData.json */; };
		ADBE94252AFB51DE008A1390 /* CategoryData.json in Resources */ = {isa = PBXBuildFile; fileRef = ADBE94242AFB51DE008A1390 /* CategoryData.json */; };
		ADBE94272AFB62F2008A1390 /* CodingUserInfoKeyExtention.swift in Sources */ = {isa = PBXBuildFile; fileRef = ADBE94262AFB62F2008A1390 /* CodingUserInfoKeyExtention.swift */; };
		ADBE94292AFB6360008A1390 /* Category.swift in Sources */ = {isa = PBXBuildFile; fileRef = ADBE94282AFB6360008A1390 /* Category.swift */; };
		ADBE942B2AFB64DC008A1390 /* coreDataTestView.swift in Sources */ = {isa = PBXBuildFile; fileRef = ADBE942A2AFB64DC008A1390 /* coreDataTestView.swift */; };
		ADBE942F2AFB8BB0008A1390 /* AppState.swift in Sources */ = {isa = PBXBuildFile; fileRef = ADBE942E2AFB8BB0008A1390 /* AppState.swift */; };
		ADBE94502AFB8E35008A1390 /* ContentView.swift in Sources */ = {isa = PBXBuildFile; fileRef = ADBE944F2AFB8E35008A1390 /* ContentView.swift */; };
		ADBE94562AFC88A7008A1390 /* Book.swift in Sources */ = {isa = PBXBuildFile; fileRef = ADBE94552AFC88A7008A1390 /* Book.swift */; };
		ADBE94582AFCB6F7008A1390 /* StoryPage.swift in Sources */ = {isa = PBXBuildFile; fileRef = ADBE94572AFCB6F7008A1390 /* StoryPage.swift */; };
		ADBE945A2AFCB732008A1390 /* Question.swift in Sources */ = {isa = PBXBuildFile; fileRef = ADBE94592AFCB732008A1390 /* Question.swift */; };
		ADBE945C2AFCB752008A1390 /* Answer.swift in Sources */ = {isa = PBXBuildFile; fileRef = ADBE945B2AFCB752008A1390 /* Answer.swift */; };
		ADBE945E2AFCB781008A1390 /* Word.swift in Sources */ = {isa = PBXBuildFile; fileRef = ADBE945D2AFCB781008A1390 /* Word.swift */; };
		ADE3CFA72AE3ADA000CED0DD /* LearningModuleView.swift in Sources */ = {isa = PBXBuildFile; fileRef = ADE3CFA62AE3ADA000CED0DD /* LearningModuleView.swift */; };
		ADE3CFA92AE3ADA200CED0DD /* Assets.xcassets in Resources */ = {isa = PBXBuildFile; fileRef = ADE3CFA82AE3ADA200CED0DD /* Assets.xcassets */; };
		ADE3CFAC2AE3ADA200CED0DD /* Preview Assets.xcassets in Resources */ = {isa = PBXBuildFile; fileRef = ADE3CFAB2AE3ADA200CED0DD /* Preview Assets.xcassets */; };
		ADE3CFBA2AE3AE9D00CED0DD /* Prompt.swift in Sources */ = {isa = PBXBuildFile; fileRef = ADE3CFB92AE3AE9D00CED0DD /* Prompt.swift */; };
		D444C2D02B00A2A50001E36A /* Ribbon.swift in Sources */ = {isa = PBXBuildFile; fileRef = D444C2CF2B00A2A50001E36A /* Ribbon.swift */; };
		D46180D02AFB6D6400370DD3 /* CustomButtonStyle.swift in Sources */ = {isa = PBXBuildFile; fileRef = D46180CF2AFB6D6400370DD3 /* CustomButtonStyle.swift */; };
		D4B3F37A2B00A1CD008F105F /* MenuView.swift in Sources */ = {isa = PBXBuildFile; fileRef = D4B3F3792B00A1CD008F105F /* MenuView.swift */; };
		D4B3F37C2B00A264008F105F /* ThumbnailPage.swift in Sources */ = {isa = PBXBuildFile; fileRef = D4B3F37B2B00A264008F105F /* ThumbnailPage.swift */; };
		D4F8353C2B0231CC009CB48B /* Header.swift in Sources */ = {isa = PBXBuildFile; fileRef = D4F8353B2B0231CC009CB48B /* Header.swift */; };
		D4F8353E2B023B32009CB48B /* ConnectImagesView.swift in Sources */ = {isa = PBXBuildFile; fileRef = D4F8353D2B023B32009CB48B /* ConnectImagesView.swift */; };
		D4F835402B02423D009CB48B /* Footer.swift in Sources */ = {isa = PBXBuildFile; fileRef = D4F8353F2B02423D009CB48B /* Footer.swift */; };
		D4FE9D912AF36EC0000DAFEB /* RoundedCorner.swift in Sources */ = {isa = PBXBuildFile; fileRef = D4FE9D902AF36EC0000DAFEB /* RoundedCorner.swift */; };
/* End PBXBuildFile section */

/* Begin PBXFileReference section */
		05025D482AE77FD100178653 /* Fredoka-Light.ttf */ = {isa = PBXFileReference; lastKnownFileType = file; path = "Fredoka-Light.ttf"; sourceTree = "<group>"; };
		05025D492AE77FD100178653 /* Fredoka-Regular.ttf */ = {isa = PBXFileReference; lastKnownFileType = file; path = "Fredoka-Regular.ttf"; sourceTree = "<group>"; };
		05025D4A2AE77FD100178653 /* Fredoka-SemiBold.ttf */ = {isa = PBXFileReference; lastKnownFileType = file; path = "Fredoka-SemiBold.ttf"; sourceTree = "<group>"; };
		05025D4B2AE77FD100178653 /* Fredoka-Medium.ttf */ = {isa = PBXFileReference; lastKnownFileType = file; path = "Fredoka-Medium.ttf"; sourceTree = "<group>"; };
		05025D4C2AE77FD100178653 /* Fredoka-Bold.ttf */ = {isa = PBXFileReference; lastKnownFileType = file; path = "Fredoka-Bold.ttf"; sourceTree = "<group>"; };
		05025D522AE77FDE00178653 /* Info.plist */ = {isa = PBXFileReference; lastKnownFileType = text.plist; path = Info.plist; sourceTree = "<group>"; };
		05025D532AE7817E00178653 /* ExtensionColors.swift */ = {isa = PBXFileReference; lastKnownFileType = sourcecode.swift; path = ExtensionColors.swift; sourceTree = "<group>"; };
		05025D552AE78AE200178653 /* ExtensionFonts.swift */ = {isa = PBXFileReference; lastKnownFileType = sourcecode.swift; path = ExtensionFonts.swift; sourceTree = "<group>"; };
		055ED2422B00711C000896E7 /* BookCoverView.swift */ = {isa = PBXFileReference; lastKnownFileType = sourcecode.swift; path = BookCoverView.swift; sourceTree = "<group>"; };
		055ED2462B007241000896E7 /* StoryCoverBackground.swift */ = {isa = PBXFileReference; lastKnownFileType = sourcecode.swift; path = StoryCoverBackground.swift; sourceTree = "<group>"; };
		055ED2482B0072AB000896E7 /* StoryCoverBook.swift */ = {isa = PBXFileReference; lastKnownFileType = sourcecode.swift; path = StoryCoverBook.swift; sourceTree = "<group>"; };
		057EDDDB2AFB939000A85B51 /* TirukanCorrect.swift */ = {isa = PBXFileReference; lastKnownFileType = sourcecode.swift; path = TirukanCorrect.swift; sourceTree = "<group>"; };
		057EDDE12AFB9D2500A85B51 /* LottieView.swift */ = {isa = PBXFileReference; lastKnownFileType = sourcecode.swift; path = LottieView.swift; sourceTree = "<group>"; };
		057EDDE62AFB9E2A00A85B51 /* correct.json */ = {isa = PBXFileReference; fileEncoding = 4; lastKnownFileType = text.json; path = correct.json; sourceTree = "<group>"; };
		057EDDE92AFC7B7400A85B51 /* ExitState.swift */ = {isa = PBXFileReference; lastKnownFileType = sourcecode.swift; path = ExitState.swift; sourceTree = "<group>"; };
		057EDDEB2AFC831200A85B51 /* CorrectState.swift */ = {isa = PBXFileReference; lastKnownFileType = sourcecode.swift; path = CorrectState.swift; sourceTree = "<group>"; };
		057EDDEE2AFC8A5000A85B51 /* MultipleChoiceVideo.swift */ = {isa = PBXFileReference; lastKnownFileType = sourcecode.swift; path = MultipleChoiceVideo.swift; sourceTree = "<group>"; };
		057EDDF02AFC8B7500A85B51 /* MultipleChoiceBackground.swift */ = {isa = PBXFileReference; lastKnownFileType = sourcecode.swift; path = MultipleChoiceBackground.swift; sourceTree = "<group>"; };
		057EDDF22AFC8BB900A85B51 /* MultipleChoiceImage.swift */ = {isa = PBXFileReference; lastKnownFileType = sourcecode.swift; path = MultipleChoiceImage.swift; sourceTree = "<group>"; };
		057EDDF42AFC8C4600A85B51 /* MultipleChoiceView.swift */ = {isa = PBXFileReference; lastKnownFileType = sourcecode.swift; path = MultipleChoiceView.swift; sourceTree = "<group>"; };
		057EDDF62AFC8C8F00A85B51 /* MultipleChoiceTopBar.swift */ = {isa = PBXFileReference; lastKnownFileType = sourcecode.swift; path = MultipleChoiceTopBar.swift; sourceTree = "<group>"; };
		057EDDF82AFC8CA300A85B51 /* MultipleChoiceProgressBar.swift */ = {isa = PBXFileReference; lastKnownFileType = sourcecode.swift; path = MultipleChoiceProgressBar.swift; sourceTree = "<group>"; };
		057EDDFA2AFC8D6300A85B51 /* MultipleChoiceQuestion.swift */ = {isa = PBXFileReference; lastKnownFileType = sourcecode.swift; path = MultipleChoiceQuestion.swift; sourceTree = "<group>"; };
		057EDDFC2AFC8DCF00A85B51 /* MultipleChoiceAnswers.swift */ = {isa = PBXFileReference; lastKnownFileType = sourcecode.swift; path = MultipleChoiceAnswers.swift; sourceTree = "<group>"; };
		057EDDFE2AFC8DFA00A85B51 /* MultipleChoiceBottomBar.swift */ = {isa = PBXFileReference; lastKnownFileType = sourcecode.swift; path = MultipleChoiceBottomBar.swift; sourceTree = "<group>"; };
		057EDE022AFE30A600A85B51 /* MultipleCardChoice.swift */ = {isa = PBXFileReference; lastKnownFileType = sourcecode.swift; path = MultipleCardChoice.swift; sourceTree = "<group>"; };
		057EDE072AFE323E00A85B51 /* TripleChoiceBackground.swift */ = {isa = PBXFileReference; lastKnownFileType = sourcecode.swift; path = TripleChoiceBackground.swift; sourceTree = "<group>"; };
		057EDE092AFE325E00A85B51 /* TripleChoiceProgressBar.swift */ = {isa = PBXFileReference; lastKnownFileType = sourcecode.swift; path = TripleChoiceProgressBar.swift; sourceTree = "<group>"; };
		057EDE0B2AFE327E00A85B51 /* TripleChoiceVideo.swift */ = {isa = PBXFileReference; lastKnownFileType = sourcecode.swift; path = TripleChoiceVideo.swift; sourceTree = "<group>"; };
		057EDE0D2AFE32FE00A85B51 /* TripleChoiceQuestion.swift */ = {isa = PBXFileReference; lastKnownFileType = sourcecode.swift; path = TripleChoiceQuestion.swift; sourceTree = "<group>"; };
		057EDE0F2AFE332900A85B51 /* TripleChoiceView.swift */ = {isa = PBXFileReference; lastKnownFileType = sourcecode.swift; path = TripleChoiceView.swift; sourceTree = "<group>"; };
		057EDE112AFE336200A85B51 /* TripleChoiceTopBar.swift */ = {isa = PBXFileReference; lastKnownFileType = sourcecode.swift; path = TripleChoiceTopBar.swift; sourceTree = "<group>"; };
		057EDE132AFE33FC00A85B51 /* TripleChoiceAnswers.swift */ = {isa = PBXFileReference; lastKnownFileType = sourcecode.swift; path = TripleChoiceAnswers.swift; sourceTree = "<group>"; };
		057EDE152AFE346F00A85B51 /* TripleChoiceBottomBar.swift */ = {isa = PBXFileReference; lastKnownFileType = sourcecode.swift; path = TripleChoiceBottomBar.swift; sourceTree = "<group>"; };
		057EDE172AFE37A200A85B51 /* TripleCardChoice.swift */ = {isa = PBXFileReference; lastKnownFileType = sourcecode.swift; path = TripleCardChoice.swift; sourceTree = "<group>"; };
		05803EB62B007F4200F7555A /* StoryCoverContent.swift */ = {isa = PBXFileReference; lastKnownFileType = sourcecode.swift; path = StoryCoverContent.swift; sourceTree = "<group>"; };
		0596F83B2AFB728500328297 /* ARSCNCameraView.swift */ = {isa = PBXFileReference; lastKnownFileType = sourcecode.swift; path = ARSCNCameraView.swift; sourceTree = "<group>"; };
		0596F83D2AFB72C900328297 /* ARSCNCameraContainer.swift */ = {isa = PBXFileReference; lastKnownFileType = sourcecode.swift; path = ARSCNCameraContainer.swift; sourceTree = "<group>"; };
		0596F83F2AFB74EC00328297 /* TirukanProgress.swift */ = {isa = PBXFileReference; lastKnownFileType = sourcecode.swift; path = TirukanProgress.swift; sourceTree = "<group>"; };
		059ED8332AFA126B00AB7630 /* TirukanView.swift */ = {isa = PBXFileReference; lastKnownFileType = sourcecode.swift; path = TirukanView.swift; sourceTree = "<group>"; };
		059ED8392AFA129C00AB7630 /* StoryVideo.swift */ = {isa = PBXFileReference; fileEncoding = 4; lastKnownFileType = sourcecode.swift; path = StoryVideo.swift; sourceTree = "<group>"; };
		059ED83A2AFA129C00AB7630 /* StoryText.swift */ = {isa = PBXFileReference; fileEncoding = 4; lastKnownFileType = sourcecode.swift; path = StoryText.swift; sourceTree = "<group>"; };
		059ED83C2AFA129C00AB7630 /* StoryBackground.swift */ = {isa = PBXFileReference; fileEncoding = 4; lastKnownFileType = sourcecode.swift; path = StoryBackground.swift; sourceTree = "<group>"; };
		059ED8442AFA133B00AB7630 /* E_Bisindo.mp4 */ = {isa = PBXFileReference; lastKnownFileType = file; path = E_Bisindo.mp4; sourceTree = "<group>"; };
		059ED8452AFA133B00AB7630 /* dummy.mp4 */ = {isa = PBXFileReference; lastKnownFileType = file; path = dummy.mp4; sourceTree = "<group>"; };
		059ED8492AFA15FE00AB7630 /* TirukanTopBar.swift */ = {isa = PBXFileReference; lastKnownFileType = sourcecode.swift; path = TirukanTopBar.swift; sourceTree = "<group>"; };
		059ED84B2AFA168300AB7630 /* TirukanBackground.swift */ = {isa = PBXFileReference; lastKnownFileType = sourcecode.swift; path = TirukanBackground.swift; sourceTree = "<group>"; };
		059ED84D2AFA173400AB7630 /* TirukanText.swift */ = {isa = PBXFileReference; lastKnownFileType = sourcecode.swift; path = TirukanText.swift; sourceTree = "<group>"; };
		059ED84F2AFA180500AB7630 /* TirukanVideo.swift */ = {isa = PBXFileReference; lastKnownFileType = sourcecode.swift; path = TirukanVideo.swift; sourceTree = "<group>"; };
		059ED8512AFA186200AB7630 /* TirukanBottomBar.swift */ = {isa = PBXFileReference; lastKnownFileType = sourcecode.swift; path = TirukanBottomBar.swift; sourceTree = "<group>"; };
		059ED8532AFA1A4B00AB7630 /* TirukanCamera.swift */ = {isa = PBXFileReference; lastKnownFileType = sourcecode.swift; path = TirukanCamera.swift; sourceTree = "<group>"; };
		05D046102AF8F26B0029D747 /* StoryView.swift */ = {isa = PBXFileReference; fileEncoding = 4; lastKnownFileType = sourcecode.swift; path = StoryView.swift; sourceTree = "<group>"; };
		AD4D95612AFE45420035E006 /* HomeHeader.swift */ = {isa = PBXFileReference; fileEncoding = 4; lastKnownFileType = sourcecode.swift; path = HomeHeader.swift; sourceTree = "<group>"; };
		AD4D95622AFE45420035E006 /* StoryBookPerCategory.swift */ = {isa = PBXFileReference; fileEncoding = 4; lastKnownFileType = sourcecode.swift; path = StoryBookPerCategory.swift; sourceTree = "<group>"; };
		AD4D95632AFE45420035E006 /* StoryBook.swift */ = {isa = PBXFileReference; fileEncoding = 4; lastKnownFileType = sourcecode.swift; path = StoryBook.swift; sourceTree = "<group>"; };
		AD4D95642AFE45420035E006 /* CategoryButton.swift */ = {isa = PBXFileReference; fileEncoding = 4; lastKnownFileType = sourcecode.swift; path = CategoryButton.swift; sourceTree = "<group>"; };
		AD4D95652AFE45420035E006 /* CategoryMenu.swift */ = {isa = PBXFileReference; fileEncoding = 4; lastKnownFileType = sourcecode.swift; path = CategoryMenu.swift; sourceTree = "<group>"; };
		AD4D95662AFE45420035E006 /* CategorySelection.swift */ = {isa = PBXFileReference; fileEncoding = 4; lastKnownFileType = sourcecode.swift; path = CategorySelection.swift; sourceTree = "<group>"; };
		AD4D956D2AFE456B0035E006 /* HomeView.swift */ = {isa = PBXFileReference; fileEncoding = 4; lastKnownFileType = sourcecode.swift; path = HomeView.swift; sourceTree = "<group>"; };
		AD4D95732AFE45AA0035E006 /* HomeViewModel.swift */ = {isa = PBXFileReference; fileEncoding = 4; lastKnownFileType = sourcecode.swift; path = HomeViewModel.swift; sourceTree = "<group>"; };
		AD4D95752AFE45B40035E006 /* WordSummary.swift */ = {isa = PBXFileReference; fileEncoding = 4; lastKnownFileType = sourcecode.swift; path = WordSummary.swift; sourceTree = "<group>"; };
		AD4D95772AFE45C10035E006 /* SummaryHeader.swift */ = {isa = PBXFileReference; fileEncoding = 4; lastKnownFileType = sourcecode.swift; path = SummaryHeader.swift; sourceTree = "<group>"; };
		AD4D95782AFE45C10035E006 /* SummaryVideo.swift */ = {isa = PBXFileReference; fileEncoding = 4; lastKnownFileType = sourcecode.swift; path = SummaryVideo.swift; sourceTree = "<group>"; };
		AD4D957D2AFE45D80035E006 /* E_Bisindo.mp4 */ = {isa = PBXFileReference; lastKnownFileType = file; path = E_Bisindo.mp4; sourceTree = "<group>"; };
		AD4D957E2AFE45D80035E006 /* dummy.mp4 */ = {isa = PBXFileReference; lastKnownFileType = file; path = dummy.mp4; sourceTree = "<group>"; };
		AD4D958A2AFE46D10035E006 /* Image3DContainer.swift */ = {isa = PBXFileReference; fileEncoding = 4; lastKnownFileType = sourcecode.swift; path = Image3DContainer.swift; sourceTree = "<group>"; };
		AD4D958B2AFE46D10035E006 /* ImageContainer.swift */ = {isa = PBXFileReference; fileEncoding = 4; lastKnownFileType = sourcecode.swift; path = ImageContainer.swift; sourceTree = "<group>"; };
		AD6470912B02247E00B275D4 /* ProgressBar.swift */ = {isa = PBXFileReference; fileEncoding = 4; lastKnownFileType = sourcecode.swift; name = ProgressBar.swift; path = BTProjects/Features/LearningModule/Components/ProgressBar.swift; sourceTree = SOURCE_ROOT; };
		AD751D282B01E852002B3033 /* BookView.swift */ = {isa = PBXFileReference; lastKnownFileType = sourcecode.swift; path = BookView.swift; sourceTree = "<group>"; };
		AD7551302AFE50F0006842B5 /* VideoPlayerController.swift */ = {isa = PBXFileReference; fileEncoding = 4; lastKnownFileType = sourcecode.swift; path = VideoPlayerController.swift; sourceTree = "<group>"; };
		AD75513D2AFFFBDF006842B5 /* PersistenceController.swift */ = {isa = PBXFileReference; fileEncoding = 4; lastKnownFileType = sourcecode.swift; path = PersistenceController.swift; sourceTree = "<group>"; };
		AD75513F2AFFFC48006842B5 /* BTProjectsApp.swift */ = {isa = PBXFileReference; fileEncoding = 4; lastKnownFileType = sourcecode.swift; path = BTProjectsApp.swift; sourceTree = "<group>"; };
		ADBE94182AEB5383008A1390 /* BTModel.xcdatamodel */ = {isa = PBXFileReference; lastKnownFileType = wrapper.xcdatamodel; path = BTModel.xcdatamodel; sourceTree = "<group>"; };
		ADBE941A2AF3744F008A1390 /* Constant.swift */ = {isa = PBXFileReference; lastKnownFileType = sourcecode.swift; path = Constant.swift; sourceTree = "<group>"; };
		ADBE941C2AFB42DF008A1390 /* DataFeedManager.swift */ = {isa = PBXFileReference; lastKnownFileType = sourcecode.swift; path = DataFeedManager.swift; sourceTree = "<group>"; };
		ADBE941E2AFB47C7008A1390 /* BookData.json */ = {isa = PBXFileReference; fileEncoding = 4; lastKnownFileType = text.json; path = BookData.json; sourceTree = "<group>"; };
		ADBE94242AFB51DE008A1390 /* CategoryData.json */ = {isa = PBXFileReference; fileEncoding = 4; lastKnownFileType = text.json; path = CategoryData.json; sourceTree = "<group>"; };
		ADBE94262AFB62F2008A1390 /* CodingUserInfoKeyExtention.swift */ = {isa = PBXFileReference; lastKnownFileType = sourcecode.swift; path = CodingUserInfoKeyExtention.swift; sourceTree = "<group>"; };
		ADBE94282AFB6360008A1390 /* Category.swift */ = {isa = PBXFileReference; lastKnownFileType = sourcecode.swift; path = Category.swift; sourceTree = "<group>"; };
		ADBE942A2AFB64DC008A1390 /* coreDataTestView.swift */ = {isa = PBXFileReference; lastKnownFileType = sourcecode.swift; path = coreDataTestView.swift; sourceTree = "<group>"; };
		ADBE942E2AFB8BB0008A1390 /* AppState.swift */ = {isa = PBXFileReference; lastKnownFileType = sourcecode.swift; path = AppState.swift; sourceTree = "<group>"; };
		ADBE944F2AFB8E35008A1390 /* ContentView.swift */ = {isa = PBXFileReference; lastKnownFileType = sourcecode.swift; path = ContentView.swift; sourceTree = "<group>"; };
		ADBE94552AFC88A7008A1390 /* Book.swift */ = {isa = PBXFileReference; lastKnownFileType = sourcecode.swift; path = Book.swift; sourceTree = "<group>"; };
		ADBE94572AFCB6F7008A1390 /* StoryPage.swift */ = {isa = PBXFileReference; lastKnownFileType = sourcecode.swift; path = StoryPage.swift; sourceTree = "<group>"; };
		ADBE94592AFCB732008A1390 /* Question.swift */ = {isa = PBXFileReference; lastKnownFileType = sourcecode.swift; path = Question.swift; sourceTree = "<group>"; };
		ADBE945B2AFCB752008A1390 /* Answer.swift */ = {isa = PBXFileReference; lastKnownFileType = sourcecode.swift; path = Answer.swift; sourceTree = "<group>"; };
		ADBE945D2AFCB781008A1390 /* Word.swift */ = {isa = PBXFileReference; lastKnownFileType = sourcecode.swift; path = Word.swift; sourceTree = "<group>"; };
		ADE3CFA12AE3ADA000CED0DD /* BTProjects.app */ = {isa = PBXFileReference; explicitFileType = wrapper.application; includeInIndex = 0; path = BTProjects.app; sourceTree = BUILT_PRODUCTS_DIR; };
		ADE3CFA62AE3ADA000CED0DD /* LearningModuleView.swift */ = {isa = PBXFileReference; lastKnownFileType = sourcecode.swift; path = LearningModuleView.swift; sourceTree = "<group>"; };
		ADE3CFA82AE3ADA200CED0DD /* Assets.xcassets */ = {isa = PBXFileReference; lastKnownFileType = folder.assetcatalog; path = Assets.xcassets; sourceTree = "<group>"; };
		ADE3CFAB2AE3ADA200CED0DD /* Preview Assets.xcassets */ = {isa = PBXFileReference; lastKnownFileType = folder.assetcatalog; path = "Preview Assets.xcassets"; sourceTree = "<group>"; };
		ADE3CFB92AE3AE9D00CED0DD /* Prompt.swift */ = {isa = PBXFileReference; lastKnownFileType = sourcecode.swift; path = Prompt.swift; sourceTree = "<group>"; };
		ADE3CFBB2AE3AEBE00CED0DD /* Error.swift */ = {isa = PBXFileReference; lastKnownFileType = sourcecode.swift; path = Error.swift; sourceTree = "<group>"; };
		ADE3CFC52AE3AF9600CED0DD /* AppColor.swift */ = {isa = PBXFileReference; lastKnownFileType = sourcecode.swift; path = AppColor.swift; sourceTree = "<group>"; };
		D444C2CF2B00A2A50001E36A /* Ribbon.swift */ = {isa = PBXFileReference; lastKnownFileType = sourcecode.swift; path = Ribbon.swift; sourceTree = "<group>"; };
		D46180C32AFB60DD00370DD3 /* VideoPlayerController.swift */ = {isa = PBXFileReference; lastKnownFileType = sourcecode.swift; path = VideoPlayerController.swift; sourceTree = "<group>"; };
		D46180CF2AFB6D6400370DD3 /* CustomButtonStyle.swift */ = {isa = PBXFileReference; lastKnownFileType = sourcecode.swift; path = CustomButtonStyle.swift; sourceTree = "<group>"; };
		D4B3F3792B00A1CD008F105F /* MenuView.swift */ = {isa = PBXFileReference; lastKnownFileType = sourcecode.swift; path = MenuView.swift; sourceTree = "<group>"; };
		D4B3F37B2B00A264008F105F /* ThumbnailPage.swift */ = {isa = PBXFileReference; lastKnownFileType = sourcecode.swift; path = ThumbnailPage.swift; sourceTree = "<group>"; };
		D4C515FB2AFA17F5001A97E5 /* WordSummary.swift */ = {isa = PBXFileReference; lastKnownFileType = sourcecode.swift; path = WordSummary.swift; sourceTree = "<group>"; };
		D4D67FB52AFCBAB400659E03 /* Image3DContainer.swift */ = {isa = PBXFileReference; lastKnownFileType = sourcecode.swift; path = Image3DContainer.swift; sourceTree = "<group>"; };
		D4F8353B2B0231CC009CB48B /* Header.swift */ = {isa = PBXFileReference; lastKnownFileType = sourcecode.swift; path = Header.swift; sourceTree = "<group>"; };
		D4F8353D2B023B32009CB48B /* ConnectImagesView.swift */ = {isa = PBXFileReference; lastKnownFileType = sourcecode.swift; path = ConnectImagesView.swift; sourceTree = "<group>"; };
		D4F8353F2B02423D009CB48B /* Footer.swift */ = {isa = PBXFileReference; lastKnownFileType = sourcecode.swift; path = Footer.swift; sourceTree = "<group>"; };
		D4FE434B2AF89EED00952948 /* CategoryMenu.swift */ = {isa = PBXFileReference; lastKnownFileType = sourcecode.swift; path = CategoryMenu.swift; sourceTree = "<group>"; };
		D4FE434D2AF8D31800952948 /* StoryBookPerCategory.swift */ = {isa = PBXFileReference; lastKnownFileType = sourcecode.swift; path = StoryBookPerCategory.swift; sourceTree = "<group>"; };
		D4FE9D862AF358CE000DAFEB /* HomeView.swift */ = {isa = PBXFileReference; lastKnownFileType = sourcecode.swift; path = HomeView.swift; sourceTree = "<group>"; };
		D4FE9D8A2AF36B19000DAFEB /* HomeHeader.swift */ = {isa = PBXFileReference; lastKnownFileType = sourcecode.swift; path = HomeHeader.swift; sourceTree = "<group>"; };
		D4FE9D902AF36EC0000DAFEB /* RoundedCorner.swift */ = {isa = PBXFileReference; lastKnownFileType = sourcecode.swift; path = RoundedCorner.swift; sourceTree = "<group>"; };
/* End PBXFileReference section */

/* Begin PBXFrameworksBuildPhase section */
		ADE3CF9E2AE3ADA000CED0DD /* Frameworks */ = {
			isa = PBXFrameworksBuildPhase;
			buildActionMask = 2147483647;
			files = (
				AD75513C2AFFFA16006842B5 /* Lottie in Frameworks */,
			);
			runOnlyForDeploymentPostprocessing = 0;
		};
/* End PBXFrameworksBuildPhase section */

/* Begin PBXGroup section */
		05025D472AE77FB200178653 /* Fonts */ = {
			isa = PBXGroup;
			children = (
				05025D4C2AE77FD100178653 /* Fredoka-Bold.ttf */,
				05025D482AE77FD100178653 /* Fredoka-Light.ttf */,
				05025D4B2AE77FD100178653 /* Fredoka-Medium.ttf */,
				05025D492AE77FD100178653 /* Fredoka-Regular.ttf */,
				05025D4A2AE77FD100178653 /* Fredoka-SemiBold.ttf */,
			);
			path = Fonts;
			sourceTree = "<group>";
		};
		055ED2452B007225000896E7 /* StoryCover */ = {
			isa = PBXGroup;
			children = (
				055ED2462B007241000896E7 /* StoryCoverBackground.swift */,
				055ED2482B0072AB000896E7 /* StoryCoverBook.swift */,
				05803EB62B007F4200F7555A /* StoryCoverContent.swift */,
			);
			path = StoryCover;
			sourceTree = "<group>";
		};
		057EDDE02AFB9D1A00A85B51 /* Lottie */ = {
			isa = PBXGroup;
			children = (
				057EDDE12AFB9D2500A85B51 /* LottieView.swift */,
			);
			path = Lottie;
			sourceTree = "<group>";
		};
		057EDDE32AFB9D4E00A85B51 /* Animations */ = {
			isa = PBXGroup;
			children = (
				057EDDE62AFB9E2A00A85B51 /* correct.json */,
			);
			path = Animations;
			sourceTree = "<group>";
		};
		057EDDE82AFC7B2A00A85B51 /* CaseFlow */ = {
			isa = PBXGroup;
			children = (
				057EDDE92AFC7B7400A85B51 /* ExitState.swift */,
				057EDDEB2AFC831200A85B51 /* CorrectState.swift */,
			);
			path = CaseFlow;
			sourceTree = "<group>";
		};
		057EDDED2AFC8A4000A85B51 /* MultipleChoice */ = {
			isa = PBXGroup;
			children = (
				057EDDEE2AFC8A5000A85B51 /* MultipleChoiceVideo.swift */,
				057EDDF02AFC8B7500A85B51 /* MultipleChoiceBackground.swift */,
				057EDDF22AFC8BB900A85B51 /* MultipleChoiceImage.swift */,
				057EDDF62AFC8C8F00A85B51 /* MultipleChoiceTopBar.swift */,
				057EDDF82AFC8CA300A85B51 /* MultipleChoiceProgressBar.swift */,
				057EDDFA2AFC8D6300A85B51 /* MultipleChoiceQuestion.swift */,
				057EDDFE2AFC8DFA00A85B51 /* MultipleChoiceBottomBar.swift */,
				057EDDFC2AFC8DCF00A85B51 /* MultipleChoiceAnswers.swift */,
				057EDE022AFE30A600A85B51 /* MultipleCardChoice.swift */,
			);
			path = MultipleChoice;
			sourceTree = "<group>";
		};
		057EDE042AFE322000A85B51 /* TripleChoice */ = {
			isa = PBXGroup;
			children = (
				057EDE072AFE323E00A85B51 /* TripleChoiceBackground.swift */,
				057EDE092AFE325E00A85B51 /* TripleChoiceProgressBar.swift */,
				057EDE0B2AFE327E00A85B51 /* TripleChoiceVideo.swift */,
				057EDE0D2AFE32FE00A85B51 /* TripleChoiceQuestion.swift */,
				057EDE112AFE336200A85B51 /* TripleChoiceTopBar.swift */,
				057EDE132AFE33FC00A85B51 /* TripleChoiceAnswers.swift */,
				057EDE152AFE346F00A85B51 /* TripleChoiceBottomBar.swift */,
				057EDE172AFE37A200A85B51 /* TripleCardChoice.swift */,
			);
			path = TripleChoice;
			sourceTree = "<group>";
		};
		0596F83A2AFB724400328297 /* Camera */ = {
			isa = PBXGroup;
			children = (
				0596F83B2AFB728500328297 /* ARSCNCameraView.swift */,
				0596F83D2AFB72C900328297 /* ARSCNCameraContainer.swift */,
			);
			path = Camera;
			sourceTree = "<group>";
		};
		059ED8352AFA129C00AB7630 /* Components */ = {
			isa = PBXGroup;
			children = (
				D4F8353B2B0231CC009CB48B /* Header.swift */,
				D4F8353F2B02423D009CB48B /* Footer.swift */,
				AD6470912B02247E00B275D4 /* ProgressBar.swift */,
				D4C515FA2AFA17D5001A97E5 /* WordSummary */,
				AD6470902B02241B00B275D4 /* StoryMenu */,
				D42466022AFB7B5E0029D229 /* ConnectImages */,
				055ED2452B007225000896E7 /* StoryCover */,
				057EDE042AFE322000A85B51 /* TripleChoice */,
				057EDDED2AFC8A4000A85B51 /* MultipleChoice */,
				057EDDE82AFC7B2A00A85B51 /* CaseFlow */,
				059ED8482AFA15EA00AB7630 /* Tirukan */,
				059ED8362AFA129C00AB7630 /* Story */,
			);
			path = Components;
			sourceTree = "<group>";
		};
		059ED8362AFA129C00AB7630 /* Story */ = {
			isa = PBXGroup;
			children = (
				059ED8392AFA129C00AB7630 /* StoryVideo.swift */,
				059ED83A2AFA129C00AB7630 /* StoryText.swift */,
				059ED83C2AFA129C00AB7630 /* StoryBackground.swift */,
			);
			path = Story;
			sourceTree = "<group>";
		};
		059ED8432AFA133B00AB7630 /* Video */ = {
			isa = PBXGroup;
			children = (
				059ED8442AFA133B00AB7630 /* E_Bisindo.mp4 */,
				059ED8452AFA133B00AB7630 /* dummy.mp4 */,
			);
			path = Video;
			sourceTree = "<group>";
		};
		059ED8482AFA15EA00AB7630 /* Tirukan */ = {
			isa = PBXGroup;
			children = (
				059ED8492AFA15FE00AB7630 /* TirukanTopBar.swift */,
				059ED84B2AFA168300AB7630 /* TirukanBackground.swift */,
				059ED84D2AFA173400AB7630 /* TirukanText.swift */,
				059ED84F2AFA180500AB7630 /* TirukanVideo.swift */,
				059ED8512AFA186200AB7630 /* TirukanBottomBar.swift */,
				059ED8532AFA1A4B00AB7630 /* TirukanCamera.swift */,
				0596F83F2AFB74EC00328297 /* TirukanProgress.swift */,
				057EDDDB2AFB939000A85B51 /* TirukanCorrect.swift */,
			);
			path = Tirukan;
			sourceTree = "<group>";
		};
		05D0460D2AF8F2540029D747 /* VideoPlayer */ = {
			isa = PBXGroup;
			children = (
				AD7551302AFE50F0006842B5 /* VideoPlayerController.swift */,
			);
			path = VideoPlayer;
			sourceTree = "<group>";
		};
		AD4D95602AFE28110035E006 /* ViewModel */ = {
			isa = PBXGroup;
			children = (
				AD4D95732AFE45AA0035E006 /* HomeViewModel.swift */,
			);
			path = ViewModel;
			sourceTree = "<group>";
		};
		AD64708E2B01EF8C00B275D4 /* Recovered References */ = {
			isa = PBXGroup;
			children = (
				D4FE434B2AF89EED00952948 /* CategoryMenu.swift */,
				D4FE434D2AF8D31800952948 /* StoryBookPerCategory.swift */,
				D4FE9D862AF358CE000DAFEB /* HomeView.swift */,
				D46180C32AFB60DD00370DD3 /* VideoPlayerController.swift */,
				D4D67FB52AFCBAB400659E03 /* Image3DContainer.swift */,
				D4FE9D8A2AF36B19000DAFEB /* HomeHeader.swift */,
				D4C515FB2AFA17F5001A97E5 /* WordSummary.swift */,
			);
			name = "Recovered References";
			sourceTree = "<group>";
		};
		AD6470902B02241B00B275D4 /* StoryMenu */ = {
			isa = PBXGroup;
			children = (
				D4B3F37B2B00A264008F105F /* ThumbnailPage.swift */,
				D444C2CF2B00A2A50001E36A /* Ribbon.swift */,
			);
			path = StoryMenu;
			sourceTree = "<group>";
		};
		ADBE94202AFB47CB008A1390 /* Json */ = {
			isa = PBXGroup;
			children = (
				ADBE94242AFB51DE008A1390 /* CategoryData.json */,
				ADBE941E2AFB47C7008A1390 /* BookData.json */,
			);
			path = Json;
			sourceTree = "<group>";
		};
		ADBE94212AFB4E1E008A1390 /* Models */ = {
			isa = PBXGroup;
			children = (
				ADBE94282AFB6360008A1390 /* Category.swift */,
				ADBE94552AFC88A7008A1390 /* Book.swift */,
				ADBE94572AFCB6F7008A1390 /* StoryPage.swift */,
				ADBE94592AFCB732008A1390 /* Question.swift */,
				ADBE945B2AFCB752008A1390 /* Answer.swift */,
				ADBE945D2AFCB781008A1390 /* Word.swift */,
			);
			path = Models;
			sourceTree = "<group>";
		};
		ADE3CF982AE3ADA000CED0DD = {
			isa = PBXGroup;
			children = (
				ADE3CFA32AE3ADA000CED0DD /* BTProjects */,
				ADE3CFA22AE3ADA000CED0DD /* Products */,
				AD64708E2B01EF8C00B275D4 /* Recovered References */,
			);
			sourceTree = "<group>";
		};
		ADE3CFA22AE3ADA000CED0DD /* Products */ = {
			isa = PBXGroup;
			children = (
				ADE3CFA12AE3ADA000CED0DD /* BTProjects.app */,
			);
			name = Products;
			sourceTree = "<group>";
		};
		ADE3CFA32AE3ADA000CED0DD /* BTProjects */ = {
			isa = PBXGroup;
			children = (
				05025D522AE77FDE00178653 /* Info.plist */,
				ADE3CFB22AE3ADEF00CED0DD /* Application */,
				ADE3CFB32AE3AE1F00CED0DD /* Core */,
				ADE3CFC92AE3B02F00CED0DD /* Features */,
				ADE3CFAA2AE3ADA200CED0DD /* Preview Content */,
			);
			path = BTProjects;
			sourceTree = "<group>";
		};
		ADE3CFAA2AE3ADA200CED0DD /* Preview Content */ = {
			isa = PBXGroup;
			children = (
				ADE3CFAB2AE3ADA200CED0DD /* Preview Assets.xcassets */,
			);
			path = "Preview Content";
			sourceTree = "<group>";
		};
		ADE3CFB22AE3ADEF00CED0DD /* Application */ = {
			isa = PBXGroup;
			children = (
				AD75513F2AFFFC48006842B5 /* BTProjectsApp.swift */,
				ADBE944F2AFB8E35008A1390 /* ContentView.swift */,
				ADBE942E2AFB8BB0008A1390 /* AppState.swift */,
			);
			path = Application;
			sourceTree = "<group>";
		};
		ADE3CFB32AE3AE1F00CED0DD /* Core */ = {
			isa = PBXGroup;
			children = (
				ADE3CFB42AE3AE2F00CED0DD /* Constants */,
				ADE3CFB52AE3AE3800CED0DD /* Resources */,
				ADE3CFB62AE3AE4000CED0DD /* Utilities */,
				ADE3CFB72AE3AE4F00CED0DD /* Themes */,
				ADE3CFB82AE3AE5700CED0DD /* Extension */,
			);
			path = Core;
			sourceTree = "<group>";
		};
		ADE3CFB42AE3AE2F00CED0DD /* Constants */ = {
			isa = PBXGroup;
			children = (
				ADE3CFB92AE3AE9D00CED0DD /* Prompt.swift */,
				ADE3CFBB2AE3AEBE00CED0DD /* Error.swift */,
				ADBE941A2AF3744F008A1390 /* Constant.swift */,
			);
			path = Constants;
			sourceTree = "<group>";
		};
		ADE3CFB52AE3AE3800CED0DD /* Resources */ = {
			isa = PBXGroup;
			children = (
				057EDDE32AFB9D4E00A85B51 /* Animations */,
				059ED8432AFA133B00AB7630 /* Video */,
				D46180CC2AFB64FB00370DD3 /* Video */,
				ADBE94202AFB47CB008A1390 /* Json */,
				05025D472AE77FB200178653 /* Fonts */,
				ADE3CFA82AE3ADA200CED0DD /* Assets.xcassets */,
			);
			path = Resources;
			sourceTree = "<group>";
		};
		ADE3CFB62AE3AE4000CED0DD /* Utilities */ = {
			isa = PBXGroup;
			children = (
				057EDDE02AFB9D1A00A85B51 /* Lottie */,
				0596F83A2AFB724400328297 /* Camera */,
				05D0460D2AF8F2540029D747 /* VideoPlayer */,
				ADE3CFC02AE3AF4C00CED0DD /* CoreData */,
			);
			path = Utilities;
			sourceTree = "<group>";
		};
		ADE3CFB72AE3AE4F00CED0DD /* Themes */ = {
			isa = PBXGroup;
			children = (
				ADE3CFC32AE3AF6E00CED0DD /* Presenters */,
				ADE3CFC42AE3AF8000CED0DD /* Colors */,
			);
			path = Themes;
			sourceTree = "<group>";
		};
		ADE3CFB82AE3AE5700CED0DD /* Extension */ = {
			isa = PBXGroup;
			children = (
				05025D532AE7817E00178653 /* ExtensionColors.swift */,
				D4FE9D902AF36EC0000DAFEB /* RoundedCorner.swift */,
				05025D552AE78AE200178653 /* ExtensionFonts.swift */,
				D46180CF2AFB6D6400370DD3 /* CustomButtonStyle.swift */,
				ADBE94262AFB62F2008A1390 /* CodingUserInfoKeyExtention.swift */,
			);
			path = Extension;
			sourceTree = "<group>";
		};
		ADE3CFC02AE3AF4C00CED0DD /* CoreData */ = {
			isa = PBXGroup;
			children = (
				AD75513D2AFFFBDF006842B5 /* PersistenceController.swift */,
				ADBE94172AEB5383008A1390 /* BTModel.xcdatamodeld */,
				ADBE941C2AFB42DF008A1390 /* DataFeedManager.swift */,
				ADBE94212AFB4E1E008A1390 /* Models */,
			);
			path = CoreData;
			sourceTree = "<group>";
		};
		ADE3CFC32AE3AF6E00CED0DD /* Presenters */ = {
			isa = PBXGroup;
			children = (
				ADE3CFC82AE3AFD100CED0DD /* Components */,
				ADE3CFC72AE3AFC800CED0DD /* Views */,
			);
			path = Presenters;
			sourceTree = "<group>";
		};
		ADE3CFC42AE3AF8000CED0DD /* Colors */ = {
			isa = PBXGroup;
			children = (
				ADE3CFC52AE3AF9600CED0DD /* AppColor.swift */,
			);
			path = Colors;
			sourceTree = "<group>";
		};
		ADE3CFC72AE3AFC800CED0DD /* Views */ = {
			isa = PBXGroup;
			children = (
				ADBE942A2AFB64DC008A1390 /* coreDataTestView.swift */,
			);
			path = Views;
			sourceTree = "<group>";
		};
		ADE3CFC82AE3AFD100CED0DD /* Components */ = {
			isa = PBXGroup;
			children = (
			);
			path = Components;
			sourceTree = "<group>";
		};
		ADE3CFC92AE3B02F00CED0DD /* Features */ = {
			isa = PBXGroup;
			children = (
				ADE3CFCA2AE3B05B00CED0DD /* LearningModule */,
				D4FE9D882AF36ACA000DAFEB /* Home */,
			);
			path = Features;
			sourceTree = "<group>";
		};
		ADE3CFCA2AE3B05B00CED0DD /* LearningModule */ = {
			isa = PBXGroup;
			children = (
				ADE3CFCC2AE3B08200CED0DD /* ViewModels */,
				ADE3CFCE2AE3B0A500CED0DD /* Views */,
				059ED8352AFA129C00AB7630 /* Components */,
			);
			path = LearningModule;
			sourceTree = "<group>";
		};
		ADE3CFCC2AE3B08200CED0DD /* ViewModels */ = {
			isa = PBXGroup;
			children = (
			);
			path = ViewModels;
			sourceTree = "<group>";
		};
		ADE3CFCE2AE3B0A500CED0DD /* Views */ = {
			isa = PBXGroup;
			children = (
				AD4D95752AFE45B40035E006 /* WordSummary.swift */,
				D4B3F3792B00A1CD008F105F /* MenuView.swift */,
				05D046102AF8F26B0029D747 /* StoryView.swift */,
				D4F8353D2B023B32009CB48B /* ConnectImagesView.swift */,
				ADE3CFA62AE3ADA000CED0DD /* LearningModuleView.swift */,
				059ED8332AFA126B00AB7630 /* TirukanView.swift */,
				057EDDF42AFC8C4600A85B51 /* MultipleChoiceView.swift */,
				057EDE0F2AFE332900A85B51 /* TripleChoiceView.swift */,
				055ED2422B00711C000896E7 /* BookCoverView.swift */,
				AD751D282B01E852002B3033 /* BookView.swift */,
			);
			path = Views;
			sourceTree = "<group>";
		};
		D42466022AFB7B5E0029D229 /* ConnectImages */ = {
			isa = PBXGroup;
			children = (
				AD4D958A2AFE46D10035E006 /* Image3DContainer.swift */,
				AD4D958B2AFE46D10035E006 /* ImageContainer.swift */,
			);
			path = ConnectImages;
			sourceTree = "<group>";
		};
		D46180CC2AFB64FB00370DD3 /* Video */ = {
			isa = PBXGroup;
			children = (
				AD4D957E2AFE45D80035E006 /* dummy.mp4 */,
				AD4D957D2AFE45D80035E006 /* E_Bisindo.mp4 */,
			);
			path = Video;
			sourceTree = "<group>";
		};
		D4C515FA2AFA17D5001A97E5 /* WordSummary */ = {
			isa = PBXGroup;
			children = (
				AD4D95772AFE45C10035E006 /* SummaryHeader.swift */,
				AD4D95782AFE45C10035E006 /* SummaryVideo.swift */,
			);
			path = WordSummary;
			sourceTree = "<group>";
		};
		D4FE9D882AF36ACA000DAFEB /* Home */ = {
			isa = PBXGroup;
			children = (
				AD4D95602AFE28110035E006 /* ViewModel */,
				D4FE9D892AF36AEE000DAFEB /* Views */,
				D4FE9D8D2AF36B98000DAFEB /* Components */,
			);
			path = Home;
			sourceTree = "<group>";
		};
		D4FE9D892AF36AEE000DAFEB /* Views */ = {
			isa = PBXGroup;
			children = (
				AD4D956D2AFE456B0035E006 /* HomeView.swift */,
			);
			path = Views;
			sourceTree = "<group>";
		};
		D4FE9D8D2AF36B98000DAFEB /* Components */ = {
			isa = PBXGroup;
			children = (
				AD4D95642AFE45420035E006 /* CategoryButton.swift */,
				AD4D95652AFE45420035E006 /* CategoryMenu.swift */,
				AD4D95662AFE45420035E006 /* CategorySelection.swift */,
				AD4D95612AFE45420035E006 /* HomeHeader.swift */,
				AD4D95632AFE45420035E006 /* StoryBook.swift */,
				AD4D95622AFE45420035E006 /* StoryBookPerCategory.swift */,
			);
			path = Components;
			sourceTree = "<group>";
		};
/* End PBXGroup section */

/* Begin PBXNativeTarget section */
		ADE3CFA02AE3ADA000CED0DD /* BTProjects */ = {
			isa = PBXNativeTarget;
			buildConfigurationList = ADE3CFAF2AE3ADA200CED0DD /* Build configuration list for PBXNativeTarget "BTProjects" */;
			buildPhases = (
				ADE3CF9D2AE3ADA000CED0DD /* Sources */,
				ADE3CF9E2AE3ADA000CED0DD /* Frameworks */,
				ADE3CF9F2AE3ADA000CED0DD /* Resources */,
			);
			buildRules = (
			);
			dependencies = (
			);
			name = BTProjects;
			packageProductDependencies = (
				AD75513B2AFFFA16006842B5 /* Lottie */,
			);
			productName = BTProjects;
			productReference = ADE3CFA12AE3ADA000CED0DD /* BTProjects.app */;
			productType = "com.apple.product-type.application";
		};
/* End PBXNativeTarget section */

/* Begin PBXProject section */
		ADE3CF992AE3ADA000CED0DD /* Project object */ = {
			isa = PBXProject;
			attributes = {
				BuildIndependentTargetsInParallel = 1;
				LastSwiftUpdateCheck = 1500;
				LastUpgradeCheck = 1500;
				TargetAttributes = {
					ADE3CFA02AE3ADA000CED0DD = {
						CreatedOnToolsVersion = 15.0;
					};
				};
			};
			buildConfigurationList = ADE3CF9C2AE3ADA000CED0DD /* Build configuration list for PBXProject "BTProjects" */;
			compatibilityVersion = "Xcode 14.0";
			developmentRegion = en;
			hasScannedForEncodings = 0;
			knownRegions = (
				en,
				Base,
			);
			mainGroup = ADE3CF982AE3ADA000CED0DD;
			packageReferences = (
				AD75513A2AFFFA16006842B5 /* XCRemoteSwiftPackageReference "lottie-spm" */,
			);
			productRefGroup = ADE3CFA22AE3ADA000CED0DD /* Products */;
			projectDirPath = "";
			projectRoot = "";
			targets = (
				ADE3CFA02AE3ADA000CED0DD /* BTProjects */,
			);
		};
/* End PBXProject section */

/* Begin PBXResourcesBuildPhase section */
		ADE3CF9F2AE3ADA000CED0DD /* Resources */ = {
			isa = PBXResourcesBuildPhase;
			buildActionMask = 2147483647;
			files = (
				059ED8462AFA133B00AB7630 /* E_Bisindo.mp4 in Resources */,
				ADE3CFAC2AE3ADA200CED0DD /* Preview Assets.xcassets in Resources */,
				ADBE94252AFB51DE008A1390 /* CategoryData.json in Resources */,
				ADBE941F2AFB47C7008A1390 /* BookData.json in Resources */,
				05025D4F2AE77FD100178653 /* Fredoka-SemiBold.ttf in Resources */,
				057EDDE72AFB9E2A00A85B51 /* correct.json in Resources */,
				05025D4D2AE77FD100178653 /* Fredoka-Light.ttf in Resources */,
				05025D4E2AE77FD100178653 /* Fredoka-Regular.ttf in Resources */,
				05025D512AE77FD100178653 /* Fredoka-Bold.ttf in Resources */,
				05025D502AE77FD100178653 /* Fredoka-Medium.ttf in Resources */,
				059ED8472AFA133B00AB7630 /* dummy.mp4 in Resources */,
				ADE3CFA92AE3ADA200CED0DD /* Assets.xcassets in Resources */,
			);
			runOnlyForDeploymentPostprocessing = 0;
		};
/* End PBXResourcesBuildPhase section */

/* Begin PBXSourcesBuildPhase section */
		ADE3CF9D2AE3ADA000CED0DD /* Sources */ = {
			isa = PBXSourcesBuildPhase;
			buildActionMask = 2147483647;
			files = (
				059ED8422AFA129C00AB7630 /* StoryBackground.swift in Sources */,
				057EDE142AFE33FC00A85B51 /* TripleChoiceAnswers.swift in Sources */,
				057EDE0E2AFE32FE00A85B51 /* TripleChoiceQuestion.swift in Sources */,
				D4F8353E2B023B32009CB48B /* ConnectImagesView.swift in Sources */,
				057EDDFD2AFC8DCF00A85B51 /* MultipleChoiceAnswers.swift in Sources */,
				057EDDF32AFC8BB900A85B51 /* MultipleChoiceImage.swift in Sources */,
				057EDE122AFE336200A85B51 /* TripleChoiceTopBar.swift in Sources */,
				05D046112AF8F26B0029D747 /* StoryView.swift in Sources */,
				059ED8402AFA129C00AB7630 /* StoryText.swift in Sources */,
				AD7551312AFE50F0006842B5 /* VideoPlayerController.swift in Sources */,
				059ED8542AFA1A4B00AB7630 /* TirukanCamera.swift in Sources */,
				0596F83E2AFB72C900328297 /* ARSCNCameraContainer.swift in Sources */,
				AD7551402AFFFC48006842B5 /* BTProjectsApp.swift in Sources */,
				D4F8353C2B0231CC009CB48B /* Header.swift in Sources */,
				ADBE942B2AFB64DC008A1390 /* coreDataTestView.swift in Sources */,
				ADBE941D2AFB42DF008A1390 /* DataFeedManager.swift in Sources */,
				ADBE945C2AFCB752008A1390 /* Answer.swift in Sources */,
				055ED2492B0072AB000896E7 /* StoryCoverBook.swift in Sources */,
				AD4D956F2AFE456B0035E006 /* HomeView.swift in Sources */,
				AD4D95672AFE45420035E006 /* HomeHeader.swift in Sources */,
				ADE3CFA72AE3ADA000CED0DD /* LearningModuleView.swift in Sources */,
				AD4D956A2AFE45420035E006 /* CategoryButton.swift in Sources */,
				AD4D957A2AFE45C10035E006 /* SummaryVideo.swift in Sources */,
				055ED2472B007241000896E7 /* StoryCoverBackground.swift in Sources */,
				D4F835402B02423D009CB48B /* Footer.swift in Sources */,
				D4FE9D912AF36EC0000DAFEB /* RoundedCorner.swift in Sources */,
				D4B3F37A2B00A1CD008F105F /* MenuView.swift in Sources */,
				D46180D02AFB6D6400370DD3 /* CustomButtonStyle.swift in Sources */,
				AD6470922B02247E00B275D4 /* ProgressBar.swift in Sources */,
				059ED84A2AFA15FE00AB7630 /* TirukanTopBar.swift in Sources */,
				057EDDE22AFB9D2500A85B51 /* LottieView.swift in Sources */,
				059ED8502AFA180500AB7630 /* TirukanVideo.swift in Sources */,
				0596F83C2AFB728500328297 /* ARSCNCameraView.swift in Sources */,
				057EDDF92AFC8CA300A85B51 /* MultipleChoiceProgressBar.swift in Sources */,
				AD4D95692AFE45420035E006 /* StoryBook.swift in Sources */,
				AD4D95762AFE45B40035E006 /* WordSummary.swift in Sources */,
				ADBE945A2AFCB732008A1390 /* Question.swift in Sources */,
				AD4D95792AFE45C10035E006 /* SummaryHeader.swift in Sources */,
				ADBE942F2AFB8BB0008A1390 /* AppState.swift in Sources */,
				AD4D95742AFE45AA0035E006 /* HomeViewModel.swift in Sources */,
				ADE3CFBA2AE3AE9D00CED0DD /* Prompt.swift in Sources */,
				057EDDF52AFC8C4600A85B51 /* MultipleChoiceView.swift in Sources */,
				057EDE162AFE346F00A85B51 /* TripleChoiceBottomBar.swift in Sources */,
				057EDDF12AFC8B7500A85B51 /* MultipleChoiceBackground.swift in Sources */,
				AD75513E2AFFFBDF006842B5 /* PersistenceController.swift in Sources */,
				05025D562AE78AE200178653 /* ExtensionFonts.swift in Sources */,
				057EDE082AFE323E00A85B51 /* TripleChoiceBackground.swift in Sources */,
				057EDDF72AFC8C8F00A85B51 /* MultipleChoiceTopBar.swift in Sources */,
				057EDE102AFE332900A85B51 /* TripleChoiceView.swift in Sources */,
				057EDDEA2AFC7B7400A85B51 /* ExitState.swift in Sources */,
				059ED8342AFA126B00AB7630 /* TirukanView.swift in Sources */,
				057EDDDC2AFB939000A85B51 /* TirukanCorrect.swift in Sources */,
				057EDDEC2AFC831200A85B51 /* CorrectState.swift in Sources */,
				055ED2432B00711C000896E7 /* BookCoverView.swift in Sources */,
				057EDE032AFE30A600A85B51 /* MultipleCardChoice.swift in Sources */,
				05803EB72B007F4200F7555A /* StoryCoverContent.swift in Sources */,
				057EDE182AFE37A200A85B51 /* TripleCardChoice.swift in Sources */,
				057EDDEF2AFC8A5000A85B51 /* MultipleChoiceVideo.swift in Sources */,
				057EDE0C2AFE327E00A85B51 /* TripleChoiceVideo.swift in Sources */,
				057EDE0A2AFE325E00A85B51 /* TripleChoiceProgressBar.swift in Sources */,
				059ED84E2AFA173400AB7630 /* TirukanText.swift in Sources */,
				059ED84C2AFA168300AB7630 /* TirukanBackground.swift in Sources */,
				0596F8402AFB74EC00328297 /* TirukanProgress.swift in Sources */,
				059ED8522AFA186200AB7630 /* TirukanBottomBar.swift in Sources */,
				057EDDFB2AFC8D6300A85B51 /* MultipleChoiceQuestion.swift in Sources */,
				059ED83F2AFA129C00AB7630 /* StoryVideo.swift in Sources */,
				AD751D292B01E852002B3033 /* BookView.swift in Sources */,
				057EDDFF2AFC8DFA00A85B51 /* MultipleChoiceBottomBar.swift in Sources */,
				AD4D956B2AFE45420035E006 /* CategoryMenu.swift in Sources */,
				ADBE94272AFB62F2008A1390 /* CodingUserInfoKeyExtention.swift in Sources */,
				ADBE94582AFCB6F7008A1390 /* StoryPage.swift in Sources */,
				D4B3F37C2B00A264008F105F /* ThumbnailPage.swift in Sources */,
				D444C2D02B00A2A50001E36A /* Ribbon.swift in Sources */,
				AD4D956C2AFE45420035E006 /* CategorySelection.swift in Sources */,
				AD4D95682AFE45420035E006 /* StoryBookPerCategory.swift in Sources */,
				ADBE941B2AF3744F008A1390 /* Constant.swift in Sources */,
				AD4D958D2AFE46D10035E006 /* ImageContainer.swift in Sources */,
				ADBE94502AFB8E35008A1390 /* ContentView.swift in Sources */,
				ADBE945E2AFCB781008A1390 /* Word.swift in Sources */,
				ADBE94562AFC88A7008A1390 /* Book.swift in Sources */,
				AD4D958C2AFE46D10035E006 /* Image3DContainer.swift in Sources */,
				05025D542AE7817E00178653 /* ExtensionColors.swift in Sources */,
				ADBE94192AEB5383008A1390 /* BTModel.xcdatamodeld in Sources */,
				ADBE94292AFB6360008A1390 /* Category.swift in Sources */,
			);
			runOnlyForDeploymentPostprocessing = 0;
		};
/* End PBXSourcesBuildPhase section */

/* Begin XCBuildConfiguration section */
		ADE3CFAD2AE3ADA200CED0DD /* Debug */ = {
			isa = XCBuildConfiguration;
			buildSettings = {
				ALWAYS_SEARCH_USER_PATHS = NO;
				ASSETCATALOG_COMPILER_GENERATE_SWIFT_ASSET_SYMBOL_EXTENSIONS = YES;
				CLANG_ANALYZER_NONNULL = YES;
				CLANG_ANALYZER_NUMBER_OBJECT_CONVERSION = YES_AGGRESSIVE;
				CLANG_CXX_LANGUAGE_STANDARD = "gnu++20";
				CLANG_ENABLE_MODULES = YES;
				CLANG_ENABLE_OBJC_ARC = YES;
				CLANG_ENABLE_OBJC_WEAK = YES;
				CLANG_WARN_BLOCK_CAPTURE_AUTORELEASING = YES;
				CLANG_WARN_BOOL_CONVERSION = YES;
				CLANG_WARN_COMMA = YES;
				CLANG_WARN_CONSTANT_CONVERSION = YES;
				CLANG_WARN_DEPRECATED_OBJC_IMPLEMENTATIONS = YES;
				CLANG_WARN_DIRECT_OBJC_ISA_USAGE = YES_ERROR;
				CLANG_WARN_DOCUMENTATION_COMMENTS = YES;
				CLANG_WARN_EMPTY_BODY = YES;
				CLANG_WARN_ENUM_CONVERSION = YES;
				CLANG_WARN_INFINITE_RECURSION = YES;
				CLANG_WARN_INT_CONVERSION = YES;
				CLANG_WARN_NON_LITERAL_NULL_CONVERSION = YES;
				CLANG_WARN_OBJC_IMPLICIT_RETAIN_SELF = YES;
				CLANG_WARN_OBJC_LITERAL_CONVERSION = YES;
				CLANG_WARN_OBJC_ROOT_CLASS = YES_ERROR;
				CLANG_WARN_QUOTED_INCLUDE_IN_FRAMEWORK_HEADER = YES;
				CLANG_WARN_RANGE_LOOP_ANALYSIS = YES;
				CLANG_WARN_STRICT_PROTOTYPES = YES;
				CLANG_WARN_SUSPICIOUS_MOVE = YES;
				CLANG_WARN_UNGUARDED_AVAILABILITY = YES_AGGRESSIVE;
				CLANG_WARN_UNREACHABLE_CODE = YES;
				CLANG_WARN__DUPLICATE_METHOD_MATCH = YES;
				COPY_PHASE_STRIP = NO;
				DEBUG_INFORMATION_FORMAT = dwarf;
				ENABLE_STRICT_OBJC_MSGSEND = YES;
				ENABLE_TESTABILITY = YES;
				ENABLE_USER_SCRIPT_SANDBOXING = YES;
				GCC_C_LANGUAGE_STANDARD = gnu17;
				GCC_DYNAMIC_NO_PIC = NO;
				GCC_NO_COMMON_BLOCKS = YES;
				GCC_OPTIMIZATION_LEVEL = 0;
				GCC_PREPROCESSOR_DEFINITIONS = (
					"DEBUG=1",
					"$(inherited)",
				);
				GCC_WARN_64_TO_32_BIT_CONVERSION = YES;
				GCC_WARN_ABOUT_RETURN_TYPE = YES_ERROR;
				GCC_WARN_UNDECLARED_SELECTOR = YES;
				GCC_WARN_UNINITIALIZED_AUTOS = YES_AGGRESSIVE;
				GCC_WARN_UNUSED_FUNCTION = YES;
				GCC_WARN_UNUSED_VARIABLE = YES;
				IPHONEOS_DEPLOYMENT_TARGET = 17.0;
				LOCALIZATION_PREFERS_STRING_CATALOGS = YES;
				MTL_ENABLE_DEBUG_INFO = INCLUDE_SOURCE;
				MTL_FAST_MATH = YES;
				ONLY_ACTIVE_ARCH = YES;
				SDKROOT = iphoneos;
				SWIFT_ACTIVE_COMPILATION_CONDITIONS = "DEBUG $(inherited)";
				SWIFT_OPTIMIZATION_LEVEL = "-Onone";
			};
			name = Debug;
		};
		ADE3CFAE2AE3ADA200CED0DD /* Release */ = {
			isa = XCBuildConfiguration;
			buildSettings = {
				ALWAYS_SEARCH_USER_PATHS = NO;
				ASSETCATALOG_COMPILER_GENERATE_SWIFT_ASSET_SYMBOL_EXTENSIONS = YES;
				CLANG_ANALYZER_NONNULL = YES;
				CLANG_ANALYZER_NUMBER_OBJECT_CONVERSION = YES_AGGRESSIVE;
				CLANG_CXX_LANGUAGE_STANDARD = "gnu++20";
				CLANG_ENABLE_MODULES = YES;
				CLANG_ENABLE_OBJC_ARC = YES;
				CLANG_ENABLE_OBJC_WEAK = YES;
				CLANG_WARN_BLOCK_CAPTURE_AUTORELEASING = YES;
				CLANG_WARN_BOOL_CONVERSION = YES;
				CLANG_WARN_COMMA = YES;
				CLANG_WARN_CONSTANT_CONVERSION = YES;
				CLANG_WARN_DEPRECATED_OBJC_IMPLEMENTATIONS = YES;
				CLANG_WARN_DIRECT_OBJC_ISA_USAGE = YES_ERROR;
				CLANG_WARN_DOCUMENTATION_COMMENTS = YES;
				CLANG_WARN_EMPTY_BODY = YES;
				CLANG_WARN_ENUM_CONVERSION = YES;
				CLANG_WARN_INFINITE_RECURSION = YES;
				CLANG_WARN_INT_CONVERSION = YES;
				CLANG_WARN_NON_LITERAL_NULL_CONVERSION = YES;
				CLANG_WARN_OBJC_IMPLICIT_RETAIN_SELF = YES;
				CLANG_WARN_OBJC_LITERAL_CONVERSION = YES;
				CLANG_WARN_OBJC_ROOT_CLASS = YES_ERROR;
				CLANG_WARN_QUOTED_INCLUDE_IN_FRAMEWORK_HEADER = YES;
				CLANG_WARN_RANGE_LOOP_ANALYSIS = YES;
				CLANG_WARN_STRICT_PROTOTYPES = YES;
				CLANG_WARN_SUSPICIOUS_MOVE = YES;
				CLANG_WARN_UNGUARDED_AVAILABILITY = YES_AGGRESSIVE;
				CLANG_WARN_UNREACHABLE_CODE = YES;
				CLANG_WARN__DUPLICATE_METHOD_MATCH = YES;
				COPY_PHASE_STRIP = NO;
				DEBUG_INFORMATION_FORMAT = "dwarf-with-dsym";
				ENABLE_NS_ASSERTIONS = NO;
				ENABLE_STRICT_OBJC_MSGSEND = YES;
				ENABLE_USER_SCRIPT_SANDBOXING = YES;
				GCC_C_LANGUAGE_STANDARD = gnu17;
				GCC_NO_COMMON_BLOCKS = YES;
				GCC_WARN_64_TO_32_BIT_CONVERSION = YES;
				GCC_WARN_ABOUT_RETURN_TYPE = YES_ERROR;
				GCC_WARN_UNDECLARED_SELECTOR = YES;
				GCC_WARN_UNINITIALIZED_AUTOS = YES_AGGRESSIVE;
				GCC_WARN_UNUSED_FUNCTION = YES;
				GCC_WARN_UNUSED_VARIABLE = YES;
				IPHONEOS_DEPLOYMENT_TARGET = 17.0;
				LOCALIZATION_PREFERS_STRING_CATALOGS = YES;
				MTL_ENABLE_DEBUG_INFO = NO;
				MTL_FAST_MATH = YES;
				SDKROOT = iphoneos;
				SWIFT_COMPILATION_MODE = wholemodule;
				VALIDATE_PRODUCT = YES;
			};
			name = Release;
		};
		ADE3CFB02AE3ADA200CED0DD /* Debug */ = {
			isa = XCBuildConfiguration;
			buildSettings = {
				ASSETCATALOG_COMPILER_APPICON_NAME = AppIcon;
				ASSETCATALOG_COMPILER_GLOBAL_ACCENT_COLOR_NAME = AccentColor;
				CODE_SIGN_STYLE = Automatic;
				CURRENT_PROJECT_VERSION = 1;
				DEVELOPMENT_ASSET_PATHS = "\"BTProjects/Preview Content\"";
				DEVELOPMENT_TEAM = AVMBLQT368;
				ENABLE_PREVIEWS = YES;
				GENERATE_INFOPLIST_FILE = YES;
				INFOPLIST_FILE = BTProjects/Info.plist;
				INFOPLIST_KEY_NSCameraUsageDescription = "Ensuring your privacy, the app uses the camera for sign language detection";
				INFOPLIST_KEY_UIApplicationSceneManifest_Generation = YES;
				INFOPLIST_KEY_UIApplicationSupportsIndirectInputEvents = YES;
				INFOPLIST_KEY_UILaunchScreen_Generation = YES;
				INFOPLIST_KEY_UISupportedInterfaceOrientations_iPad = "UIInterfaceOrientationPortrait UIInterfaceOrientationPortraitUpsideDown UIInterfaceOrientationLandscapeLeft UIInterfaceOrientationLandscapeRight";
				INFOPLIST_KEY_UISupportedInterfaceOrientations_iPhone = "UIInterfaceOrientationPortrait UIInterfaceOrientationLandscapeLeft UIInterfaceOrientationLandscapeRight";
				LD_RUNPATH_SEARCH_PATHS = (
					"$(inherited)",
					"@executable_path/Frameworks",
				);
				MARKETING_VERSION = 1.0;
				PRODUCT_BUNDLE_IDENTIFIER = com.bt6.BTProjects;
				PRODUCT_NAME = "$(TARGET_NAME)";
				SWIFT_EMIT_LOC_STRINGS = YES;
				SWIFT_VERSION = 5.0;
				TARGETED_DEVICE_FAMILY = "1,2";
			};
			name = Debug;
		};
		ADE3CFB12AE3ADA200CED0DD /* Release */ = {
			isa = XCBuildConfiguration;
			buildSettings = {
				ASSETCATALOG_COMPILER_APPICON_NAME = AppIcon;
				ASSETCATALOG_COMPILER_GLOBAL_ACCENT_COLOR_NAME = AccentColor;
				CODE_SIGN_STYLE = Automatic;
				CURRENT_PROJECT_VERSION = 1;
				DEVELOPMENT_ASSET_PATHS = "\"BTProjects/Preview Content\"";
				DEVELOPMENT_TEAM = AVMBLQT368;
				ENABLE_PREVIEWS = YES;
				GENERATE_INFOPLIST_FILE = YES;
				INFOPLIST_FILE = BTProjects/Info.plist;
				INFOPLIST_KEY_NSCameraUsageDescription = "Ensuring your privacy, the app uses the camera for sign language detection";
				INFOPLIST_KEY_UIApplicationSceneManifest_Generation = YES;
				INFOPLIST_KEY_UIApplicationSupportsIndirectInputEvents = YES;
				INFOPLIST_KEY_UILaunchScreen_Generation = YES;
				INFOPLIST_KEY_UISupportedInterfaceOrientations_iPad = "UIInterfaceOrientationPortrait UIInterfaceOrientationPortraitUpsideDown UIInterfaceOrientationLandscapeLeft UIInterfaceOrientationLandscapeRight";
				INFOPLIST_KEY_UISupportedInterfaceOrientations_iPhone = "UIInterfaceOrientationPortrait UIInterfaceOrientationLandscapeLeft UIInterfaceOrientationLandscapeRight";
				LD_RUNPATH_SEARCH_PATHS = (
					"$(inherited)",
					"@executable_path/Frameworks",
				);
				MARKETING_VERSION = 1.0;
				PRODUCT_BUNDLE_IDENTIFIER = com.bt6.BTProjects;
				PRODUCT_NAME = "$(TARGET_NAME)";
				SWIFT_EMIT_LOC_STRINGS = YES;
				SWIFT_VERSION = 5.0;
				TARGETED_DEVICE_FAMILY = "1,2";
			};
			name = Release;
		};
/* End XCBuildConfiguration section */

/* Begin XCConfigurationList section */
		ADE3CF9C2AE3ADA000CED0DD /* Build configuration list for PBXProject "BTProjects" */ = {
			isa = XCConfigurationList;
			buildConfigurations = (
				ADE3CFAD2AE3ADA200CED0DD /* Debug */,
				ADE3CFAE2AE3ADA200CED0DD /* Release */,
			);
			defaultConfigurationIsVisible = 0;
			defaultConfigurationName = Release;
		};
		ADE3CFAF2AE3ADA200CED0DD /* Build configuration list for PBXNativeTarget "BTProjects" */ = {
			isa = XCConfigurationList;
			buildConfigurations = (
				ADE3CFB02AE3ADA200CED0DD /* Debug */,
				ADE3CFB12AE3ADA200CED0DD /* Release */,
			);
			defaultConfigurationIsVisible = 0;
			defaultConfigurationName = Release;
		};
/* End XCConfigurationList section */

/* Begin XCRemoteSwiftPackageReference section */
		AD75513A2AFFFA16006842B5 /* XCRemoteSwiftPackageReference "lottie-spm" */ = {
			isa = XCRemoteSwiftPackageReference;
			repositoryURL = "https://github.com/airbnb/lottie-spm.git";
			requirement = {
				kind = upToNextMajorVersion;
				minimumVersion = 4.3.3;
			};
		};
/* End XCRemoteSwiftPackageReference section */

/* Begin XCSwiftPackageProductDependency section */
		AD75513B2AFFFA16006842B5 /* Lottie */ = {
			isa = XCSwiftPackageProductDependency;
			package = AD75513A2AFFFA16006842B5 /* XCRemoteSwiftPackageReference "lottie-spm" */;
			productName = Lottie;
		};
/* End XCSwiftPackageProductDependency section */

/* Begin XCVersionGroup section */
		ADBE94172AEB5383008A1390 /* BTModel.xcdatamodeld */ = {
			isa = XCVersionGroup;
			children = (
				ADBE94182AEB5383008A1390 /* BTModel.xcdatamodel */,
			);
			currentVersion = ADBE94182AEB5383008A1390 /* BTModel.xcdatamodel */;
			path = BTModel.xcdatamodeld;
			sourceTree = "<group>";
			versionGroupType = wrapper.xcdatamodel;
		};
/* End XCVersionGroup section */
	};
	rootObject = ADE3CF992AE3ADA000CED0DD /* Project object */;
}
